// !$*UTF8*$!
{
	archiveVersion = 1;
	classes = {
	};
	objectVersion = 46;
	objects = {

/* Begin PBXBuildFile section */
		5ADD857519465C790037A6D5 /* main.m in Sources */ = {isa = PBXBuildFile; fileRef = 5ADD857419465C790037A6D5 /* main.m */; };
		5ADD857819465C790037A6D5 /* AppDelegate.m in Sources */ = {isa = PBXBuildFile; fileRef = 5ADD857719465C790037A6D5 /* AppDelegate.m */; };
		5ADD857B19465C790037A6D5 /* RootViewController.m in Sources */ = {isa = PBXBuildFile; fileRef = 5ADD857A19465C790037A6D5 /* RootViewController.m */; };
		5ADD858119465C790037A6D5 /* SubviewsController.m in Sources */ = {isa = PBXBuildFile; fileRef = 5ADD858019465C790037A6D5 /* SubviewsController.m */; };
		5ADD858419465C790037A6D5 /* Main.storyboard in Resources */ = {isa = PBXBuildFile; fileRef = 5ADD858219465C790037A6D5 /* Main.storyboard */; };
		5ADD858619465C790037A6D5 /* Images.xcassets in Resources */ = {isa = PBXBuildFile; fileRef = 5ADD858519465C790037A6D5 /* Images.xcassets */; };
		5ADD859219465C790037A6D5 /* StrandTests.m in Sources */ = {isa = PBXBuildFile; fileRef = 5ADD859119465C790037A6D5 /* StrandTests.m */; };
		5ADD859E19465F520037A6D5 /* DFCameraViewController.m in Sources */ = {isa = PBXBuildFile; fileRef = 5ADD859C19465F520037A6D5 /* DFCameraViewController.m */; };
		5ADD85A219465F8E0037A6D5 /* DFGalleryWebViewController.m in Sources */ = {isa = PBXBuildFile; fileRef = 5ADD85A119465F8E0037A6D5 /* DFGalleryWebViewController.m */; };
/* End PBXBuildFile section */

/* Begin PBXContainerItemProxy section */
		5ADD858C19465C790037A6D5 /* PBXContainerItemProxy */ = {
			isa = PBXContainerItemProxy;
			containerPortal = 5ADD856719465C790037A6D5 /* Project object */;
			proxyType = 1;
			remoteGlobalIDString = 5ADD856E19465C790037A6D5;
			remoteInfo = Strand;
		};
/* End PBXContainerItemProxy section */

/* Begin PBXFileReference section */
		5ADD856F19465C790037A6D5 /* Strand.app */ = {isa = PBXFileReference; explicitFileType = wrapper.application; includeInIndex = 0; path = Strand.app; sourceTree = BUILT_PRODUCTS_DIR; };
		5ADD857319465C790037A6D5 /* Info.plist */ = {isa = PBXFileReference; lastKnownFileType = text.plist.xml; path = Info.plist; sourceTree = "<group>"; };
		5ADD857419465C790037A6D5 /* main.m */ = {isa = PBXFileReference; lastKnownFileType = sourcecode.c.objc; path = main.m; sourceTree = "<group>"; };
		5ADD857619465C790037A6D5 /* AppDelegate.h */ = {isa = PBXFileReference; lastKnownFileType = sourcecode.c.h; path = AppDelegate.h; sourceTree = "<group>"; };
		5ADD857719465C790037A6D5 /* AppDelegate.m */ = {isa = PBXFileReference; lastKnownFileType = sourcecode.c.objc; path = AppDelegate.m; sourceTree = "<group>"; };
		5ADD857919465C790037A6D5 /* RootViewController.h */ = {isa = PBXFileReference; lastKnownFileType = sourcecode.c.h; path = RootViewController.h; sourceTree = "<group>"; };
		5ADD857A19465C790037A6D5 /* RootViewController.m */ = {isa = PBXFileReference; lastKnownFileType = sourcecode.c.objc; path = RootViewController.m; sourceTree = "<group>"; };
		5ADD857F19465C790037A6D5 /* SubviewsController.h */ = {isa = PBXFileReference; lastKnownFileType = sourcecode.c.h; path = SubviewsController.h; sourceTree = "<group>"; };
		5ADD858019465C790037A6D5 /* SubviewsController.m */ = {isa = PBXFileReference; lastKnownFileType = sourcecode.c.objc; path = SubviewsController.m; sourceTree = "<group>"; };
		5ADD858319465C790037A6D5 /* Base */ = {isa = PBXFileReference; lastKnownFileType = file.storyboard; name = Base; path = Base.lproj/Main.storyboard; sourceTree = "<group>"; };
		5ADD858519465C790037A6D5 /* Images.xcassets */ = {isa = PBXFileReference; lastKnownFileType = folder.assetcatalog; path = Images.xcassets; sourceTree = "<group>"; };
		5ADD858B19465C790037A6D5 /* StrandTests.xctest */ = {isa = PBXFileReference; explicitFileType = wrapper.cfbundle; includeInIndex = 0; path = StrandTests.xctest; sourceTree = BUILT_PRODUCTS_DIR; };
		5ADD859019465C790037A6D5 /* Info.plist */ = {isa = PBXFileReference; lastKnownFileType = text.plist.xml; path = Info.plist; sourceTree = "<group>"; };
		5ADD859119465C790037A6D5 /* StrandTests.m */ = {isa = PBXFileReference; lastKnownFileType = sourcecode.c.objc; path = StrandTests.m; sourceTree = "<group>"; };
		5ADD859B19465F520037A6D5 /* DFCameraViewController.h */ = {isa = PBXFileReference; fileEncoding = 4; lastKnownFileType = sourcecode.c.h; path = DFCameraViewController.h; sourceTree = "<group>"; };
		5ADD859C19465F520037A6D5 /* DFCameraViewController.m */ = {isa = PBXFileReference; fileEncoding = 4; lastKnownFileType = sourcecode.c.objc; path = DFCameraViewController.m; sourceTree = "<group>"; };
		5ADD85A019465F8E0037A6D5 /* DFGalleryWebViewController.h */ = {isa = PBXFileReference; fileEncoding = 4; lastKnownFileType = sourcecode.c.h; path = DFGalleryWebViewController.h; sourceTree = "<group>"; };
		5ADD85A119465F8E0037A6D5 /* DFGalleryWebViewController.m */ = {isa = PBXFileReference; fileEncoding = 4; lastKnownFileType = sourcecode.c.objc; path = DFGalleryWebViewController.m; sourceTree = "<group>"; };
/* End PBXFileReference section */

/* Begin PBXFrameworksBuildPhase section */
		5ADD856C19465C790037A6D5 /* Frameworks */ = {
			isa = PBXFrameworksBuildPhase;
			buildActionMask = 2147483647;
			files = (
			);
			runOnlyForDeploymentPostprocessing = 0;
		};
		5ADD858819465C790037A6D5 /* Frameworks */ = {
			isa = PBXFrameworksBuildPhase;
			buildActionMask = 2147483647;
			files = (
			);
			runOnlyForDeploymentPostprocessing = 0;
		};
/* End PBXFrameworksBuildPhase section */

/* Begin PBXGroup section */
		5ADD856619465C790037A6D5 = {
			isa = PBXGroup;
			children = (
				5ADD857119465C790037A6D5 /* Strand */,
				5ADD858E19465C790037A6D5 /* StrandTests */,
				5ADD857019465C790037A6D5 /* Products */,
			);
			sourceTree = "<group>";
		};
		5ADD857019465C790037A6D5 /* Products */ = {
			isa = PBXGroup;
			children = (
				5ADD856F19465C790037A6D5 /* Strand.app */,
				5ADD858B19465C790037A6D5 /* StrandTests.xctest */,
			);
			name = Products;
			sourceTree = "<group>";
		};
		5ADD857119465C790037A6D5 /* Strand */ = {
			isa = PBXGroup;
			children = (
				5ADD857619465C790037A6D5 /* AppDelegate.h */,
				5ADD857719465C790037A6D5 /* AppDelegate.m */,
				5ADD857919465C790037A6D5 /* RootViewController.h */,
				5ADD857A19465C790037A6D5 /* RootViewController.m */,
				5ADD857F19465C790037A6D5 /* SubviewsController.h */,
				5ADD858019465C790037A6D5 /* SubviewsController.m */,
				5ADD859B19465F520037A6D5 /* DFCameraViewController.h */,
				5ADD859C19465F520037A6D5 /* DFCameraViewController.m */,
				5ADD85A019465F8E0037A6D5 /* DFGalleryWebViewController.h */,
				5ADD85A119465F8E0037A6D5 /* DFGalleryWebViewController.m */,
				5ADD858219465C790037A6D5 /* Main.storyboard */,
				5ADD858519465C790037A6D5 /* Images.xcassets */,
				5ADD857219465C790037A6D5 /* Supporting Files */,
			);
			path = Strand;
			sourceTree = "<group>";
		};
		5ADD857219465C790037A6D5 /* Supporting Files */ = {
			isa = PBXGroup;
			children = (
				5ADD857319465C790037A6D5 /* Info.plist */,
				5ADD857419465C790037A6D5 /* main.m */,
			);
			name = "Supporting Files";
			sourceTree = "<group>";
		};
		5ADD858E19465C790037A6D5 /* StrandTests */ = {
			isa = PBXGroup;
			children = (
				5ADD859119465C790037A6D5 /* StrandTests.m */,
				5ADD858F19465C790037A6D5 /* Supporting Files */,
			);
			path = StrandTests;
			sourceTree = "<group>";
		};
		5ADD858F19465C790037A6D5 /* Supporting Files */ = {
			isa = PBXGroup;
			children = (
				5ADD859019465C790037A6D5 /* Info.plist */,
			);
			name = "Supporting Files";
			sourceTree = "<group>";
		};
/* End PBXGroup section */

/* Begin PBXNativeTarget section */
		5ADD856E19465C790037A6D5 /* Strand */ = {
			isa = PBXNativeTarget;
			buildConfigurationList = 5ADD859519465C790037A6D5 /* Build configuration list for PBXNativeTarget "Strand" */;
			buildPhases = (
				5ADD856B19465C790037A6D5 /* Sources */,
				5ADD856C19465C790037A6D5 /* Frameworks */,
				5ADD856D19465C790037A6D5 /* Resources */,
			);
			buildRules = (
			);
			dependencies = (
			);
			name = Strand;
			productName = Strand;
			productReference = 5ADD856F19465C790037A6D5 /* Strand.app */;
			productType = "com.apple.product-type.application";
		};
		5ADD858A19465C790037A6D5 /* StrandTests */ = {
			isa = PBXNativeTarget;
			buildConfigurationList = 5ADD859819465C790037A6D5 /* Build configuration list for PBXNativeTarget "StrandTests" */;
			buildPhases = (
				5ADD858719465C790037A6D5 /* Sources */,
				5ADD858819465C790037A6D5 /* Frameworks */,
				5ADD858919465C790037A6D5 /* Resources */,
			);
			buildRules = (
			);
			dependencies = (
				5ADD858D19465C790037A6D5 /* PBXTargetDependency */,
			);
			name = StrandTests;
			productName = StrandTests;
			productReference = 5ADD858B19465C790037A6D5 /* StrandTests.xctest */;
			productType = "com.apple.product-type.bundle.unit-test";
		};
/* End PBXNativeTarget section */

/* Begin PBXProject section */
		5ADD856719465C790037A6D5 /* Project object */ = {
			isa = PBXProject;
			attributes = {
				LastUpgradeCheck = 0600;
				ORGANIZATIONNAME = "Duffy Inc";
				TargetAttributes = {
					5ADD856E19465C790037A6D5 = {
						CreatedOnToolsVersion = 6.0;
					};
					5ADD858A19465C790037A6D5 = {
						CreatedOnToolsVersion = 6.0;
						TestTargetID = 5ADD856E19465C790037A6D5;
					};
				};
			};
			buildConfigurationList = 5ADD856A19465C790037A6D5 /* Build configuration list for PBXProject "Strand" */;
			compatibilityVersion = "Xcode 3.2";
			developmentRegion = English;
			hasScannedForEncodings = 0;
			knownRegions = (
				en,
				Base,
			);
			mainGroup = 5ADD856619465C790037A6D5;
			productRefGroup = 5ADD857019465C790037A6D5 /* Products */;
			projectDirPath = "";
			projectRoot = "";
			targets = (
				5ADD856E19465C790037A6D5 /* Strand */,
				5ADD858A19465C790037A6D5 /* StrandTests */,
			);
		};
/* End PBXProject section */

/* Begin PBXResourcesBuildPhase section */
		5ADD856D19465C790037A6D5 /* Resources */ = {
			isa = PBXResourcesBuildPhase;
			buildActionMask = 2147483647;
			files = (
				5ADD858419465C790037A6D5 /* Main.storyboard in Resources */,
				5ADD858619465C790037A6D5 /* Images.xcassets in Resources */,
			);
			runOnlyForDeploymentPostprocessing = 0;
		};
		5ADD858919465C790037A6D5 /* Resources */ = {
			isa = PBXResourcesBuildPhase;
			buildActionMask = 2147483647;
			files = (
			);
			runOnlyForDeploymentPostprocessing = 0;
		};
/* End PBXResourcesBuildPhase section */

/* Begin PBXSourcesBuildPhase section */
		5ADD856B19465C790037A6D5 /* Sources */ = {
			isa = PBXSourcesBuildPhase;
			buildActionMask = 2147483647;
			files = (
				5ADD859E19465F520037A6D5 /* DFCameraViewController.m in Sources */,
				5ADD857819465C790037A6D5 /* AppDelegate.m in Sources */,
				5ADD858119465C790037A6D5 /* SubviewsController.m in Sources */,
				5ADD857519465C790037A6D5 /* main.m in Sources */,
				5ADD857B19465C790037A6D5 /* RootViewController.m in Sources */,
				5ADD85A219465F8E0037A6D5 /* DFGalleryWebViewController.m in Sources */,
			);
			runOnlyForDeploymentPostprocessing = 0;
		};
		5ADD858719465C790037A6D5 /* Sources */ = {
			isa = PBXSourcesBuildPhase;
			buildActionMask = 2147483647;
			files = (
				5ADD859219465C790037A6D5 /* StrandTests.m in Sources */,
			);
			runOnlyForDeploymentPostprocessing = 0;
		};
/* End PBXSourcesBuildPhase section */

/* Begin PBXTargetDependency section */
		5ADD858D19465C790037A6D5 /* PBXTargetDependency */ = {
			isa = PBXTargetDependency;
			target = 5ADD856E19465C790037A6D5 /* Strand */;
			targetProxy = 5ADD858C19465C790037A6D5 /* PBXContainerItemProxy */;
		};
/* End PBXTargetDependency section */

/* Begin PBXVariantGroup section */
		5ADD858219465C790037A6D5 /* Main.storyboard */ = {
			isa = PBXVariantGroup;
			children = (
				5ADD858319465C790037A6D5 /* Base */,
			);
			name = Main.storyboard;
			sourceTree = "<group>";
		};
/* End PBXVariantGroup section */

/* Begin XCBuildConfiguration section */
		5ADD859319465C790037A6D5 /* Debug */ = {
			isa = XCBuildConfiguration;
			buildSettings = {
				ALWAYS_SEARCH_USER_PATHS = NO;
				CLANG_CXX_LANGUAGE_STANDARD = "gnu++0x";
				CLANG_CXX_LIBRARY = "libc++";
				CLANG_ENABLE_MODULES = YES;
				CLANG_ENABLE_OBJC_ARC = YES;
				CLANG_WARN_BOOL_CONVERSION = YES;
				CLANG_WARN_CONSTANT_CONVERSION = YES;
				CLANG_WARN_DIRECT_OBJC_ISA_USAGE = YES_ERROR;
				CLANG_WARN_EMPTY_BODY = YES;
				CLANG_WARN_ENUM_CONVERSION = YES;
				CLANG_WARN_INT_CONVERSION = YES;
				CLANG_WARN_OBJC_ROOT_CLASS = YES_ERROR;
				CLANG_WARN_UNREACHABLE_CODE = YES;
				CLANG_WARN__DUPLICATE_METHOD_MATCH = YES;
				"CODE_SIGN_IDENTITY[sdk=iphoneos*]" = "iPhone Developer";
				COPY_PHASE_STRIP = NO;
				ENABLE_STRICT_OBJC_MSGSEND = YES;
				GCC_C_LANGUAGE_STANDARD = gnu99;
				GCC_DYNAMIC_NO_PIC = NO;
				GCC_OPTIMIZATION_LEVEL = 0;
				GCC_PREPROCESSOR_DEFINITIONS = (
					"DEBUG=1",
					"$(inherited)",
				);
				GCC_SYMBOLS_PRIVATE_EXTERN = NO;
				GCC_WARN_64_TO_32_BIT_CONVERSION = YES;
				GCC_WARN_ABOUT_RETURN_TYPE = YES_ERROR;
				GCC_WARN_UNDECLARED_SELECTOR = YES;
				GCC_WARN_UNINITIALIZED_AUTOS = YES_AGGRESSIVE;
				GCC_WARN_UNUSED_FUNCTION = YES;
				GCC_WARN_UNUSED_VARIABLE = YES;
				IPHONEOS_DEPLOYMENT_TARGET = 8.0;
				METAL_ENABLE_DEBUG_INFO = YES;
				ONLY_ACTIVE_ARCH = YES;
				SDKROOT = iphoneos;
			};
			name = Debug;
		};
		5ADD859419465C790037A6D5 /* Release */ = {
			isa = XCBuildConfiguration;
			buildSettings = {
				ALWAYS_SEARCH_USER_PATHS = NO;
				CLANG_CXX_LANGUAGE_STANDARD = "gnu++0x";
				CLANG_CXX_LIBRARY = "libc++";
				CLANG_ENABLE_MODULES = YES;
				CLANG_ENABLE_OBJC_ARC = YES;
				CLANG_WARN_BOOL_CONVERSION = YES;
				CLANG_WARN_CONSTANT_CONVERSION = YES;
				CLANG_WARN_DIRECT_OBJC_ISA_USAGE = YES_ERROR;
				CLANG_WARN_EMPTY_BODY = YES;
				CLANG_WARN_ENUM_CONVERSION = YES;
				CLANG_WARN_INT_CONVERSION = YES;
				CLANG_WARN_OBJC_ROOT_CLASS = YES_ERROR;
				CLANG_WARN_UNREACHABLE_CODE = YES;
				CLANG_WARN__DUPLICATE_METHOD_MATCH = YES;
				"CODE_SIGN_IDENTITY[sdk=iphoneos*]" = "iPhone Developer";
				COPY_PHASE_STRIP = YES;
				ENABLE_NS_ASSERTIONS = NO;
				ENABLE_STRICT_OBJC_MSGSEND = YES;
				GCC_C_LANGUAGE_STANDARD = gnu99;
				GCC_WARN_64_TO_32_BIT_CONVERSION = YES;
				GCC_WARN_ABOUT_RETURN_TYPE = YES_ERROR;
				GCC_WARN_UNDECLARED_SELECTOR = YES;
				GCC_WARN_UNINITIALIZED_AUTOS = YES_AGGRESSIVE;
				GCC_WARN_UNUSED_FUNCTION = YES;
				GCC_WARN_UNUSED_VARIABLE = YES;
				IPHONEOS_DEPLOYMENT_TARGET = 8.0;
				METAL_ENABLE_DEBUG_INFO = NO;
				SDKROOT = iphoneos;
				VALIDATE_PRODUCT = YES;
			};
			name = Release;
		};
		5ADD859619465C790037A6D5 /* Debug */ = {
			isa = XCBuildConfiguration;
			buildSettings = {
				ASSETCATALOG_COMPILER_APPICON_NAME = AppIcon;
				ASSETCATALOG_COMPILER_LAUNCHIMAGE_NAME = LaunchImage;
				INFOPLIST_FILE = Strand/Info.plist;
				IPHONEOS_DEPLOYMENT_TARGET = 7.0;
				LD_RUNPATH_SEARCH_PATHS = "$(inherited) @executable_path/Frameworks";
				PRODUCT_NAME = "$(TARGET_NAME)";
			};
			name = Debug;
		};
		5ADD859719465C790037A6D5 /* Release */ = {
			isa = XCBuildConfiguration;
			buildSettings = {
				ASSETCATALOG_COMPILER_APPICON_NAME = AppIcon;
				ASSETCATALOG_COMPILER_LAUNCHIMAGE_NAME = LaunchImage;
				INFOPLIST_FILE = Strand/Info.plist;
				IPHONEOS_DEPLOYMENT_TARGET = 7.0;
				LD_RUNPATH_SEARCH_PATHS = "$(inherited) @executable_path/Frameworks";
				PRODUCT_NAME = "$(TARGET_NAME)";
			};
			name = Release;
		};
		5ADD859919465C790037A6D5 /* Debug */ = {
			isa = XCBuildConfiguration;
			buildSettings = {
				BUNDLE_LOADER = "$(BUILT_PRODUCTS_DIR)/Strand.app/Strand";
				FRAMEWORK_SEARCH_PATHS = (
					"$(SDKROOT)/Developer/Library/Frameworks",
					"$(inherited)",
				);
				GCC_PREPROCESSOR_DEFINITIONS = (
					"DEBUG=1",
					"$(inherited)",
				);
				INFOPLIST_FILE = StrandTests/Info.plist;
				LD_RUNPATH_SEARCH_PATHS = "$(inherited) @executable_path/Frameworks @loader_path/Frameworks";
				METAL_ENABLE_DEBUG_INFO = YES;
				PRODUCT_NAME = "$(TARGET_NAME)";
				TEST_HOST = "$(BUNDLE_LOADER)";
			};
			name = Debug;
		};
		5ADD859A19465C790037A6D5 /* Release */ = {
			isa = XCBuildConfiguration;
			buildSettings = {
				BUNDLE_LOADER = "$(BUILT_PRODUCTS_DIR)/Strand.app/Strand";
				FRAMEWORK_SEARCH_PATHS = (
					"$(SDKROOT)/Developer/Library/Frameworks",
					"$(inherited)",
				);
				INFOPLIST_FILE = StrandTests/Info.plist;
				LD_RUNPATH_SEARCH_PATHS = "$(inherited) @executable_path/Frameworks @loader_path/Frameworks";
				METAL_ENABLE_DEBUG_INFO = NO;
				PRODUCT_NAME = "$(TARGET_NAME)";
				TEST_HOST = "$(BUNDLE_LOADER)";
			};
			name = Release;
		};
/* End XCBuildConfiguration section */

/* Begin XCConfigurationList section */
		5ADD856A19465C790037A6D5 /* Build configuration list for PBXProject "Strand" */ = {
			isa = XCConfigurationList;
			buildConfigurations = (
				5ADD859319465C790037A6D5 /* Debug */,
				5ADD859419465C790037A6D5 /* Release */,
			);
			defaultConfigurationIsVisible = 0;
			defaultConfigurationName = Release;
		};
		5ADD859519465C790037A6D5 /* Build configuration list for PBXNativeTarget "Strand" */ = {
			isa = XCConfigurationList;
			buildConfigurations = (
				5ADD859619465C790037A6D5 /* Debug */,
				5ADD859719465C790037A6D5 /* Release */,
			);
			defaultConfigurationIsVisible = 0;
		};
		5ADD859819465C790037A6D5 /* Build configuration list for PBXNativeTarget "StrandTests" */ = {
			isa = XCConfigurationList;
			buildConfigurations = (
				5ADD859919465C790037A6D5 /* Debug */,
				5ADD859A19465C790037A6D5 /* Release */,
			);
			defaultConfigurationIsVisible = 0;
		};
/* End XCConfigurationList section */
	};
	rootObject = 5ADD856719465C790037A6D5 /* Project object */;
}
