// !$*UTF8*$!
{
	archiveVersion = 1;
	classes = {
	};
	objectVersion = 46;
	objects = {

/* Begin PBXBuildFile section */
		502B025BD24C4FB89333BFED /* libPods.a in Frameworks */ = {isa = PBXBuildFile; fileRef = 68ED45F75CA648D08A506609 /* libPods.a */; };
		5A30E4DA18D3AC5F00E41DBC /* DFSearchViewController.m in Sources */ = {isa = PBXBuildFile; fileRef = 5A30E4D818D3AC5F00E41DBC /* DFSearchViewController.m */; };
		5A45E9BD18D9F7B8002663EB /* DFPhotoCollection.m in Sources */ = {isa = PBXBuildFile; fileRef = 5A45E9BC18D9F7B8002663EB /* DFPhotoCollection.m */; };
		5A45E9C618DA44F6002663EB /* DFCameraRollSyncController.m in Sources */ = {isa = PBXBuildFile; fileRef = 5A45E9C518DA44F6002663EB /* DFCameraRollSyncController.m */; };
		5A45E9CC18DB990D002663EB /* DFUploadSessionStats.m in Sources */ = {isa = PBXBuildFile; fileRef = 5A45E9CB18DB990D002663EB /* DFUploadSessionStats.m */; };
		5A51272B19007CE00057A31F /* DFUploadQueue.m in Sources */ = {isa = PBXBuildFile; fileRef = 5A51272A19007CE00057A31F /* DFUploadQueue.m */; };
		5A5FCB37192D478F00A060A7 /* DFSearchBar.m in Sources */ = {isa = PBXBuildFile; fileRef = 5A5FCB35192D478F00A060A7 /* DFSearchBar.m */; };
		5A5FCB38192D478F00A060A7 /* DFSearchBar.xib in Resources */ = {isa = PBXBuildFile; fileRef = 5A5FCB36192D478F00A060A7 /* DFSearchBar.xib */; };
		5A5FCB54192D52B600A060A7 /* Icons in Resources */ = {isa = PBXBuildFile; fileRef = 5A5FCB53192D52B600A060A7 /* Icons */; };
		5A67605918E2039800E355B6 /* CoreLocation.framework in Frameworks */ = {isa = PBXBuildFile; fileRef = 5A67605818E2039800E355B6 /* CoreLocation.framework */; };
		5A67605C18E210B000E355B6 /* NSDictionary+DFJSON.m in Sources */ = {isa = PBXBuildFile; fileRef = 5A67605B18E210B000E355B6 /* NSDictionary+DFJSON.m */; };
		5A67606018E2444E00E355B6 /* DFPhotoViewController.m in Sources */ = {isa = PBXBuildFile; fileRef = 5A67605E18E2444E00E355B6 /* DFPhotoViewController.m */; };
		5A67606118E2444E00E355B6 /* DFPhotoViewController.xib in Resources */ = {isa = PBXBuildFile; fileRef = 5A67605F18E2444E00E355B6 /* DFPhotoViewController.xib */; };
		5A67606618E3389900E355B6 /* DFPhotoNavigationControllerViewController.m in Sources */ = {isa = PBXBuildFile; fileRef = 5A67606518E3389900E355B6 /* DFPhotoNavigationControllerViewController.m */; };
		5A67606918E3558500E355B6 /* DFMultiPhotoViewController.m in Sources */ = {isa = PBXBuildFile; fileRef = 5A67606818E3558500E355B6 /* DFMultiPhotoViewController.m */; };
		5A72E11818B55CB2000979D2 /* database.csv in Resources */ = {isa = PBXBuildFile; fileRef = 5A72E11718B55CB2000979D2 /* database.csv */; };
		5A72E11C18B7EB83000979D2 /* QuartzCore.framework in Frameworks */ = {isa = PBXBuildFile; fileRef = 5A72E11B18B7EB83000979D2 /* QuartzCore.framework */; };
		5A72E11E18B7EB89000979D2 /* Security.framework in Frameworks */ = {isa = PBXBuildFile; fileRef = 5A72E11D18B7EB89000979D2 /* Security.framework */; };
		5A81ED3D18CFB574003EF557 /* CFNetwork.framework in Frameworks */ = {isa = PBXBuildFile; fileRef = 5A81ED3C18CFB574003EF557 /* CFNetwork.framework */; };
		5A81ED3F18CFB57F003EF557 /* MobileCoreServices.framework in Frameworks */ = {isa = PBXBuildFile; fileRef = 5A81ED3E18CFB57F003EF557 /* MobileCoreServices.framework */; };
		5A81ED4118CFB591003EF557 /* SystemConfiguration.framework in Frameworks */ = {isa = PBXBuildFile; fileRef = 5A81ED4018CFB591003EF557 /* SystemConfiguration.framework */; };
		5A8C98E5190AEAD700AE9F88 /* DFUploadOperation.m in Sources */ = {isa = PBXBuildFile; fileRef = 5A8C98E4190AEAD700AE9F88 /* DFUploadOperation.m */; };
		5A8C98E8190AFBF200AE9F88 /* DFStatusBarNotificationManager.m in Sources */ = {isa = PBXBuildFile; fileRef = 5A8C98E7190AFBF200AE9F88 /* DFStatusBarNotificationManager.m */; };
		5A8C98EB190EE78B00AE9F88 /* DFLocationPinger.m in Sources */ = {isa = PBXBuildFile; fileRef = 5A8C98EA190EE78B00AE9F88 /* DFLocationPinger.m */; };
		5A8C98EE19115BB800AE9F88 /* DFPhotoMetadataAdapter.m in Sources */ = {isa = PBXBuildFile; fileRef = 5A8C98ED19115BB800AE9F88 /* DFPhotoMetadataAdapter.m */; };
		5A8C98F61911793B00AE9F88 /* DFObjectManager.m in Sources */ = {isa = PBXBuildFile; fileRef = 5A8C98F51911793B00AE9F88 /* DFObjectManager.m */; };
		5A8C98F91911811F00AE9F88 /* NSDateFormatter+DFPhotoDateFormatters.m in Sources */ = {isa = PBXBuildFile; fileRef = 5A8C98F81911811F00AE9F88 /* NSDateFormatter+DFPhotoDateFormatters.m */; };
		5A8C99001913D6F400AE9F88 /* DFPeanutPhoto.m in Sources */ = {isa = PBXBuildFile; fileRef = 5A8C98FF1913D6F400AE9F88 /* DFPeanutPhoto.m */; };
		5A8D0AED18EB36D600A1D9A7 /* NSNotificationCenter+DFThreadingAddons.m in Sources */ = {isa = PBXBuildFile; fileRef = 5A8D0AEC18EB36D600A1D9A7 /* NSNotificationCenter+DFThreadingAddons.m */; };
		5A8D0AF318EB6A9600A1D9A7 /* DFNotificationSharedConstants.m in Sources */ = {isa = PBXBuildFile; fileRef = 5A8D0AF218EB6A9600A1D9A7 /* DFNotificationSharedConstants.m */; };
		5A8D0B4B18EF174F00A1D9A7 /* DFPhotoWebViewController.m in Sources */ = {isa = PBXBuildFile; fileRef = 5A8D0B4918EF174F00A1D9A7 /* DFPhotoWebViewController.m */; };
		5A8D0B4C18EF174F00A1D9A7 /* DFPhotoWebViewController.xib in Resources */ = {isa = PBXBuildFile; fileRef = 5A8D0B4A18EF174F00A1D9A7 /* DFPhotoWebViewController.xib */; };
		5A8D0B5618EF525800A1D9A7 /* DFTableHeaderView.m in Sources */ = {isa = PBXBuildFile; fileRef = 5A8D0B5518EF525800A1D9A7 /* DFTableHeaderView.m */; };
		5A8D0B5818EF526E00A1D9A7 /* DFTableHeaderView.xib in Resources */ = {isa = PBXBuildFile; fileRef = 5A8D0B5718EF526E00A1D9A7 /* DFTableHeaderView.xib */; };
		5A97DC861937809700FA4718 /* DFSearchBarController.m in Sources */ = {isa = PBXBuildFile; fileRef = 5A97DC851937809700FA4718 /* DFSearchBarController.m */; };
		5AACB8F418F4574400F4EEB6 /* DFUserPeanutAdapter.m in Sources */ = {isa = PBXBuildFile; fileRef = 5AACB8F318F4574400F4EEB6 /* DFUserPeanutAdapter.m */; };
		5AACB8FA18F4599800F4EEB6 /* DFNetworkingConstants.m in Sources */ = {isa = PBXBuildFile; fileRef = 5AACB8F918F4599800F4EEB6 /* DFNetworkingConstants.m */; };
		5AACB90918F49AED00F4EEB6 /* libFlurry_4.4.0.a in Frameworks */ = {isa = PBXBuildFile; fileRef = 5AACB90818F49AED00F4EEB6 /* libFlurry_4.4.0.a */; };
		5AACB90D18F49D9700F4EEB6 /* DFAnalytics.m in Sources */ = {isa = PBXBuildFile; fileRef = 5AACB90C18F49D9700F4EEB6 /* DFAnalytics.m */; };
		5AACB91518F5D61300F4EEB6 /* DFUploadProgressView.m in Sources */ = {isa = PBXBuildFile; fileRef = 5AACB91418F5D61300F4EEB6 /* DFUploadProgressView.m */; };
		5AACB91718F5D63500F4EEB6 /* DFUploadProgressView.xib in Resources */ = {isa = PBXBuildFile; fileRef = 5AACB91618F5D63500F4EEB6 /* DFUploadProgressView.xib */; };
		5AACB92218F6092F00F4EEB6 /* HockeySDK.framework in Frameworks */ = {isa = PBXBuildFile; fileRef = 5AACB91E18F6092F00F4EEB6 /* HockeySDK.framework */; };
		5AACB92318F6092F00F4EEB6 /* HockeySDK.xcconfig in Resources */ = {isa = PBXBuildFile; fileRef = 5AACB92018F6092F00F4EEB6 /* HockeySDK.xcconfig */; };
		5AACB92418F6092F00F4EEB6 /* HockeySDKResources.bundle in Resources */ = {isa = PBXBuildFile; fileRef = 5AACB92118F6092F00F4EEB6 /* HockeySDKResources.bundle */; };
		5AB32EA818F0CD3B004FC27B /* DFKeyboardResizingViewController.m in Sources */ = {isa = PBXBuildFile; fileRef = 5AB32EA718F0CD3B004FC27B /* DFKeyboardResizingViewController.m */; };
		5AB32EAB18F1E1B7004FC27B /* DFSuggestionAdapter.m in Sources */ = {isa = PBXBuildFile; fileRef = 5AB32EAA18F1E1B7004FC27B /* DFSuggestionAdapter.m */; };
		5AB3983719252D9700E6E69E /* DFIntro.storyboard in Resources */ = {isa = PBXBuildFile; fileRef = 5AB3983619252D9700E6E69E /* DFIntro.storyboard */; };
		5AB3983D192530F200E6E69E /* DFIntroContentViewController.m in Sources */ = {isa = PBXBuildFile; fileRef = 5AB3983C192530F200E6E69E /* DFIntroContentViewController.m */; };
		5AB39840192533D800E6E69E /* DFIntroPageViewController.m in Sources */ = {isa = PBXBuildFile; fileRef = 5AB3983F192533D800E6E69E /* DFIntroPageViewController.m */; };
		5AB39842192563E700E6E69E /* IntroPage1.rtf in Resources */ = {isa = PBXBuildFile; fileRef = 5AB39841192563E700E6E69E /* IntroPage1.rtf */; };
		5AB398451925690C00E6E69E /* IntroPage2.rtf in Resources */ = {isa = PBXBuildFile; fileRef = 5AB398431925690C00E6E69E /* IntroPage2.rtf */; };
		5AB398461925690C00E6E69E /* IntroPage3.rtf in Resources */ = {isa = PBXBuildFile; fileRef = 5AB398441925690C00E6E69E /* IntroPage3.rtf */; };
		5AC40EDE1908738C00ED3532 /* DFLogConfig.m in Sources */ = {isa = PBXBuildFile; fileRef = 5AC40EDD1908738C00ED3532 /* DFLogConfig.m */; };
		5AC40EE11909B2C000ED3532 /* DFPhotoStore+IntegrityCheck.m in Sources */ = {isa = PBXBuildFile; fileRef = 5AC40EE01909B2C000ED3532 /* DFPhotoStore+IntegrityCheck.m */; };
		5AC40EE4190AD0E700ED3532 /* DFUploadController.m in Sources */ = {isa = PBXBuildFile; fileRef = 5AC40EE3190AD0E700ED3532 /* DFUploadController.m */; };
		5AC677E81906F027002F9D42 /* DFDataHasher.m in Sources */ = {isa = PBXBuildFile; fileRef = 5AC677E71906F027002F9D42 /* DFDataHasher.m */; };
		5AD62A5119215C6300EE22D7 /* ALAsset+DFExtensions.m in Sources */ = {isa = PBXBuildFile; fileRef = 5AD62A5019215C6300EE22D7 /* ALAsset+DFExtensions.m */; };
		5AD62A541921648D00EE22D7 /* DFCameraRollSyncOperation.m in Sources */ = {isa = PBXBuildFile; fileRef = 5AD62A531921648D00EE22D7 /* DFCameraRollSyncOperation.m */; };
		5AD62AF41922D36200EE22D7 /* NSArray+DFJSON.m in Sources */ = {isa = PBXBuildFile; fileRef = 5AD62AF31922D36200EE22D7 /* NSArray+DFJSON.m */; };
		5AD62B0F1923E33700EE22D7 /* DFDevelopmentSettingsViewController.m in Sources */ = {isa = PBXBuildFile; fileRef = 5AD62B0D1923E33700EE22D7 /* DFDevelopmentSettingsViewController.m */; };
		5AD62B101923E33700EE22D7 /* DFDevelopmentSettingsViewController.xib in Resources */ = {isa = PBXBuildFile; fileRef = 5AD62B0E1923E33700EE22D7 /* DFDevelopmentSettingsViewController.xib */; };
		5AD8AD3D191AD76F00782144 /* DFFaceFeature.m in Sources */ = {isa = PBXBuildFile; fileRef = 5AD8AD3C191AD76F00782144 /* DFFaceFeature.m */; };
		5AD8AD40191BDFCB00782144 /* DFPeanutFaceFeature.m in Sources */ = {isa = PBXBuildFile; fileRef = 5AD8AD3F191BDFCB00782144 /* DFPeanutFaceFeature.m */; };
		5AD8AD45191D398200782144 /* DFPeanutSuggestion.m in Sources */ = {isa = PBXBuildFile; fileRef = 5AD8AD44191D398200782144 /* DFPeanutSuggestion.m */; };
		5AD8AD49191D462500782144 /* DFSearchResultTableViewCell.m in Sources */ = {isa = PBXBuildFile; fileRef = 5AD8AD47191D462500782144 /* DFSearchResultTableViewCell.m */; };
		5AD8AD4A191D462500782144 /* DFSearchResultTableViewCell.xib in Resources */ = {isa = PBXBuildFile; fileRef = 5AD8AD48191D462500782144 /* DFSearchResultTableViewCell.xib */; };
		5AD8AD4D191FCDE800782144 /* DFAppInfo.m in Sources */ = {isa = PBXBuildFile; fileRef = 5AD8AD4C191FCDE800782144 /* DFAppInfo.m */; };
		5ADB24BB189985590016CA02 /* Foundation.framework in Frameworks */ = {isa = PBXBuildFile; fileRef = 5ADB24BA189985590016CA02 /* Foundation.framework */; };
		5ADB24BD189985590016CA02 /* CoreGraphics.framework in Frameworks */ = {isa = PBXBuildFile; fileRef = 5ADB24BC189985590016CA02 /* CoreGraphics.framework */; };
		5ADB24BF189985590016CA02 /* UIKit.framework in Frameworks */ = {isa = PBXBuildFile; fileRef = 5ADB24BE189985590016CA02 /* UIKit.framework */; };
		5ADB24C1189985590016CA02 /* CoreData.framework in Frameworks */ = {isa = PBXBuildFile; fileRef = 5ADB24C0189985590016CA02 /* CoreData.framework */; };
		5ADB24C7189985590016CA02 /* InfoPlist.strings in Resources */ = {isa = PBXBuildFile; fileRef = 5ADB24C5189985590016CA02 /* InfoPlist.strings */; };
		5ADB24C9189985590016CA02 /* main.m in Sources */ = {isa = PBXBuildFile; fileRef = 5ADB24C8189985590016CA02 /* main.m */; };
		5ADB24CD189985590016CA02 /* DFAppDelegate.m in Sources */ = {isa = PBXBuildFile; fileRef = 5ADB24CC189985590016CA02 /* DFAppDelegate.m */; };
		5ADB24D0189985590016CA02 /* Duffy.xcdatamodeld in Sources */ = {isa = PBXBuildFile; fileRef = 5ADB24CE189985590016CA02 /* Duffy.xcdatamodeld */; };
		5ADB24D2189985590016CA02 /* Images.xcassets in Resources */ = {isa = PBXBuildFile; fileRef = 5ADB24D1189985590016CA02 /* Images.xcassets */; };
		5ADB24D9189985590016CA02 /* XCTest.framework in Frameworks */ = {isa = PBXBuildFile; fileRef = 5ADB24D8189985590016CA02 /* XCTest.framework */; };
		5ADB24DA189985590016CA02 /* Foundation.framework in Frameworks */ = {isa = PBXBuildFile; fileRef = 5ADB24BA189985590016CA02 /* Foundation.framework */; };
		5ADB24DB189985590016CA02 /* UIKit.framework in Frameworks */ = {isa = PBXBuildFile; fileRef = 5ADB24BE189985590016CA02 /* UIKit.framework */; };
		5ADB24DC189985590016CA02 /* CoreData.framework in Frameworks */ = {isa = PBXBuildFile; fileRef = 5ADB24C0189985590016CA02 /* CoreData.framework */; };
		5ADB24E4189985590016CA02 /* InfoPlist.strings in Resources */ = {isa = PBXBuildFile; fileRef = 5ADB24E2189985590016CA02 /* InfoPlist.strings */; };
		5ADB24E6189985590016CA02 /* DuffyTests.m in Sources */ = {isa = PBXBuildFile; fileRef = 5ADB24E5189985590016CA02 /* DuffyTests.m */; };
		5ADB24F2189985A20016CA02 /* DFPhotosGridViewController.m in Sources */ = {isa = PBXBuildFile; fileRef = 5ADB24F0189985A20016CA02 /* DFPhotosGridViewController.m */; };
		5ADB24F3189985A20016CA02 /* DFPhotosGridViewController.xib in Resources */ = {isa = PBXBuildFile; fileRef = 5ADB24F1189985A20016CA02 /* DFPhotosGridViewController.xib */; };
		5ADB24F518998CBA0016CA02 /* AssetsLibrary.framework in Frameworks */ = {isa = PBXBuildFile; fileRef = 5ADB24F418998CBA0016CA02 /* AssetsLibrary.framework */; };
		5ADB24F818998D070016CA02 /* DFPhotoStore.m in Sources */ = {isa = PBXBuildFile; fileRef = 5ADB24F718998D070016CA02 /* DFPhotoStore.m */; };
		5ADB24FB189992180016CA02 /* DFPhotoViewCell.m in Sources */ = {isa = PBXBuildFile; fileRef = 5ADB24FA189992180016CA02 /* DFPhotoViewCell.m */; };
		5ADB24FD189992A00016CA02 /* DFPhotoViewCell.xib in Resources */ = {isa = PBXBuildFile; fileRef = 5ADB24FC189992A00016CA02 /* DFPhotoViewCell.xib */; };
		5ADB2509189ABBB50016CA02 /* DFPhoto.m in Sources */ = {isa = PBXBuildFile; fileRef = 5ADB2508189ABBB50016CA02 /* DFPhoto.m */; };
		5ADB2514189AED860016CA02 /* DFCameraRollViewController.m in Sources */ = {isa = PBXBuildFile; fileRef = 5ADB2513189AED860016CA02 /* DFCameraRollViewController.m */; };
		5AE3BF7118E4CCC600ACB5DC /* DFBoundingBoxView.m in Sources */ = {isa = PBXBuildFile; fileRef = 5AE3BF7018E4CCC600ACB5DC /* DFBoundingBoxView.m */; };
		5AE3BF7318E4D08F00ACB5DC /* CoreImage.framework in Frameworks */ = {isa = PBXBuildFile; fileRef = 5AE3BF7218E4D08F00ACB5DC /* CoreImage.framework */; };
		5AE3BF7518E4D1BF00ACB5DC /* ImageIO.framework in Frameworks */ = {isa = PBXBuildFile; fileRef = 5AE3BF7418E4D1BF00ACB5DC /* ImageIO.framework */; };
		5AE3BF7818E4D46100ACB5DC /* DFImageView.m in Sources */ = {isa = PBXBuildFile; fileRef = 5AE3BF7718E4D46100ACB5DC /* DFImageView.m */; };
		5AE3BF7B18E4D5C900ACB5DC /* DFCGRectHelpers.m in Sources */ = {isa = PBXBuildFile; fileRef = 5AE3BF7A18E4D5C900ACB5DC /* DFCGRectHelpers.m */; };
		5AE3BF7E18E4E91700ACB5DC /* UIImage+DFHelpers.m in Sources */ = {isa = PBXBuildFile; fileRef = 5AE3BF7D18E4E91700ACB5DC /* UIImage+DFHelpers.m */; };
		5AE3BF8118E6301B00ACB5DC /* DFPhoto+FaceDetection.m in Sources */ = {isa = PBXBuildFile; fileRef = 5AE3BF8018E6301B00ACB5DC /* DFPhoto+FaceDetection.m */; };
		5AE3BF8418E724A200ACB5DC /* DFPhotoImageCache.m in Sources */ = {isa = PBXBuildFile; fileRef = 5AE3BF8318E724A200ACB5DC /* DFPhotoImageCache.m */; };
		5AF12167192E879400EB0232 /* LoadSearchError.html in Resources */ = {isa = PBXBuildFile; fileRef = 5AF12166192E879400EB0232 /* LoadSearchError.html */; };
		5AF1216A192FA7E000EB0232 /* DFURLProtocol.m in Sources */ = {isa = PBXBuildFile; fileRef = 5AF12169192FA7E000EB0232 /* DFURLProtocol.m */; };
		5AF12170192FE1AD00EB0232 /* DFAutocompleteAdapter.m in Sources */ = {isa = PBXBuildFile; fileRef = 5AF1216F192FE1AD00EB0232 /* DFAutocompleteAdapter.m */; };
		5AF1217D192FEA8500EB0232 /* DFPeanutAutocompleteResponse.m in Sources */ = {isa = PBXBuildFile; fileRef = 5AF1217C192FEA8500EB0232 /* DFPeanutAutocompleteResponse.m */; };
		5AFBCA3518D0C87E00998793 /* DFUser.m in Sources */ = {isa = PBXBuildFile; fileRef = 5AFBCA3418D0C87E00998793 /* DFUser.m */; };
		5AFBCA3918D0E0FD00998793 /* DFSettingsViewController.m in Sources */ = {isa = PBXBuildFile; fileRef = 5AFBCA3718D0E0FD00998793 /* DFSettingsViewController.m */; };
		5AFBCA3A18D0E0FD00998793 /* DFSettingsViewController.xib in Resources */ = {isa = PBXBuildFile; fileRef = 5AFBCA3818D0E0FD00998793 /* DFSettingsViewController.xib */; };
		5AFBCA4E18D236A900998793 /* UIImage+Alpha.m in Sources */ = {isa = PBXBuildFile; fileRef = 5AFBCA4918D236A900998793 /* UIImage+Alpha.m */; };
		5AFBCA4F18D236A900998793 /* UIImage+Resize.m in Sources */ = {isa = PBXBuildFile; fileRef = 5AFBCA4B18D236A900998793 /* UIImage+Resize.m */; };
		5AFBCA5018D236A900998793 /* UIImage+RoundedCorner.m in Sources */ = {isa = PBXBuildFile; fileRef = 5AFBCA4D18D236A900998793 /* UIImage+RoundedCorner.m */; };
/* End PBXBuildFile section */

/* Begin PBXContainerItemProxy section */
		5ADB24DD189985590016CA02 /* PBXContainerItemProxy */ = {
			isa = PBXContainerItemProxy;
			containerPortal = 5ADB24AF189985590016CA02 /* Project object */;
			proxyType = 1;
			remoteGlobalIDString = 5ADB24B6189985590016CA02;
			remoteInfo = Duffy;
		};
/* End PBXContainerItemProxy section */

/* Begin PBXFileReference section */
		514DAA1BD6B44149AD7F0216 /* Pods.xcconfig */ = {isa = PBXFileReference; includeInIndex = 1; lastKnownFileType = text.xcconfig; name = Pods.xcconfig; path = Duffy/Pods/Pods.xcconfig; sourceTree = "<group>"; };
		5A30E4D718D3AC5F00E41DBC /* DFSearchViewController.h */ = {isa = PBXFileReference; fileEncoding = 4; lastKnownFileType = sourcecode.c.h; path = DFSearchViewController.h; sourceTree = "<group>"; };
		5A30E4D818D3AC5F00E41DBC /* DFSearchViewController.m */ = {isa = PBXFileReference; fileEncoding = 4; lastKnownFileType = sourcecode.c.objc; path = DFSearchViewController.m; sourceTree = "<group>"; };
		5A45E9BB18D9F7B8002663EB /* DFPhotoCollection.h */ = {isa = PBXFileReference; fileEncoding = 4; lastKnownFileType = sourcecode.c.h; path = DFPhotoCollection.h; sourceTree = "<group>"; };
		5A45E9BC18D9F7B8002663EB /* DFPhotoCollection.m */ = {isa = PBXFileReference; fileEncoding = 4; lastKnownFileType = sourcecode.c.objc; path = DFPhotoCollection.m; sourceTree = "<group>"; };
		5A45E9C418DA44F6002663EB /* DFCameraRollSyncController.h */ = {isa = PBXFileReference; fileEncoding = 4; lastKnownFileType = sourcecode.c.h; path = DFCameraRollSyncController.h; sourceTree = "<group>"; };
		5A45E9C518DA44F6002663EB /* DFCameraRollSyncController.m */ = {isa = PBXFileReference; fileEncoding = 4; lastKnownFileType = sourcecode.c.objc; path = DFCameraRollSyncController.m; sourceTree = "<group>"; };
		5A45E9CA18DB990D002663EB /* DFUploadSessionStats.h */ = {isa = PBXFileReference; fileEncoding = 4; lastKnownFileType = sourcecode.c.h; path = DFUploadSessionStats.h; sourceTree = "<group>"; };
		5A45E9CB18DB990D002663EB /* DFUploadSessionStats.m */ = {isa = PBXFileReference; fileEncoding = 4; lastKnownFileType = sourcecode.c.objc; path = DFUploadSessionStats.m; sourceTree = "<group>"; };
		5A50EE561938D44A00B78333 /* DFSearchBarControllerDelegate.h */ = {isa = PBXFileReference; lastKnownFileType = sourcecode.c.h; path = DFSearchBarControllerDelegate.h; sourceTree = "<group>"; };
		5A51272919007CE00057A31F /* DFUploadQueue.h */ = {isa = PBXFileReference; fileEncoding = 4; lastKnownFileType = sourcecode.c.h; path = DFUploadQueue.h; sourceTree = "<group>"; };
		5A51272A19007CE00057A31F /* DFUploadQueue.m */ = {isa = PBXFileReference; fileEncoding = 4; lastKnownFileType = sourcecode.c.objc; path = DFUploadQueue.m; sourceTree = "<group>"; };
		5A5FCB34192D478F00A060A7 /* DFSearchBar.h */ = {isa = PBXFileReference; fileEncoding = 4; lastKnownFileType = sourcecode.c.h; path = DFSearchBar.h; sourceTree = "<group>"; };
		5A5FCB35192D478F00A060A7 /* DFSearchBar.m */ = {isa = PBXFileReference; fileEncoding = 4; lastKnownFileType = sourcecode.c.objc; path = DFSearchBar.m; sourceTree = "<group>"; };
		5A5FCB36192D478F00A060A7 /* DFSearchBar.xib */ = {isa = PBXFileReference; fileEncoding = 4; lastKnownFileType = file.xib; path = DFSearchBar.xib; sourceTree = "<group>"; };
		5A5FCB53192D52B600A060A7 /* Icons */ = {isa = PBXFileReference; lastKnownFileType = folder; name = Icons; path = Resources/Icons; sourceTree = "<group>"; };
		5A67605818E2039800E355B6 /* CoreLocation.framework */ = {isa = PBXFileReference; lastKnownFileType = wrapper.framework; name = CoreLocation.framework; path = System/Library/Frameworks/CoreLocation.framework; sourceTree = SDKROOT; };
		5A67605A18E210B000E355B6 /* NSDictionary+DFJSON.h */ = {isa = PBXFileReference; fileEncoding = 4; lastKnownFileType = sourcecode.c.h; path = "NSDictionary+DFJSON.h"; sourceTree = "<group>"; };
		5A67605B18E210B000E355B6 /* NSDictionary+DFJSON.m */ = {isa = PBXFileReference; fileEncoding = 4; lastKnownFileType = sourcecode.c.objc; path = "NSDictionary+DFJSON.m"; sourceTree = "<group>"; };
		5A67605D18E2444E00E355B6 /* DFPhotoViewController.h */ = {isa = PBXFileReference; fileEncoding = 4; lastKnownFileType = sourcecode.c.h; path = DFPhotoViewController.h; sourceTree = "<group>"; };
		5A67605E18E2444E00E355B6 /* DFPhotoViewController.m */ = {isa = PBXFileReference; fileEncoding = 4; lastKnownFileType = sourcecode.c.objc; path = DFPhotoViewController.m; sourceTree = "<group>"; };
		5A67605F18E2444E00E355B6 /* DFPhotoViewController.xib */ = {isa = PBXFileReference; fileEncoding = 4; lastKnownFileType = file.xib; path = DFPhotoViewController.xib; sourceTree = "<group>"; };
		5A67606418E3389900E355B6 /* DFPhotoNavigationControllerViewController.h */ = {isa = PBXFileReference; fileEncoding = 4; lastKnownFileType = sourcecode.c.h; path = DFPhotoNavigationControllerViewController.h; sourceTree = "<group>"; };
		5A67606518E3389900E355B6 /* DFPhotoNavigationControllerViewController.m */ = {isa = PBXFileReference; fileEncoding = 4; lastKnownFileType = sourcecode.c.objc; path = DFPhotoNavigationControllerViewController.m; sourceTree = "<group>"; };
		5A67606718E3558500E355B6 /* DFMultiPhotoViewController.h */ = {isa = PBXFileReference; fileEncoding = 4; lastKnownFileType = sourcecode.c.h; path = DFMultiPhotoViewController.h; sourceTree = "<group>"; };
		5A67606818E3558500E355B6 /* DFMultiPhotoViewController.m */ = {isa = PBXFileReference; fileEncoding = 4; lastKnownFileType = sourcecode.c.objc; path = DFMultiPhotoViewController.m; sourceTree = "<group>"; };
		5A72E11718B55CB2000979D2 /* database.csv */ = {isa = PBXFileReference; fileEncoding = 4; lastKnownFileType = text; path = database.csv; sourceTree = "<group>"; };
		5A72E11B18B7EB83000979D2 /* QuartzCore.framework */ = {isa = PBXFileReference; lastKnownFileType = wrapper.framework; name = QuartzCore.framework; path = System/Library/Frameworks/QuartzCore.framework; sourceTree = SDKROOT; };
		5A72E11D18B7EB89000979D2 /* Security.framework */ = {isa = PBXFileReference; lastKnownFileType = wrapper.framework; name = Security.framework; path = System/Library/Frameworks/Security.framework; sourceTree = SDKROOT; };
		5A81ED3C18CFB574003EF557 /* CFNetwork.framework */ = {isa = PBXFileReference; lastKnownFileType = wrapper.framework; name = CFNetwork.framework; path = System/Library/Frameworks/CFNetwork.framework; sourceTree = SDKROOT; };
		5A81ED3E18CFB57F003EF557 /* MobileCoreServices.framework */ = {isa = PBXFileReference; lastKnownFileType = wrapper.framework; name = MobileCoreServices.framework; path = System/Library/Frameworks/MobileCoreServices.framework; sourceTree = SDKROOT; };
		5A81ED4018CFB591003EF557 /* SystemConfiguration.framework */ = {isa = PBXFileReference; lastKnownFileType = wrapper.framework; name = SystemConfiguration.framework; path = System/Library/Frameworks/SystemConfiguration.framework; sourceTree = SDKROOT; };
		5A8C98E3190AEAD700AE9F88 /* DFUploadOperation.h */ = {isa = PBXFileReference; fileEncoding = 4; lastKnownFileType = sourcecode.c.h; path = DFUploadOperation.h; sourceTree = "<group>"; };
		5A8C98E4190AEAD700AE9F88 /* DFUploadOperation.m */ = {isa = PBXFileReference; fileEncoding = 4; lastKnownFileType = sourcecode.c.objc; path = DFUploadOperation.m; sourceTree = "<group>"; };
		5A8C98E6190AFBF200AE9F88 /* DFStatusBarNotificationManager.h */ = {isa = PBXFileReference; fileEncoding = 4; lastKnownFileType = sourcecode.c.h; path = DFStatusBarNotificationManager.h; sourceTree = "<group>"; };
		5A8C98E7190AFBF200AE9F88 /* DFStatusBarNotificationManager.m */ = {isa = PBXFileReference; fileEncoding = 4; lastKnownFileType = sourcecode.c.objc; path = DFStatusBarNotificationManager.m; sourceTree = "<group>"; };
		5A8C98E9190EE78A00AE9F88 /* DFLocationPinger.h */ = {isa = PBXFileReference; fileEncoding = 4; lastKnownFileType = sourcecode.c.h; path = DFLocationPinger.h; sourceTree = "<group>"; };
		5A8C98EA190EE78B00AE9F88 /* DFLocationPinger.m */ = {isa = PBXFileReference; fileEncoding = 4; lastKnownFileType = sourcecode.c.objc; path = DFLocationPinger.m; sourceTree = "<group>"; };
		5A8C98EC19115BB800AE9F88 /* DFPhotoMetadataAdapter.h */ = {isa = PBXFileReference; fileEncoding = 4; lastKnownFileType = sourcecode.c.h; path = DFPhotoMetadataAdapter.h; sourceTree = "<group>"; };
		5A8C98ED19115BB800AE9F88 /* DFPhotoMetadataAdapter.m */ = {isa = PBXFileReference; fileEncoding = 4; lastKnownFileType = sourcecode.c.objc; path = DFPhotoMetadataAdapter.m; sourceTree = "<group>"; };
		5A8C98F41911793B00AE9F88 /* DFObjectManager.h */ = {isa = PBXFileReference; fileEncoding = 4; lastKnownFileType = sourcecode.c.h; path = DFObjectManager.h; sourceTree = "<group>"; };
		5A8C98F51911793B00AE9F88 /* DFObjectManager.m */ = {isa = PBXFileReference; fileEncoding = 4; lastKnownFileType = sourcecode.c.objc; path = DFObjectManager.m; sourceTree = "<group>"; };
		5A8C98F71911811F00AE9F88 /* NSDateFormatter+DFPhotoDateFormatters.h */ = {isa = PBXFileReference; fileEncoding = 4; lastKnownFileType = sourcecode.c.h; path = "NSDateFormatter+DFPhotoDateFormatters.h"; sourceTree = "<group>"; };
		5A8C98F81911811F00AE9F88 /* NSDateFormatter+DFPhotoDateFormatters.m */ = {isa = PBXFileReference; fileEncoding = 4; lastKnownFileType = sourcecode.c.objc; path = "NSDateFormatter+DFPhotoDateFormatters.m"; sourceTree = "<group>"; };
		5A8C98FA19118E9700AE9F88 /* DFNetworkAdapter.h */ = {isa = PBXFileReference; lastKnownFileType = sourcecode.c.h; path = DFNetworkAdapter.h; sourceTree = "<group>"; };
		5A8C98FE1913D6F400AE9F88 /* DFPeanutPhoto.h */ = {isa = PBXFileReference; fileEncoding = 4; lastKnownFileType = sourcecode.c.h; path = DFPeanutPhoto.h; sourceTree = "<group>"; };
		5A8C98FF1913D6F400AE9F88 /* DFPeanutPhoto.m */ = {isa = PBXFileReference; fileEncoding = 4; lastKnownFileType = sourcecode.c.objc; path = DFPeanutPhoto.m; sourceTree = "<group>"; };
		5A8D0AEB18EB36D600A1D9A7 /* NSNotificationCenter+DFThreadingAddons.h */ = {isa = PBXFileReference; fileEncoding = 4; lastKnownFileType = sourcecode.c.h; path = "NSNotificationCenter+DFThreadingAddons.h"; sourceTree = "<group>"; };
		5A8D0AEC18EB36D600A1D9A7 /* NSNotificationCenter+DFThreadingAddons.m */ = {isa = PBXFileReference; fileEncoding = 4; lastKnownFileType = sourcecode.c.objc; path = "NSNotificationCenter+DFThreadingAddons.m"; sourceTree = "<group>"; };
		5A8D0AF118EB6A9600A1D9A7 /* DFNotificationSharedConstants.h */ = {isa = PBXFileReference; fileEncoding = 4; lastKnownFileType = sourcecode.c.h; path = DFNotificationSharedConstants.h; sourceTree = "<group>"; };
		5A8D0AF218EB6A9600A1D9A7 /* DFNotificationSharedConstants.m */ = {isa = PBXFileReference; fileEncoding = 4; lastKnownFileType = sourcecode.c.objc; path = DFNotificationSharedConstants.m; sourceTree = "<group>"; };
		5A8D0B4818EF174F00A1D9A7 /* DFPhotoWebViewController.h */ = {isa = PBXFileReference; fileEncoding = 4; lastKnownFileType = sourcecode.c.h; path = DFPhotoWebViewController.h; sourceTree = "<group>"; };
		5A8D0B4918EF174F00A1D9A7 /* DFPhotoWebViewController.m */ = {isa = PBXFileReference; fileEncoding = 4; lastKnownFileType = sourcecode.c.objc; path = DFPhotoWebViewController.m; sourceTree = "<group>"; };
		5A8D0B4A18EF174F00A1D9A7 /* DFPhotoWebViewController.xib */ = {isa = PBXFileReference; fileEncoding = 4; lastKnownFileType = file.xib; path = DFPhotoWebViewController.xib; sourceTree = "<group>"; };
		5A8D0B5418EF525800A1D9A7 /* DFTableHeaderView.h */ = {isa = PBXFileReference; fileEncoding = 4; lastKnownFileType = sourcecode.c.h; path = DFTableHeaderView.h; sourceTree = "<group>"; };
		5A8D0B5518EF525800A1D9A7 /* DFTableHeaderView.m */ = {isa = PBXFileReference; fileEncoding = 4; lastKnownFileType = sourcecode.c.objc; path = DFTableHeaderView.m; sourceTree = "<group>"; };
		5A8D0B5718EF526E00A1D9A7 /* DFTableHeaderView.xib */ = {isa = PBXFileReference; fileEncoding = 4; lastKnownFileType = file.xib; path = DFTableHeaderView.xib; sourceTree = "<group>"; };
		5A97DC841937809700FA4718 /* DFSearchBarController.h */ = {isa = PBXFileReference; fileEncoding = 4; lastKnownFileType = sourcecode.c.h; path = DFSearchBarController.h; sourceTree = "<group>"; };
		5A97DC851937809700FA4718 /* DFSearchBarController.m */ = {isa = PBXFileReference; fileEncoding = 4; lastKnownFileType = sourcecode.c.objc; path = DFSearchBarController.m; sourceTree = "<group>"; };
		5AACB8F218F4574400F4EEB6 /* DFUserPeanutAdapter.h */ = {isa = PBXFileReference; fileEncoding = 4; lastKnownFileType = sourcecode.c.h; path = DFUserPeanutAdapter.h; sourceTree = "<group>"; };
		5AACB8F318F4574400F4EEB6 /* DFUserPeanutAdapter.m */ = {isa = PBXFileReference; fileEncoding = 4; lastKnownFileType = sourcecode.c.objc; path = DFUserPeanutAdapter.m; sourceTree = "<group>"; };
		5AACB8F818F4599800F4EEB6 /* DFNetworkingConstants.h */ = {isa = PBXFileReference; fileEncoding = 4; lastKnownFileType = sourcecode.c.h; path = DFNetworkingConstants.h; sourceTree = "<group>"; };
		5AACB8F918F4599800F4EEB6 /* DFNetworkingConstants.m */ = {isa = PBXFileReference; fileEncoding = 4; lastKnownFileType = sourcecode.c.objc; path = DFNetworkingConstants.m; sourceTree = "<group>"; };
		5AACB90718F49AED00F4EEB6 /* Flurry.h */ = {isa = PBXFileReference; fileEncoding = 4; lastKnownFileType = sourcecode.c.h; path = Flurry.h; sourceTree = "<group>"; };
		5AACB90818F49AED00F4EEB6 /* libFlurry_4.4.0.a */ = {isa = PBXFileReference; lastKnownFileType = archive.ar; path = libFlurry_4.4.0.a; sourceTree = "<group>"; };
		5AACB90B18F49D9700F4EEB6 /* DFAnalytics.h */ = {isa = PBXFileReference; fileEncoding = 4; lastKnownFileType = sourcecode.c.h; path = DFAnalytics.h; sourceTree = "<group>"; };
		5AACB90C18F49D9700F4EEB6 /* DFAnalytics.m */ = {isa = PBXFileReference; fileEncoding = 4; lastKnownFileType = sourcecode.c.objc; path = DFAnalytics.m; sourceTree = "<group>"; };
		5AACB91318F5D61300F4EEB6 /* DFUploadProgressView.h */ = {isa = PBXFileReference; fileEncoding = 4; lastKnownFileType = sourcecode.c.h; path = DFUploadProgressView.h; sourceTree = "<group>"; };
		5AACB91418F5D61300F4EEB6 /* DFUploadProgressView.m */ = {isa = PBXFileReference; fileEncoding = 4; lastKnownFileType = sourcecode.c.objc; path = DFUploadProgressView.m; sourceTree = "<group>"; };
		5AACB91618F5D63500F4EEB6 /* DFUploadProgressView.xib */ = {isa = PBXFileReference; fileEncoding = 4; lastKnownFileType = file.xib; path = DFUploadProgressView.xib; sourceTree = "<group>"; };
		5AACB91E18F6092F00F4EEB6 /* HockeySDK.framework */ = {isa = PBXFileReference; lastKnownFileType = wrapper.framework; path = HockeySDK.framework; sourceTree = "<group>"; };
		5AACB92018F6092F00F4EEB6 /* HockeySDK.xcconfig */ = {isa = PBXFileReference; fileEncoding = 4; lastKnownFileType = text.xcconfig; path = HockeySDK.xcconfig; sourceTree = "<group>"; };
		5AACB92118F6092F00F4EEB6 /* HockeySDKResources.bundle */ = {isa = PBXFileReference; lastKnownFileType = "wrapper.plug-in"; path = HockeySDKResources.bundle; sourceTree = "<group>"; };
		5AB32EA618F0CD3B004FC27B /* DFKeyboardResizingViewController.h */ = {isa = PBXFileReference; fileEncoding = 4; lastKnownFileType = sourcecode.c.h; path = DFKeyboardResizingViewController.h; sourceTree = "<group>"; };
		5AB32EA718F0CD3B004FC27B /* DFKeyboardResizingViewController.m */ = {isa = PBXFileReference; fileEncoding = 4; lastKnownFileType = sourcecode.c.objc; path = DFKeyboardResizingViewController.m; sourceTree = "<group>"; };
		5AB32EA918F1E1B7004FC27B /* DFSuggestionAdapter.h */ = {isa = PBXFileReference; fileEncoding = 4; lastKnownFileType = sourcecode.c.h; path = DFSuggestionAdapter.h; sourceTree = "<group>"; };
		5AB32EAA18F1E1B7004FC27B /* DFSuggestionAdapter.m */ = {isa = PBXFileReference; fileEncoding = 4; lastKnownFileType = sourcecode.c.objc; path = DFSuggestionAdapter.m; sourceTree = "<group>"; };
		5AB3983619252D9700E6E69E /* DFIntro.storyboard */ = {isa = PBXFileReference; fileEncoding = 4; lastKnownFileType = file.storyboard; path = DFIntro.storyboard; sourceTree = "<group>"; };
		5AB3983B192530F200E6E69E /* DFIntroContentViewController.h */ = {isa = PBXFileReference; fileEncoding = 4; lastKnownFileType = sourcecode.c.h; path = DFIntroContentViewController.h; sourceTree = "<group>"; };
		5AB3983C192530F200E6E69E /* DFIntroContentViewController.m */ = {isa = PBXFileReference; fileEncoding = 4; lastKnownFileType = sourcecode.c.objc; path = DFIntroContentViewController.m; sourceTree = "<group>"; };
		5AB3983E192533D800E6E69E /* DFIntroPageViewController.h */ = {isa = PBXFileReference; fileEncoding = 4; lastKnownFileType = sourcecode.c.h; path = DFIntroPageViewController.h; sourceTree = "<group>"; };
		5AB3983F192533D800E6E69E /* DFIntroPageViewController.m */ = {isa = PBXFileReference; fileEncoding = 4; lastKnownFileType = sourcecode.c.objc; path = DFIntroPageViewController.m; sourceTree = "<group>"; };
		5AB39841192563E700E6E69E /* IntroPage1.rtf */ = {isa = PBXFileReference; fileEncoding = 4; lastKnownFileType = text.rtf; path = IntroPage1.rtf; sourceTree = "<group>"; };
		5AB398431925690C00E6E69E /* IntroPage2.rtf */ = {isa = PBXFileReference; fileEncoding = 4; lastKnownFileType = text.rtf; path = IntroPage2.rtf; sourceTree = "<group>"; };
		5AB398441925690C00E6E69E /* IntroPage3.rtf */ = {isa = PBXFileReference; fileEncoding = 4; lastKnownFileType = text.rtf; path = IntroPage3.rtf; sourceTree = "<group>"; };
		5AC40EDC1908738C00ED3532 /* DFLogConfig.h */ = {isa = PBXFileReference; fileEncoding = 4; lastKnownFileType = sourcecode.c.h; path = DFLogConfig.h; sourceTree = "<group>"; };
		5AC40EDD1908738C00ED3532 /* DFLogConfig.m */ = {isa = PBXFileReference; fileEncoding = 4; lastKnownFileType = sourcecode.c.objc; path = DFLogConfig.m; sourceTree = "<group>"; };
		5AC40EDF1909B2C000ED3532 /* DFPhotoStore+IntegrityCheck.h */ = {isa = PBXFileReference; fileEncoding = 4; lastKnownFileType = sourcecode.c.h; path = "DFPhotoStore+IntegrityCheck.h"; sourceTree = "<group>"; };
		5AC40EE01909B2C000ED3532 /* DFPhotoStore+IntegrityCheck.m */ = {isa = PBXFileReference; fileEncoding = 4; lastKnownFileType = sourcecode.c.objc; path = "DFPhotoStore+IntegrityCheck.m"; sourceTree = "<group>"; };
		5AC40EE2190AD0E700ED3532 /* DFUploadController.h */ = {isa = PBXFileReference; fileEncoding = 4; lastKnownFileType = sourcecode.c.h; path = DFUploadController.h; sourceTree = "<group>"; };
		5AC40EE3190AD0E700ED3532 /* DFUploadController.m */ = {isa = PBXFileReference; fileEncoding = 4; lastKnownFileType = sourcecode.c.objc; path = DFUploadController.m; sourceTree = "<group>"; };
		5AC677E21906E47E002F9D42 /* Duffy 2.xcdatamodel */ = {isa = PBXFileReference; lastKnownFileType = wrapper.xcdatamodel; path = "Duffy 2.xcdatamodel"; sourceTree = "<group>"; };
		5AC677E61906F027002F9D42 /* DFDataHasher.h */ = {isa = PBXFileReference; fileEncoding = 4; lastKnownFileType = sourcecode.c.h; path = DFDataHasher.h; sourceTree = "<group>"; };
		5AC677E71906F027002F9D42 /* DFDataHasher.m */ = {isa = PBXFileReference; fileEncoding = 4; lastKnownFileType = sourcecode.c.objc; path = DFDataHasher.m; sourceTree = "<group>"; };
		5AC677E9190700F6002F9D42 /* Duffy 3.xcdatamodel */ = {isa = PBXFileReference; lastKnownFileType = wrapper.xcdatamodel; path = "Duffy 3.xcdatamodel"; sourceTree = "<group>"; };
		5AD62A4F19215C6300EE22D7 /* ALAsset+DFExtensions.h */ = {isa = PBXFileReference; fileEncoding = 4; lastKnownFileType = sourcecode.c.h; path = "ALAsset+DFExtensions.h"; sourceTree = "<group>"; };
		5AD62A5019215C6300EE22D7 /* ALAsset+DFExtensions.m */ = {isa = PBXFileReference; fileEncoding = 4; lastKnownFileType = sourcecode.c.objc; path = "ALAsset+DFExtensions.m"; sourceTree = "<group>"; };
		5AD62A521921648D00EE22D7 /* DFCameraRollSyncOperation.h */ = {isa = PBXFileReference; fileEncoding = 4; lastKnownFileType = sourcecode.c.h; path = DFCameraRollSyncOperation.h; sourceTree = "<group>"; };
		5AD62A531921648D00EE22D7 /* DFCameraRollSyncOperation.m */ = {isa = PBXFileReference; fileEncoding = 4; lastKnownFileType = sourcecode.c.objc; path = DFCameraRollSyncOperation.m; sourceTree = "<group>"; };
		5AD62AA7192290BF00EE22D7 /* DFJSONConvertible.h */ = {isa = PBXFileReference; lastKnownFileType = sourcecode.c.h; path = DFJSONConvertible.h; sourceTree = "<group>"; };
		5AD62AF21922D36200EE22D7 /* NSArray+DFJSON.h */ = {isa = PBXFileReference; fileEncoding = 4; lastKnownFileType = sourcecode.c.h; path = "NSArray+DFJSON.h"; sourceTree = "<group>"; };
		5AD62AF31922D36200EE22D7 /* NSArray+DFJSON.m */ = {isa = PBXFileReference; fileEncoding = 4; lastKnownFileType = sourcecode.c.objc; path = "NSArray+DFJSON.m"; sourceTree = "<group>"; };
		5AD62B0C1923E33700EE22D7 /* DFDevelopmentSettingsViewController.h */ = {isa = PBXFileReference; fileEncoding = 4; lastKnownFileType = sourcecode.c.h; path = DFDevelopmentSettingsViewController.h; sourceTree = "<group>"; };
		5AD62B0D1923E33700EE22D7 /* DFDevelopmentSettingsViewController.m */ = {isa = PBXFileReference; fileEncoding = 4; lastKnownFileType = sourcecode.c.objc; path = DFDevelopmentSettingsViewController.m; sourceTree = "<group>"; };
		5AD62B0E1923E33700EE22D7 /* DFDevelopmentSettingsViewController.xib */ = {isa = PBXFileReference; fileEncoding = 4; lastKnownFileType = file.xib; path = DFDevelopmentSettingsViewController.xib; sourceTree = "<group>"; };
		5AD8AD3B191AD76F00782144 /* DFFaceFeature.h */ = {isa = PBXFileReference; fileEncoding = 4; lastKnownFileType = sourcecode.c.h; path = DFFaceFeature.h; sourceTree = "<group>"; };
		5AD8AD3C191AD76F00782144 /* DFFaceFeature.m */ = {isa = PBXFileReference; fileEncoding = 4; lastKnownFileType = sourcecode.c.objc; path = DFFaceFeature.m; sourceTree = "<group>"; };
		5AD8AD3E191BDFCB00782144 /* DFPeanutFaceFeature.h */ = {isa = PBXFileReference; fileEncoding = 4; lastKnownFileType = sourcecode.c.h; path = DFPeanutFaceFeature.h; sourceTree = "<group>"; };
		5AD8AD3F191BDFCB00782144 /* DFPeanutFaceFeature.m */ = {isa = PBXFileReference; fileEncoding = 4; lastKnownFileType = sourcecode.c.objc; path = DFPeanutFaceFeature.m; sourceTree = "<group>"; };
		5AD8AD43191D398200782144 /* DFPeanutSuggestion.h */ = {isa = PBXFileReference; fileEncoding = 4; lastKnownFileType = sourcecode.c.h; path = DFPeanutSuggestion.h; sourceTree = "<group>"; };
		5AD8AD44191D398200782144 /* DFPeanutSuggestion.m */ = {isa = PBXFileReference; fileEncoding = 4; lastKnownFileType = sourcecode.c.objc; path = DFPeanutSuggestion.m; sourceTree = "<group>"; };
		5AD8AD46191D462500782144 /* DFSearchResultTableViewCell.h */ = {isa = PBXFileReference; fileEncoding = 4; lastKnownFileType = sourcecode.c.h; path = DFSearchResultTableViewCell.h; sourceTree = "<group>"; };
		5AD8AD47191D462500782144 /* DFSearchResultTableViewCell.m */ = {isa = PBXFileReference; fileEncoding = 4; lastKnownFileType = sourcecode.c.objc; path = DFSearchResultTableViewCell.m; sourceTree = "<group>"; };
		5AD8AD48191D462500782144 /* DFSearchResultTableViewCell.xib */ = {isa = PBXFileReference; fileEncoding = 4; lastKnownFileType = file.xib; path = DFSearchResultTableViewCell.xib; sourceTree = "<group>"; };
		5AD8AD4B191FCDE800782144 /* DFAppInfo.h */ = {isa = PBXFileReference; fileEncoding = 4; lastKnownFileType = sourcecode.c.h; path = DFAppInfo.h; sourceTree = "<group>"; };
		5AD8AD4C191FCDE800782144 /* DFAppInfo.m */ = {isa = PBXFileReference; fileEncoding = 4; lastKnownFileType = sourcecode.c.objc; path = DFAppInfo.m; sourceTree = "<group>"; };
		5ADB24B7189985590016CA02 /* Duffy.app */ = {isa = PBXFileReference; explicitFileType = wrapper.application; includeInIndex = 0; path = Duffy.app; sourceTree = BUILT_PRODUCTS_DIR; };
		5ADB24BA189985590016CA02 /* Foundation.framework */ = {isa = PBXFileReference; lastKnownFileType = wrapper.framework; name = Foundation.framework; path = System/Library/Frameworks/Foundation.framework; sourceTree = SDKROOT; };
		5ADB24BC189985590016CA02 /* CoreGraphics.framework */ = {isa = PBXFileReference; lastKnownFileType = wrapper.framework; name = CoreGraphics.framework; path = System/Library/Frameworks/CoreGraphics.framework; sourceTree = SDKROOT; };
		5ADB24BE189985590016CA02 /* UIKit.framework */ = {isa = PBXFileReference; lastKnownFileType = wrapper.framework; name = UIKit.framework; path = System/Library/Frameworks/UIKit.framework; sourceTree = SDKROOT; };
		5ADB24C0189985590016CA02 /* CoreData.framework */ = {isa = PBXFileReference; lastKnownFileType = wrapper.framework; name = CoreData.framework; path = System/Library/Frameworks/CoreData.framework; sourceTree = SDKROOT; };
		5ADB24C4189985590016CA02 /* Duffy-Info.plist */ = {isa = PBXFileReference; lastKnownFileType = text.plist.xml; path = "Duffy-Info.plist"; sourceTree = "<group>"; };
		5ADB24C6189985590016CA02 /* en */ = {isa = PBXFileReference; lastKnownFileType = text.plist.strings; name = en; path = en.lproj/InfoPlist.strings; sourceTree = "<group>"; };
		5ADB24C8189985590016CA02 /* main.m */ = {isa = PBXFileReference; lastKnownFileType = sourcecode.c.objc; path = main.m; sourceTree = "<group>"; };
		5ADB24CA189985590016CA02 /* Duffy-Prefix.pch */ = {isa = PBXFileReference; lastKnownFileType = sourcecode.c.h; path = "Duffy-Prefix.pch"; sourceTree = "<group>"; };
		5ADB24CB189985590016CA02 /* DFAppDelegate.h */ = {isa = PBXFileReference; lastKnownFileType = sourcecode.c.h; path = DFAppDelegate.h; sourceTree = "<group>"; };
		5ADB24CC189985590016CA02 /* DFAppDelegate.m */ = {isa = PBXFileReference; lastKnownFileType = sourcecode.c.objc; path = DFAppDelegate.m; sourceTree = "<group>"; };
		5ADB24CF189985590016CA02 /* Duffy.xcdatamodel */ = {isa = PBXFileReference; lastKnownFileType = wrapper.xcdatamodel; path = Duffy.xcdatamodel; sourceTree = "<group>"; };
		5ADB24D1189985590016CA02 /* Images.xcassets */ = {isa = PBXFileReference; lastKnownFileType = folder.assetcatalog; path = Images.xcassets; sourceTree = "<group>"; };
		5ADB24D7189985590016CA02 /* DuffyTests.xctest */ = {isa = PBXFileReference; explicitFileType = wrapper.cfbundle; includeInIndex = 0; path = DuffyTests.xctest; sourceTree = BUILT_PRODUCTS_DIR; };
		5ADB24D8189985590016CA02 /* XCTest.framework */ = {isa = PBXFileReference; lastKnownFileType = wrapper.framework; name = XCTest.framework; path = Library/Frameworks/XCTest.framework; sourceTree = DEVELOPER_DIR; };
		5ADB24E1189985590016CA02 /* DuffyTests-Info.plist */ = {isa = PBXFileReference; lastKnownFileType = text.plist.xml; path = "DuffyTests-Info.plist"; sourceTree = "<group>"; };
		5ADB24E3189985590016CA02 /* en */ = {isa = PBXFileReference; lastKnownFileType = text.plist.strings; name = en; path = en.lproj/InfoPlist.strings; sourceTree = "<group>"; };
		5ADB24E5189985590016CA02 /* DuffyTests.m */ = {isa = PBXFileReference; lastKnownFileType = sourcecode.c.objc; path = DuffyTests.m; sourceTree = "<group>"; };
		5ADB24EF189985A20016CA02 /* DFPhotosGridViewController.h */ = {isa = PBXFileReference; fileEncoding = 4; lastKnownFileType = sourcecode.c.h; path = DFPhotosGridViewController.h; sourceTree = "<group>"; };
		5ADB24F0189985A20016CA02 /* DFPhotosGridViewController.m */ = {isa = PBXFileReference; fileEncoding = 4; lastKnownFileType = sourcecode.c.objc; path = DFPhotosGridViewController.m; sourceTree = "<group>"; };
		5ADB24F1189985A20016CA02 /* DFPhotosGridViewController.xib */ = {isa = PBXFileReference; fileEncoding = 4; lastKnownFileType = file.xib; path = DFPhotosGridViewController.xib; sourceTree = "<group>"; };
		5ADB24F418998CBA0016CA02 /* AssetsLibrary.framework */ = {isa = PBXFileReference; lastKnownFileType = wrapper.framework; name = AssetsLibrary.framework; path = System/Library/Frameworks/AssetsLibrary.framework; sourceTree = SDKROOT; };
		5ADB24F618998D070016CA02 /* DFPhotoStore.h */ = {isa = PBXFileReference; fileEncoding = 4; lastKnownFileType = sourcecode.c.h; path = DFPhotoStore.h; sourceTree = "<group>"; };
		5ADB24F718998D070016CA02 /* DFPhotoStore.m */ = {isa = PBXFileReference; fileEncoding = 4; lastKnownFileType = sourcecode.c.objc; path = DFPhotoStore.m; sourceTree = "<group>"; };
		5ADB24F9189992180016CA02 /* DFPhotoViewCell.h */ = {isa = PBXFileReference; fileEncoding = 4; lastKnownFileType = sourcecode.c.h; path = DFPhotoViewCell.h; sourceTree = "<group>"; };
		5ADB24FA189992180016CA02 /* DFPhotoViewCell.m */ = {isa = PBXFileReference; fileEncoding = 4; lastKnownFileType = sourcecode.c.objc; path = DFPhotoViewCell.m; sourceTree = "<group>"; };
		5ADB24FC189992A00016CA02 /* DFPhotoViewCell.xib */ = {isa = PBXFileReference; fileEncoding = 4; lastKnownFileType = file.xib; path = DFPhotoViewCell.xib; sourceTree = "<group>"; };
		5ADB2507189ABBB50016CA02 /* DFPhoto.h */ = {isa = PBXFileReference; fileEncoding = 4; lastKnownFileType = sourcecode.c.h; path = DFPhoto.h; sourceTree = "<group>"; };
		5ADB2508189ABBB50016CA02 /* DFPhoto.m */ = {isa = PBXFileReference; fileEncoding = 4; lastKnownFileType = sourcecode.c.objc; path = DFPhoto.m; sourceTree = "<group>"; };
		5ADB2512189AED860016CA02 /* DFCameraRollViewController.h */ = {isa = PBXFileReference; fileEncoding = 4; lastKnownFileType = sourcecode.c.h; path = DFCameraRollViewController.h; sourceTree = "<group>"; };
		5ADB2513189AED860016CA02 /* DFCameraRollViewController.m */ = {isa = PBXFileReference; fileEncoding = 4; lastKnownFileType = sourcecode.c.objc; path = DFCameraRollViewController.m; sourceTree = "<group>"; };
		5AE3BF6F18E4CCC600ACB5DC /* DFBoundingBoxView.h */ = {isa = PBXFileReference; fileEncoding = 4; lastKnownFileType = sourcecode.c.h; path = DFBoundingBoxView.h; sourceTree = "<group>"; };
		5AE3BF7018E4CCC600ACB5DC /* DFBoundingBoxView.m */ = {isa = PBXFileReference; fileEncoding = 4; lastKnownFileType = sourcecode.c.objc; path = DFBoundingBoxView.m; sourceTree = "<group>"; };
		5AE3BF7218E4D08F00ACB5DC /* CoreImage.framework */ = {isa = PBXFileReference; lastKnownFileType = wrapper.framework; name = CoreImage.framework; path = System/Library/Frameworks/CoreImage.framework; sourceTree = SDKROOT; };
		5AE3BF7418E4D1BF00ACB5DC /* ImageIO.framework */ = {isa = PBXFileReference; lastKnownFileType = wrapper.framework; name = ImageIO.framework; path = System/Library/Frameworks/ImageIO.framework; sourceTree = SDKROOT; };
		5AE3BF7618E4D46100ACB5DC /* DFImageView.h */ = {isa = PBXFileReference; fileEncoding = 4; lastKnownFileType = sourcecode.c.h; path = DFImageView.h; sourceTree = "<group>"; };
		5AE3BF7718E4D46100ACB5DC /* DFImageView.m */ = {isa = PBXFileReference; fileEncoding = 4; lastKnownFileType = sourcecode.c.objc; path = DFImageView.m; sourceTree = "<group>"; };
		5AE3BF7918E4D5C900ACB5DC /* DFCGRectHelpers.h */ = {isa = PBXFileReference; fileEncoding = 4; lastKnownFileType = sourcecode.c.h; path = DFCGRectHelpers.h; sourceTree = "<group>"; };
		5AE3BF7A18E4D5C900ACB5DC /* DFCGRectHelpers.m */ = {isa = PBXFileReference; fileEncoding = 4; lastKnownFileType = sourcecode.c.objc; path = DFCGRectHelpers.m; sourceTree = "<group>"; };
		5AE3BF7C18E4E91700ACB5DC /* UIImage+DFHelpers.h */ = {isa = PBXFileReference; fileEncoding = 4; lastKnownFileType = sourcecode.c.h; path = "UIImage+DFHelpers.h"; sourceTree = "<group>"; };
		5AE3BF7D18E4E91700ACB5DC /* UIImage+DFHelpers.m */ = {isa = PBXFileReference; fileEncoding = 4; lastKnownFileType = sourcecode.c.objc; path = "UIImage+DFHelpers.m"; sourceTree = "<group>"; };
		5AE3BF7F18E6301B00ACB5DC /* DFPhoto+FaceDetection.h */ = {isa = PBXFileReference; fileEncoding = 4; lastKnownFileType = sourcecode.c.h; path = "DFPhoto+FaceDetection.h"; sourceTree = "<group>"; };
		5AE3BF8018E6301B00ACB5DC /* DFPhoto+FaceDetection.m */ = {isa = PBXFileReference; fileEncoding = 4; lastKnownFileType = sourcecode.c.objc; path = "DFPhoto+FaceDetection.m"; sourceTree = "<group>"; };
		5AE3BF8218E724A200ACB5DC /* DFPhotoImageCache.h */ = {isa = PBXFileReference; fileEncoding = 4; lastKnownFileType = sourcecode.c.h; path = DFPhotoImageCache.h; sourceTree = "<group>"; };
		5AE3BF8318E724A200ACB5DC /* DFPhotoImageCache.m */ = {isa = PBXFileReference; fileEncoding = 4; lastKnownFileType = sourcecode.c.objc; path = DFPhotoImageCache.m; sourceTree = "<group>"; };
		5AF12166192E879400EB0232 /* LoadSearchError.html */ = {isa = PBXFileReference; fileEncoding = 4; lastKnownFileType = text.html; path = LoadSearchError.html; sourceTree = "<group>"; };
		5AF12168192FA7E000EB0232 /* DFURLProtocol.h */ = {isa = PBXFileReference; fileEncoding = 4; lastKnownFileType = sourcecode.c.h; path = DFURLProtocol.h; sourceTree = "<group>"; };
		5AF12169192FA7E000EB0232 /* DFURLProtocol.m */ = {isa = PBXFileReference; fileEncoding = 4; lastKnownFileType = sourcecode.c.objc; path = DFURLProtocol.m; sourceTree = "<group>"; };
		5AF1216E192FE1AD00EB0232 /* DFAutocompleteAdapter.h */ = {isa = PBXFileReference; fileEncoding = 4; lastKnownFileType = sourcecode.c.h; path = DFAutocompleteAdapter.h; sourceTree = "<group>"; };
		5AF1216F192FE1AD00EB0232 /* DFAutocompleteAdapter.m */ = {isa = PBXFileReference; fileEncoding = 4; lastKnownFileType = sourcecode.c.objc; path = DFAutocompleteAdapter.m; sourceTree = "<group>"; };
		5AF1217B192FEA8500EB0232 /* DFPeanutAutocompleteResponse.h */ = {isa = PBXFileReference; fileEncoding = 4; lastKnownFileType = sourcecode.c.h; path = DFPeanutAutocompleteResponse.h; sourceTree = "<group>"; };
		5AF1217C192FEA8500EB0232 /* DFPeanutAutocompleteResponse.m */ = {isa = PBXFileReference; fileEncoding = 4; lastKnownFileType = sourcecode.c.objc; path = DFPeanutAutocompleteResponse.m; sourceTree = "<group>"; };
		5AFBCA3318D0C87E00998793 /* DFUser.h */ = {isa = PBXFileReference; fileEncoding = 4; lastKnownFileType = sourcecode.c.h; path = DFUser.h; sourceTree = "<group>"; };
		5AFBCA3418D0C87E00998793 /* DFUser.m */ = {isa = PBXFileReference; fileEncoding = 4; lastKnownFileType = sourcecode.c.objc; path = DFUser.m; sourceTree = "<group>"; };
		5AFBCA3618D0E0FD00998793 /* DFSettingsViewController.h */ = {isa = PBXFileReference; fileEncoding = 4; lastKnownFileType = sourcecode.c.h; path = DFSettingsViewController.h; sourceTree = "<group>"; };
		5AFBCA3718D0E0FD00998793 /* DFSettingsViewController.m */ = {isa = PBXFileReference; fileEncoding = 4; lastKnownFileType = sourcecode.c.objc; path = DFSettingsViewController.m; sourceTree = "<group>"; };
		5AFBCA3818D0E0FD00998793 /* DFSettingsViewController.xib */ = {isa = PBXFileReference; fileEncoding = 4; lastKnownFileType = file.xib; path = DFSettingsViewController.xib; sourceTree = "<group>"; };
		5AFBCA4818D236A900998793 /* UIImage+Alpha.h */ = {isa = PBXFileReference; fileEncoding = 4; lastKnownFileType = sourcecode.c.h; name = "UIImage+Alpha.h"; path = "ThirdParty/UIImage-Categories/UIImage+Alpha.h"; sourceTree = "<group>"; };
		5AFBCA4918D236A900998793 /* UIImage+Alpha.m */ = {isa = PBXFileReference; fileEncoding = 4; lastKnownFileType = sourcecode.c.objc; name = "UIImage+Alpha.m"; path = "ThirdParty/UIImage-Categories/UIImage+Alpha.m"; sourceTree = "<group>"; };
		5AFBCA4A18D236A900998793 /* UIImage+Resize.h */ = {isa = PBXFileReference; fileEncoding = 4; lastKnownFileType = sourcecode.c.h; name = "UIImage+Resize.h"; path = "ThirdParty/UIImage-Categories/UIImage+Resize.h"; sourceTree = "<group>"; };
		5AFBCA4B18D236A900998793 /* UIImage+Resize.m */ = {isa = PBXFileReference; fileEncoding = 4; lastKnownFileType = sourcecode.c.objc; name = "UIImage+Resize.m"; path = "ThirdParty/UIImage-Categories/UIImage+Resize.m"; sourceTree = "<group>"; };
		5AFBCA4C18D236A900998793 /* UIImage+RoundedCorner.h */ = {isa = PBXFileReference; fileEncoding = 4; lastKnownFileType = sourcecode.c.h; name = "UIImage+RoundedCorner.h"; path = "ThirdParty/UIImage-Categories/UIImage+RoundedCorner.h"; sourceTree = "<group>"; };
		5AFBCA4D18D236A900998793 /* UIImage+RoundedCorner.m */ = {isa = PBXFileReference; fileEncoding = 4; lastKnownFileType = sourcecode.c.objc; name = "UIImage+RoundedCorner.m"; path = "ThirdParty/UIImage-Categories/UIImage+RoundedCorner.m"; sourceTree = "<group>"; };
		68ED45F75CA648D08A506609 /* libPods.a */ = {isa = PBXFileReference; explicitFileType = archive.ar; includeInIndex = 0; path = libPods.a; sourceTree = BUILT_PRODUCTS_DIR; };
/* End PBXFileReference section */

/* Begin PBXFrameworksBuildPhase section */
		5ADB24B4189985590016CA02 /* Frameworks */ = {
			isa = PBXFrameworksBuildPhase;
			buildActionMask = 2147483647;
			files = (
				5AE3BF7518E4D1BF00ACB5DC /* ImageIO.framework in Frameworks */,
				5AE3BF7318E4D08F00ACB5DC /* CoreImage.framework in Frameworks */,
				5A67605918E2039800E355B6 /* CoreLocation.framework in Frameworks */,
				5A81ED4118CFB591003EF557 /* SystemConfiguration.framework in Frameworks */,
				5AACB92218F6092F00F4EEB6 /* HockeySDK.framework in Frameworks */,
				5A81ED3F18CFB57F003EF557 /* MobileCoreServices.framework in Frameworks */,
				5AACB90918F49AED00F4EEB6 /* libFlurry_4.4.0.a in Frameworks */,
				5A81ED3D18CFB574003EF557 /* CFNetwork.framework in Frameworks */,
				5A72E11E18B7EB89000979D2 /* Security.framework in Frameworks */,
				5A72E11C18B7EB83000979D2 /* QuartzCore.framework in Frameworks */,
				5ADB24F518998CBA0016CA02 /* AssetsLibrary.framework in Frameworks */,
				5ADB24BD189985590016CA02 /* CoreGraphics.framework in Frameworks */,
				5ADB24C1189985590016CA02 /* CoreData.framework in Frameworks */,
				5ADB24BF189985590016CA02 /* UIKit.framework in Frameworks */,
				5ADB24BB189985590016CA02 /* Foundation.framework in Frameworks */,
				502B025BD24C4FB89333BFED /* libPods.a in Frameworks */,
			);
			runOnlyForDeploymentPostprocessing = 0;
		};
		5ADB24D4189985590016CA02 /* Frameworks */ = {
			isa = PBXFrameworksBuildPhase;
			buildActionMask = 2147483647;
			files = (
				5ADB24D9189985590016CA02 /* XCTest.framework in Frameworks */,
				5ADB24DC189985590016CA02 /* CoreData.framework in Frameworks */,
				5ADB24DB189985590016CA02 /* UIKit.framework in Frameworks */,
				5ADB24DA189985590016CA02 /* Foundation.framework in Frameworks */,
			);
			runOnlyForDeploymentPostprocessing = 0;
		};
/* End PBXFrameworksBuildPhase section */

/* Begin PBXGroup section */
		5A37478D18CE480000E27F00 /* Generic Views */ = {
			isa = PBXGroup;
			children = (
				5A8C98E6190AFBF200AE9F88 /* DFStatusBarNotificationManager.h */,
				5A8C98E7190AFBF200AE9F88 /* DFStatusBarNotificationManager.m */,
				5A8D0B5318EF51BD00A1D9A7 /* Table view */,
				5A8D0B5218EF515900A1D9A7 /* Photos grid and nav */,
				5A8D0B5118EF515100A1D9A7 /* Custom image view */,
				5AB32EA618F0CD3B004FC27B /* DFKeyboardResizingViewController.h */,
				5AB32EA718F0CD3B004FC27B /* DFKeyboardResizingViewController.m */,
				5AACB91318F5D61300F4EEB6 /* DFUploadProgressView.h */,
				5AACB91418F5D61300F4EEB6 /* DFUploadProgressView.m */,
				5AACB91618F5D63500F4EEB6 /* DFUploadProgressView.xib */,
			);
			name = "Generic Views";
			sourceTree = "<group>";
		};
		5A5FCB3D192D50FE00A060A7 /* Intro Text */ = {
			isa = PBXGroup;
			children = (
				5AB39841192563E700E6E69E /* IntroPage1.rtf */,
				5AB398431925690C00E6E69E /* IntroPage2.rtf */,
				5AB398441925690C00E6E69E /* IntroPage3.rtf */,
			);
			name = "Intro Text";
			sourceTree = "<group>";
		};
		5A67606218E3381D00E355B6 /* Background processes */ = {
			isa = PBXGroup;
			children = (
				5A45E9C418DA44F6002663EB /* DFCameraRollSyncController.h */,
				5A45E9C518DA44F6002663EB /* DFCameraRollSyncController.m */,
				5AD62A521921648D00EE22D7 /* DFCameraRollSyncOperation.h */,
				5AD62A531921648D00EE22D7 /* DFCameraRollSyncOperation.m */,
			);
			name = "Background processes";
			sourceTree = "<group>";
		};
		5A67606318E3384900E355B6 /* View Controllers */ = {
			isa = PBXGroup;
			children = (
				5AB3983519252D8100E6E69E /* Intro */,
				5AB32EAC18F30121004FC27B /* Camera Roll */,
				5AB32EAD18F3012D004FC27B /* Search View */,
				5AB32EAE18F30136004FC27B /* Settings View */,
			);
			name = "View Controllers";
			sourceTree = "<group>";
		};
		5A8C98EF191161CE00AE9F88 /* Core Data */ = {
			isa = PBXGroup;
			children = (
				5ADB24CE189985590016CA02 /* Duffy.xcdatamodeld */,
			);
			name = "Core Data";
			sourceTree = "<group>";
		};
		5A8C98FD1913D6C200AE9F88 /* Photo Uploads */ = {
			isa = PBXGroup;
			children = (
				5A8C98EC19115BB800AE9F88 /* DFPhotoMetadataAdapter.h */,
				5A8C98ED19115BB800AE9F88 /* DFPhotoMetadataAdapter.m */,
				5AC40EE2190AD0E700ED3532 /* DFUploadController.h */,
				5AC40EE3190AD0E700ED3532 /* DFUploadController.m */,
				5A8C98E3190AEAD700AE9F88 /* DFUploadOperation.h */,
				5A8C98E4190AEAD700AE9F88 /* DFUploadOperation.m */,
				5A51272919007CE00057A31F /* DFUploadQueue.h */,
				5A51272A19007CE00057A31F /* DFUploadQueue.m */,
				5A45E9CA18DB990D002663EB /* DFUploadSessionStats.h */,
				5A45E9CB18DB990D002663EB /* DFUploadSessionStats.m */,
				5AD8AD41191BDFCF00782144 /* Mappings */,
			);
			name = "Photo Uploads";
			sourceTree = "<group>";
		};
		5A8D0B4D18EF2FBA00A1D9A7 /* Photo Web View */ = {
			isa = PBXGroup;
			children = (
				5A8D0B4818EF174F00A1D9A7 /* DFPhotoWebViewController.h */,
				5A8D0B4918EF174F00A1D9A7 /* DFPhotoWebViewController.m */,
				5A8D0B4A18EF174F00A1D9A7 /* DFPhotoWebViewController.xib */,
			);
			name = "Photo Web View";
			sourceTree = "<group>";
		};
		5A8D0B5118EF515100A1D9A7 /* Custom image view */ = {
			isa = PBXGroup;
			children = (
				5AE3BF6F18E4CCC600ACB5DC /* DFBoundingBoxView.h */,
				5AE3BF7018E4CCC600ACB5DC /* DFBoundingBoxView.m */,
				5AE3BF7618E4D46100ACB5DC /* DFImageView.h */,
				5AE3BF7718E4D46100ACB5DC /* DFImageView.m */,
			);
			name = "Custom image view";
			sourceTree = "<group>";
		};
		5A8D0B5218EF515900A1D9A7 /* Photos grid and nav */ = {
			isa = PBXGroup;
			children = (
				5ADB24F9189992180016CA02 /* DFPhotoViewCell.h */,
				5ADB24FA189992180016CA02 /* DFPhotoViewCell.m */,
				5ADB24FC189992A00016CA02 /* DFPhotoViewCell.xib */,
				5ADB24EF189985A20016CA02 /* DFPhotosGridViewController.h */,
				5ADB24F0189985A20016CA02 /* DFPhotosGridViewController.m */,
				5ADB24F1189985A20016CA02 /* DFPhotosGridViewController.xib */,
				5A67605D18E2444E00E355B6 /* DFPhotoViewController.h */,
				5A67605E18E2444E00E355B6 /* DFPhotoViewController.m */,
				5A67605F18E2444E00E355B6 /* DFPhotoViewController.xib */,
				5A67606718E3558500E355B6 /* DFMultiPhotoViewController.h */,
				5A67606818E3558500E355B6 /* DFMultiPhotoViewController.m */,
				5A67606418E3389900E355B6 /* DFPhotoNavigationControllerViewController.h */,
				5A67606518E3389900E355B6 /* DFPhotoNavigationControllerViewController.m */,
			);
			name = "Photos grid and nav";
			sourceTree = "<group>";
		};
		5A8D0B5318EF51BD00A1D9A7 /* Table view */ = {
			isa = PBXGroup;
			children = (
				5A8D0B5418EF525800A1D9A7 /* DFTableHeaderView.h */,
				5A8D0B5518EF525800A1D9A7 /* DFTableHeaderView.m */,
				5A8D0B5718EF526E00A1D9A7 /* DFTableHeaderView.xib */,
				5AD8AD46191D462500782144 /* DFSearchResultTableViewCell.h */,
				5AD8AD47191D462500782144 /* DFSearchResultTableViewCell.m */,
				5AD8AD48191D462500782144 /* DFSearchResultTableViewCell.xib */,
			);
			name = "Table view";
			sourceTree = "<group>";
		};
		5AACB90518F49AD500F4EEB6 /* ThirdParty */ = {
			isa = PBXGroup;
			children = (
				5AACB90618F49AED00F4EEB6 /* Flurry */,
			);
			name = ThirdParty;
			sourceTree = "<group>";
		};
		5AACB90618F49AED00F4EEB6 /* Flurry */ = {
			isa = PBXGroup;
			children = (
				5AACB90718F49AED00F4EEB6 /* Flurry.h */,
				5AACB90818F49AED00F4EEB6 /* libFlurry_4.4.0.a */,
			);
			path = Flurry;
			sourceTree = "<group>";
		};
		5AACB90A18F49D6000F4EEB6 /* Analytics */ = {
			isa = PBXGroup;
			children = (
				5AACB90B18F49D9700F4EEB6 /* DFAnalytics.h */,
				5AACB90C18F49D9700F4EEB6 /* DFAnalytics.m */,
			);
			name = Analytics;
			sourceTree = "<group>";
		};
		5AACB91D18F6092F00F4EEB6 /* HockeySDK.embeddedframework */ = {
			isa = PBXGroup;
			children = (
				5AACB91E18F6092F00F4EEB6 /* HockeySDK.framework */,
				5AACB91F18F6092F00F4EEB6 /* Resources */,
			);
			name = HockeySDK.embeddedframework;
			path = "Duffy/HockeySDK-iOS/HockeySDK.embeddedframework";
			sourceTree = "<group>";
		};
		5AACB91F18F6092F00F4EEB6 /* Resources */ = {
			isa = PBXGroup;
			children = (
				5AACB92018F6092F00F4EEB6 /* HockeySDK.xcconfig */,
				5AACB92118F6092F00F4EEB6 /* HockeySDKResources.bundle */,
			);
			path = Resources;
			sourceTree = "<group>";
		};
		5AB32EAC18F30121004FC27B /* Camera Roll */ = {
			isa = PBXGroup;
			children = (
				5ADB2512189AED860016CA02 /* DFCameraRollViewController.h */,
				5ADB2513189AED860016CA02 /* DFCameraRollViewController.m */,
			);
			name = "Camera Roll";
			sourceTree = "<group>";
		};
		5AB32EAD18F3012D004FC27B /* Search View */ = {
			isa = PBXGroup;
			children = (
				5A30E4D718D3AC5F00E41DBC /* DFSearchViewController.h */,
				5A30E4D818D3AC5F00E41DBC /* DFSearchViewController.m */,
				5A97DC841937809700FA4718 /* DFSearchBarController.h */,
				5A97DC851937809700FA4718 /* DFSearchBarController.m */,
				5A50EE561938D44A00B78333 /* DFSearchBarControllerDelegate.h */,
				5A5FCB34192D478F00A060A7 /* DFSearchBar.h */,
				5A5FCB35192D478F00A060A7 /* DFSearchBar.m */,
				5A5FCB36192D478F00A060A7 /* DFSearchBar.xib */,
				5A8D0B4D18EF2FBA00A1D9A7 /* Photo Web View */,
				5AF12166192E879400EB0232 /* LoadSearchError.html */,
			);
			name = "Search View";
			sourceTree = "<group>";
		};
		5AB32EAE18F30136004FC27B /* Settings View */ = {
			isa = PBXGroup;
			children = (
				5AFBCA3618D0E0FD00998793 /* DFSettingsViewController.h */,
				5AFBCA3718D0E0FD00998793 /* DFSettingsViewController.m */,
				5AFBCA3818D0E0FD00998793 /* DFSettingsViewController.xib */,
				5AD62B0C1923E33700EE22D7 /* DFDevelopmentSettingsViewController.h */,
				5AD62B0D1923E33700EE22D7 /* DFDevelopmentSettingsViewController.m */,
				5AD62B0E1923E33700EE22D7 /* DFDevelopmentSettingsViewController.xib */,
			);
			name = "Settings View";
			sourceTree = "<group>";
		};
		5AB3983519252D8100E6E69E /* Intro */ = {
			isa = PBXGroup;
			children = (
				5A5FCB3D192D50FE00A060A7 /* Intro Text */,
				5AB3983619252D9700E6E69E /* DFIntro.storyboard */,
				5AB3983E192533D800E6E69E /* DFIntroPageViewController.h */,
				5AB3983F192533D800E6E69E /* DFIntroPageViewController.m */,
				5AB3983B192530F200E6E69E /* DFIntroContentViewController.h */,
				5AB3983C192530F200E6E69E /* DFIntroContentViewController.m */,
			);
			name = Intro;
			sourceTree = "<group>";
		};
		5AC40EE5190AD0F100ED3532 /* Networking */ = {
			isa = PBXGroup;
			children = (
				5AF12171192FE1D700EB0232 /* Shared */,
				5AF12173192FE1F300EB0232 /* Autocomplete */,
				5A8C98E9190EE78A00AE9F88 /* DFLocationPinger.h */,
				5A8C98EA190EE78B00AE9F88 /* DFLocationPinger.m */,
				5A8C98FD1913D6C200AE9F88 /* Photo Uploads */,
				5AD8AD42191D396700782144 /* Suggestions and Autocomplete */,
				5AF12172192FE1E200EB0232 /* User */,
			);
			name = Networking;
			sourceTree = "<group>";
		};
		5AD8AD41191BDFCF00782144 /* Mappings */ = {
			isa = PBXGroup;
			children = (
				5A8C98FE1913D6F400AE9F88 /* DFPeanutPhoto.h */,
				5A8C98FF1913D6F400AE9F88 /* DFPeanutPhoto.m */,
				5AD8AD3E191BDFCB00782144 /* DFPeanutFaceFeature.h */,
				5AD8AD3F191BDFCB00782144 /* DFPeanutFaceFeature.m */,
			);
			name = Mappings;
			sourceTree = "<group>";
		};
		5AD8AD42191D396700782144 /* Suggestions and Autocomplete */ = {
			isa = PBXGroup;
			children = (
				5AF1216E192FE1AD00EB0232 /* DFAutocompleteAdapter.h */,
				5AF1216F192FE1AD00EB0232 /* DFAutocompleteAdapter.m */,
				5AF1217B192FEA8500EB0232 /* DFPeanutAutocompleteResponse.h */,
				5AF1217C192FEA8500EB0232 /* DFPeanutAutocompleteResponse.m */,
				5AB32EA918F1E1B7004FC27B /* DFSuggestionAdapter.h */,
				5AB32EAA18F1E1B7004FC27B /* DFSuggestionAdapter.m */,
				5AD8AD43191D398200782144 /* DFPeanutSuggestion.h */,
				5AD8AD44191D398200782144 /* DFPeanutSuggestion.m */,
			);
			name = "Suggestions and Autocomplete";
			sourceTree = "<group>";
		};
		5ADB24AE189985590016CA02 = {
			isa = PBXGroup;
			children = (
				5ADB24C2189985590016CA02 /* Duffy */,
				5ADB24DF189985590016CA02 /* DuffyTests */,
				5ADB24B9189985590016CA02 /* Frameworks */,
				5ADB24B8189985590016CA02 /* Products */,
				514DAA1BD6B44149AD7F0216 /* Pods.xcconfig */,
			);
			sourceTree = "<group>";
		};
		5ADB24B8189985590016CA02 /* Products */ = {
			isa = PBXGroup;
			children = (
				5ADB24B7189985590016CA02 /* Duffy.app */,
				5ADB24D7189985590016CA02 /* DuffyTests.xctest */,
			);
			name = Products;
			sourceTree = "<group>";
		};
		5ADB24B9189985590016CA02 /* Frameworks */ = {
			isa = PBXGroup;
			children = (
				5AACB91D18F6092F00F4EEB6 /* HockeySDK.embeddedframework */,
				5AE3BF7418E4D1BF00ACB5DC /* ImageIO.framework */,
				5AE3BF7218E4D08F00ACB5DC /* CoreImage.framework */,
				5A67605818E2039800E355B6 /* CoreLocation.framework */,
				5A81ED4018CFB591003EF557 /* SystemConfiguration.framework */,
				5A81ED3E18CFB57F003EF557 /* MobileCoreServices.framework */,
				5A81ED3C18CFB574003EF557 /* CFNetwork.framework */,
				5A72E11D18B7EB89000979D2 /* Security.framework */,
				5A72E11B18B7EB83000979D2 /* QuartzCore.framework */,
				5ADB24F418998CBA0016CA02 /* AssetsLibrary.framework */,
				5ADB24BA189985590016CA02 /* Foundation.framework */,
				5ADB24BC189985590016CA02 /* CoreGraphics.framework */,
				5ADB24BE189985590016CA02 /* UIKit.framework */,
				5ADB24C0189985590016CA02 /* CoreData.framework */,
				5ADB24D8189985590016CA02 /* XCTest.framework */,
				68ED45F75CA648D08A506609 /* libPods.a */,
			);
			name = Frameworks;
			sourceTree = "<group>";
		};
		5ADB24C2189985590016CA02 /* Duffy */ = {
			isa = PBXGroup;
			children = (
				5ADB24CB189985590016CA02 /* DFAppDelegate.h */,
				5ADB24CC189985590016CA02 /* DFAppDelegate.m */,
				5AC40EDC1908738C00ED3532 /* DFLogConfig.h */,
				5AC40EDD1908738C00ED3532 /* DFLogConfig.m */,
				5A67606318E3384900E355B6 /* View Controllers */,
				5A67606218E3381D00E355B6 /* Background processes */,
				5A37478D18CE480000E27F00 /* Generic Views */,
				5ADB24FE189AB3730016CA02 /* Model */,
				5AC40EE5190AD0F100ED3532 /* Networking */,
				5AACB90A18F49D6000F4EEB6 /* Analytics */,
				5AACB90518F49AD500F4EEB6 /* ThirdParty */,
				5AFBCA5118D236AE00998793 /* Utils */,
				5ADB24D1189985590016CA02 /* Images.xcassets */,
				5ADB24C3189985590016CA02 /* Supporting Files */,
			);
			path = Duffy;
			sourceTree = "<group>";
		};
		5ADB24C3189985590016CA02 /* Supporting Files */ = {
			isa = PBXGroup;
			children = (
				5A5FCB53192D52B600A060A7 /* Icons */,
				5A72E11718B55CB2000979D2 /* database.csv */,
				5ADB24C4189985590016CA02 /* Duffy-Info.plist */,
				5ADB24C5189985590016CA02 /* InfoPlist.strings */,
				5ADB24C8189985590016CA02 /* main.m */,
				5ADB24CA189985590016CA02 /* Duffy-Prefix.pch */,
			);
			name = "Supporting Files";
			sourceTree = "<group>";
		};
		5ADB24DF189985590016CA02 /* DuffyTests */ = {
			isa = PBXGroup;
			children = (
				5ADB24E5189985590016CA02 /* DuffyTests.m */,
				5ADB24E0189985590016CA02 /* Supporting Files */,
			);
			path = DuffyTests;
			sourceTree = "<group>";
		};
		5ADB24E0189985590016CA02 /* Supporting Files */ = {
			isa = PBXGroup;
			children = (
				5ADB24E1189985590016CA02 /* DuffyTests-Info.plist */,
				5ADB24E2189985590016CA02 /* InfoPlist.strings */,
			);
			name = "Supporting Files";
			sourceTree = "<group>";
		};
		5ADB24FE189AB3730016CA02 /* Model */ = {
			isa = PBXGroup;
			children = (
				5A8C98EF191161CE00AE9F88 /* Core Data */,
				5AFBCA3318D0C87E00998793 /* DFUser.h */,
				5AFBCA3418D0C87E00998793 /* DFUser.m */,
				5ADB24F618998D070016CA02 /* DFPhotoStore.h */,
				5ADB24F718998D070016CA02 /* DFPhotoStore.m */,
				5AC40EDF1909B2C000ED3532 /* DFPhotoStore+IntegrityCheck.h */,
				5AC40EE01909B2C000ED3532 /* DFPhotoStore+IntegrityCheck.m */,
				5A45E9BB18D9F7B8002663EB /* DFPhotoCollection.h */,
				5A45E9BC18D9F7B8002663EB /* DFPhotoCollection.m */,
				5ADB2507189ABBB50016CA02 /* DFPhoto.h */,
				5ADB2508189ABBB50016CA02 /* DFPhoto.m */,
				5AE3BF7F18E6301B00ACB5DC /* DFPhoto+FaceDetection.h */,
				5AE3BF8018E6301B00ACB5DC /* DFPhoto+FaceDetection.m */,
				5AD8AD3B191AD76F00782144 /* DFFaceFeature.h */,
				5AD8AD3C191AD76F00782144 /* DFFaceFeature.m */,
				5AE3BF8218E724A200ACB5DC /* DFPhotoImageCache.h */,
				5AE3BF8318E724A200ACB5DC /* DFPhotoImageCache.m */,
				5A8D0AF118EB6A9600A1D9A7 /* DFNotificationSharedConstants.h */,
				5A8D0AF218EB6A9600A1D9A7 /* DFNotificationSharedConstants.m */,
			);
			name = Model;
			sourceTree = "<group>";
		};
		5AF12171192FE1D700EB0232 /* Shared */ = {
			isa = PBXGroup;
			children = (
				5AACB8F818F4599800F4EEB6 /* DFNetworkingConstants.h */,
				5AACB8F918F4599800F4EEB6 /* DFNetworkingConstants.m */,
				5A8C98FA19118E9700AE9F88 /* DFNetworkAdapter.h */,
				5A8C98F41911793B00AE9F88 /* DFObjectManager.h */,
				5A8C98F51911793B00AE9F88 /* DFObjectManager.m */,
				5AF12168192FA7E000EB0232 /* DFURLProtocol.h */,
				5AF12169192FA7E000EB0232 /* DFURLProtocol.m */,
			);
			name = Shared;
			sourceTree = "<group>";
		};
		5AF12172192FE1E200EB0232 /* User */ = {
			isa = PBXGroup;
			children = (
				5AACB8F218F4574400F4EEB6 /* DFUserPeanutAdapter.h */,
				5AACB8F318F4574400F4EEB6 /* DFUserPeanutAdapter.m */,
			);
			name = User;
			sourceTree = "<group>";
		};
		5AF12173192FE1F300EB0232 /* Autocomplete */ = {
			isa = PBXGroup;
			children = (
			);
			name = Autocomplete;
			sourceTree = "<group>";
		};
		5AFBCA5118D236AE00998793 /* Utils */ = {
			isa = PBXGroup;
			children = (
				5AFBCA5218D236B600998793 /* UIImageCategories */,
				5A67605A18E210B000E355B6 /* NSDictionary+DFJSON.h */,
				5A67605B18E210B000E355B6 /* NSDictionary+DFJSON.m */,
				5AD62AF21922D36200EE22D7 /* NSArray+DFJSON.h */,
				5AD62AF31922D36200EE22D7 /* NSArray+DFJSON.m */,
				5AE3BF7918E4D5C900ACB5DC /* DFCGRectHelpers.h */,
				5AE3BF7A18E4D5C900ACB5DC /* DFCGRectHelpers.m */,
				5A8D0AEB18EB36D600A1D9A7 /* NSNotificationCenter+DFThreadingAddons.h */,
				5A8D0AEC18EB36D600A1D9A7 /* NSNotificationCenter+DFThreadingAddons.m */,
				5AC677E61906F027002F9D42 /* DFDataHasher.h */,
				5AC677E71906F027002F9D42 /* DFDataHasher.m */,
				5A8C98F71911811F00AE9F88 /* NSDateFormatter+DFPhotoDateFormatters.h */,
				5A8C98F81911811F00AE9F88 /* NSDateFormatter+DFPhotoDateFormatters.m */,
				5AD8AD4B191FCDE800782144 /* DFAppInfo.h */,
				5AD8AD4C191FCDE800782144 /* DFAppInfo.m */,
				5AD62A4F19215C6300EE22D7 /* ALAsset+DFExtensions.h */,
				5AD62A5019215C6300EE22D7 /* ALAsset+DFExtensions.m */,
				5AD62AA7192290BF00EE22D7 /* DFJSONConvertible.h */,
			);
			name = Utils;
			sourceTree = "<group>";
		};
		5AFBCA5218D236B600998793 /* UIImageCategories */ = {
			isa = PBXGroup;
			children = (
				5AFBCA4818D236A900998793 /* UIImage+Alpha.h */,
				5AFBCA4918D236A900998793 /* UIImage+Alpha.m */,
				5AFBCA4A18D236A900998793 /* UIImage+Resize.h */,
				5AFBCA4B18D236A900998793 /* UIImage+Resize.m */,
				5AFBCA4C18D236A900998793 /* UIImage+RoundedCorner.h */,
				5AFBCA4D18D236A900998793 /* UIImage+RoundedCorner.m */,
				5AE3BF7C18E4E91700ACB5DC /* UIImage+DFHelpers.h */,
				5AE3BF7D18E4E91700ACB5DC /* UIImage+DFHelpers.m */,
			);
			name = UIImageCategories;
			sourceTree = "<group>";
		};
/* End PBXGroup section */

/* Begin PBXNativeTarget section */
		5ADB24B6189985590016CA02 /* Duffy */ = {
			isa = PBXNativeTarget;
			buildConfigurationList = 5ADB24E9189985590016CA02 /* Build configuration list for PBXNativeTarget "Duffy" */;
			buildPhases = (
				F04301ADF53D493095B8120B /* Check Pods Manifest.lock */,
				5ADB24B3189985590016CA02 /* Sources */,
				5ADB24B4189985590016CA02 /* Frameworks */,
				5ADB24B5189985590016CA02 /* Resources */,
				F2C81C8A001847B68C26EECC /* Copy Pods Resources */,
				5A00DD6518F3A5E80095709B /* ShellScript */,
				5AACB91C18F608B200F4EEB6 /* ShellScript */,
			);
			buildRules = (
			);
			dependencies = (
			);
			name = Duffy;
			productName = Duffy;
			productReference = 5ADB24B7189985590016CA02 /* Duffy.app */;
			productType = "com.apple.product-type.application";
		};
		5ADB24D6189985590016CA02 /* DuffyTests */ = {
			isa = PBXNativeTarget;
			buildConfigurationList = 5ADB24EC189985590016CA02 /* Build configuration list for PBXNativeTarget "DuffyTests" */;
			buildPhases = (
				5ADB24D3189985590016CA02 /* Sources */,
				5ADB24D4189985590016CA02 /* Frameworks */,
				5ADB24D5189985590016CA02 /* Resources */,
			);
			buildRules = (
			);
			dependencies = (
				5ADB24DE189985590016CA02 /* PBXTargetDependency */,
			);
			name = DuffyTests;
			productName = DuffyTests;
			productReference = 5ADB24D7189985590016CA02 /* DuffyTests.xctest */;
			productType = "com.apple.product-type.bundle.unit-test";
		};
/* End PBXNativeTarget section */

/* Begin PBXProject section */
		5ADB24AF189985590016CA02 /* Project object */ = {
			isa = PBXProject;
			attributes = {
				CLASSPREFIX = DF;
				LastUpgradeCheck = 0510;
				ORGANIZATIONNAME = "Duffy Productions";
				TargetAttributes = {
					5ADB24B6189985590016CA02 = {
						SystemCapabilities = {
							com.apple.BackgroundModes = {
								enabled = 1;
							};
						};
					};
					5ADB24D6189985590016CA02 = {
						TestTargetID = 5ADB24B6189985590016CA02;
					};
				};
			};
			buildConfigurationList = 5ADB24B2189985590016CA02 /* Build configuration list for PBXProject "Duffy" */;
			compatibilityVersion = "Xcode 3.2";
			developmentRegion = English;
			hasScannedForEncodings = 0;
			knownRegions = (
				en,
			);
			mainGroup = 5ADB24AE189985590016CA02;
			productRefGroup = 5ADB24B8189985590016CA02 /* Products */;
			projectDirPath = "";
			projectRoot = "";
			targets = (
				5ADB24B6189985590016CA02 /* Duffy */,
				5ADB24D6189985590016CA02 /* DuffyTests */,
			);
		};
/* End PBXProject section */

/* Begin PBXResourcesBuildPhase section */
		5ADB24B5189985590016CA02 /* Resources */ = {
			isa = PBXResourcesBuildPhase;
			buildActionMask = 2147483647;
			files = (
				5A5FCB38192D478F00A060A7 /* DFSearchBar.xib in Resources */,
				5AB3983719252D9700E6E69E /* DFIntro.storyboard in Resources */,
				5ADB24C7189985590016CA02 /* InfoPlist.strings in Resources */,
				5A67606118E2444E00E355B6 /* DFPhotoViewController.xib in Resources */,
				5A5FCB54192D52B600A060A7 /* Icons in Resources */,
				5AF12167192E879400EB0232 /* LoadSearchError.html in Resources */,
				5AB398461925690C00E6E69E /* IntroPage3.rtf in Resources */,
				5AD62B101923E33700EE22D7 /* DFDevelopmentSettingsViewController.xib in Resources */,
				5AFBCA3A18D0E0FD00998793 /* DFSettingsViewController.xib in Resources */,
				5ADB24D2189985590016CA02 /* Images.xcassets in Resources */,
				5AACB91718F5D63500F4EEB6 /* DFUploadProgressView.xib in Resources */,
				5AB39842192563E700E6E69E /* IntroPage1.rtf in Resources */,
				5AACB92318F6092F00F4EEB6 /* HockeySDK.xcconfig in Resources */,
				5ADB24F3189985A20016CA02 /* DFPhotosGridViewController.xib in Resources */,
				5A72E11818B55CB2000979D2 /* database.csv in Resources */,
				5A8D0B5818EF526E00A1D9A7 /* DFTableHeaderView.xib in Resources */,
				5AACB92418F6092F00F4EEB6 /* HockeySDKResources.bundle in Resources */,
				5AB398451925690C00E6E69E /* IntroPage2.rtf in Resources */,
				5A8D0B4C18EF174F00A1D9A7 /* DFPhotoWebViewController.xib in Resources */,
				5AD8AD4A191D462500782144 /* DFSearchResultTableViewCell.xib in Resources */,
				5ADB24FD189992A00016CA02 /* DFPhotoViewCell.xib in Resources */,
			);
			runOnlyForDeploymentPostprocessing = 0;
		};
		5ADB24D5189985590016CA02 /* Resources */ = {
			isa = PBXResourcesBuildPhase;
			buildActionMask = 2147483647;
			files = (
				5ADB24E4189985590016CA02 /* InfoPlist.strings in Resources */,
			);
			runOnlyForDeploymentPostprocessing = 0;
		};
/* End PBXResourcesBuildPhase section */

/* Begin PBXShellScriptBuildPhase section */
		5A00DD6518F3A5E80095709B /* ShellScript */ = {
			isa = PBXShellScriptBuildPhase;
			buildActionMask = 2147483647;
			files = (
			);
			inputPaths = (
			);
			outputPaths = (
			);
			runOnlyForDeploymentPostprocessing = 0;
			shellPath = /bin/sh;
			shellScript = "#!/bin/bash\nbuildNumber=$(/usr/libexec/PlistBuddy -c \"Print CFBundleVersion\" \"$INFOPLIST_FILE\")\nbuildNumber=$(($buildNumber + 1))\n/usr/libexec/PlistBuddy -c \"Set :CFBundleVersion $buildNumber\" \"$INFOPLIST_FILE\"";
		};
		5AACB91C18F608B200F4EEB6 /* ShellScript */ = {
			isa = PBXShellScriptBuildPhase;
			buildActionMask = 2147483647;
			files = (
			);
			inputPaths = (
			);
			outputPaths = (
			);
			runOnlyForDeploymentPostprocessing = 0;
			shellPath = /bin/sh;
			shellScript = "FILE=\"${SRCROOT}/HockeySDK-iOS/BuildAgent\"\nif [ -f \"$FILE\" ]; then\n\"$FILE\"\nfi";
		};
		F04301ADF53D493095B8120B /* Check Pods Manifest.lock */ = {
			isa = PBXShellScriptBuildPhase;
			buildActionMask = 2147483647;
			files = (
			);
			inputPaths = (
			);
			name = "Check Pods Manifest.lock";
			outputPaths = (
			);
			runOnlyForDeploymentPostprocessing = 0;
			shellPath = /bin/sh;
			shellScript = "diff \"${PODS_ROOT}/../Podfile.lock\" \"${PODS_ROOT}/Manifest.lock\" > /dev/null\nif [[ $? != 0 ]] ; then\n    cat << EOM\nerror: The sandbox is not in sync with the Podfile.lock. Run 'pod install' or update your CocoaPods installation.\nEOM\n    exit 1\nfi\n";
			showEnvVarsInLog = 0;
		};
		F2C81C8A001847B68C26EECC /* Copy Pods Resources */ = {
			isa = PBXShellScriptBuildPhase;
			buildActionMask = 2147483647;
			files = (
			);
			inputPaths = (
			);
			name = "Copy Pods Resources";
			outputPaths = (
			);
			runOnlyForDeploymentPostprocessing = 0;
			shellPath = /bin/sh;
			shellScript = "\"${SRCROOT}/Duffy/Pods/Pods-resources.sh\"\n";
			showEnvVarsInLog = 0;
		};
/* End PBXShellScriptBuildPhase section */

/* Begin PBXSourcesBuildPhase section */
		5ADB24B3189985590016CA02 /* Sources */ = {
			isa = PBXSourcesBuildPhase;
			buildActionMask = 2147483647;
			files = (
				5A67606618E3389900E355B6 /* DFPhotoNavigationControllerViewController.m in Sources */,
				5A45E9C618DA44F6002663EB /* DFCameraRollSyncController.m in Sources */,
				5AE3BF7B18E4D5C900ACB5DC /* DFCGRectHelpers.m in Sources */,
				5A8D0B5618EF525800A1D9A7 /* DFTableHeaderView.m in Sources */,
				5AC40EE11909B2C000ED3532 /* DFPhotoStore+IntegrityCheck.m in Sources */,
				5AFBCA5018D236A900998793 /* UIImage+RoundedCorner.m in Sources */,
				5A8D0B4B18EF174F00A1D9A7 /* DFPhotoWebViewController.m in Sources */,
				5A97DC861937809700FA4718 /* DFSearchBarController.m in Sources */,
				5AD62B0F1923E33700EE22D7 /* DFDevelopmentSettingsViewController.m in Sources */,
				5AD62A541921648D00EE22D7 /* DFCameraRollSyncOperation.m in Sources */,
				5A8C98F91911811F00AE9F88 /* NSDateFormatter+DFPhotoDateFormatters.m in Sources */,
				5AE3BF8418E724A200ACB5DC /* DFPhotoImageCache.m in Sources */,
				5AC677E81906F027002F9D42 /* DFDataHasher.m in Sources */,
				5A8C98EE19115BB800AE9F88 /* DFPhotoMetadataAdapter.m in Sources */,
				5AD62A5119215C6300EE22D7 /* ALAsset+DFExtensions.m in Sources */,
				5AE3BF7E18E4E91700ACB5DC /* UIImage+DFHelpers.m in Sources */,
				5A8C98EB190EE78B00AE9F88 /* DFLocationPinger.m in Sources */,
				5AF1217D192FEA8500EB0232 /* DFPeanutAutocompleteResponse.m in Sources */,
				5AC40EE4190AD0E700ED3532 /* DFUploadController.m in Sources */,
				5A30E4DA18D3AC5F00E41DBC /* DFSearchViewController.m in Sources */,
				5ADB24D0189985590016CA02 /* Duffy.xcdatamodeld in Sources */,
				5AD8AD4D191FCDE800782144 /* DFAppInfo.m in Sources */,
				5AACB8F418F4574400F4EEB6 /* DFUserPeanutAdapter.m in Sources */,
				5A67606018E2444E00E355B6 /* DFPhotoViewController.m in Sources */,
				5A8C99001913D6F400AE9F88 /* DFPeanutPhoto.m in Sources */,
				5A8C98E8190AFBF200AE9F88 /* DFStatusBarNotificationManager.m in Sources */,
				5ADB24FB189992180016CA02 /* DFPhotoViewCell.m in Sources */,
				5AD62AF41922D36200EE22D7 /* NSArray+DFJSON.m in Sources */,
				5AACB90D18F49D9700F4EEB6 /* DFAnalytics.m in Sources */,
				5AD8AD40191BDFCB00782144 /* DFPeanutFaceFeature.m in Sources */,
				5AB39840192533D800E6E69E /* DFIntroPageViewController.m in Sources */,
				5A51272B19007CE00057A31F /* DFUploadQueue.m in Sources */,
				5AE3BF7818E4D46100ACB5DC /* DFImageView.m in Sources */,
				5AFBCA3918D0E0FD00998793 /* DFSettingsViewController.m in Sources */,
				5ADB2509189ABBB50016CA02 /* DFPhoto.m in Sources */,
				5AE3BF7118E4CCC600ACB5DC /* DFBoundingBoxView.m in Sources */,
				5ADB24F2189985A20016CA02 /* DFPhotosGridViewController.m in Sources */,
				5AB32EA818F0CD3B004FC27B /* DFKeyboardResizingViewController.m in Sources */,
				5A8D0AED18EB36D600A1D9A7 /* NSNotificationCenter+DFThreadingAddons.m in Sources */,
				5ADB24F818998D070016CA02 /* DFPhotoStore.m in Sources */,
				5AE3BF8118E6301B00ACB5DC /* DFPhoto+FaceDetection.m in Sources */,
				5A5FCB37192D478F00A060A7 /* DFSearchBar.m in Sources */,
				5AFBCA3518D0C87E00998793 /* DFUser.m in Sources */,
				5A67606918E3558500E355B6 /* DFMultiPhotoViewController.m in Sources */,
				5ADB24CD189985590016CA02 /* DFAppDelegate.m in Sources */,
				5AD8AD45191D398200782144 /* DFPeanutSuggestion.m in Sources */,
				5AD8AD3D191AD76F00782144 /* DFFaceFeature.m in Sources */,
				5AB32EAB18F1E1B7004FC27B /* DFSuggestionAdapter.m in Sources */,
				5ADB2514189AED860016CA02 /* DFCameraRollViewController.m in Sources */,
				5AACB8FA18F4599800F4EEB6 /* DFNetworkingConstants.m in Sources */,
				5A8C98E5190AEAD700AE9F88 /* DFUploadOperation.m in Sources */,
				5AF1216A192FA7E000EB0232 /* DFURLProtocol.m in Sources */,
				5A45E9CC18DB990D002663EB /* DFUploadSessionStats.m in Sources */,
				5A45E9BD18D9F7B8002663EB /* DFPhotoCollection.m in Sources */,
				5ADB24C9189985590016CA02 /* main.m in Sources */,
				5AFBCA4E18D236A900998793 /* UIImage+Alpha.m in Sources */,
				5A8C98F61911793B00AE9F88 /* DFObjectManager.m in Sources */,
				5AD8AD49191D462500782144 /* DFSearchResultTableViewCell.m in Sources */,
				5A67605C18E210B000E355B6 /* NSDictionary+DFJSON.m in Sources */,
				5AC40EDE1908738C00ED3532 /* DFLogConfig.m in Sources */,
				5AB3983D192530F200E6E69E /* DFIntroContentViewController.m in Sources */,
				5A8D0AF318EB6A9600A1D9A7 /* DFNotificationSharedConstants.m in Sources */,
				5AF12170192FE1AD00EB0232 /* DFAutocompleteAdapter.m in Sources */,
				5AACB91518F5D61300F4EEB6 /* DFUploadProgressView.m in Sources */,
				5AFBCA4F18D236A900998793 /* UIImage+Resize.m in Sources */,
			);
			runOnlyForDeploymentPostprocessing = 0;
		};
		5ADB24D3189985590016CA02 /* Sources */ = {
			isa = PBXSourcesBuildPhase;
			buildActionMask = 2147483647;
			files = (
				5ADB24E6189985590016CA02 /* DuffyTests.m in Sources */,
			);
			runOnlyForDeploymentPostprocessing = 0;
		};
/* End PBXSourcesBuildPhase section */

/* Begin PBXTargetDependency section */
		5ADB24DE189985590016CA02 /* PBXTargetDependency */ = {
			isa = PBXTargetDependency;
			target = 5ADB24B6189985590016CA02 /* Duffy */;
			targetProxy = 5ADB24DD189985590016CA02 /* PBXContainerItemProxy */;
		};
/* End PBXTargetDependency section */

/* Begin PBXVariantGroup section */
		5ADB24C5189985590016CA02 /* InfoPlist.strings */ = {
			isa = PBXVariantGroup;
			children = (
				5ADB24C6189985590016CA02 /* en */,
			);
			name = InfoPlist.strings;
			sourceTree = "<group>";
		};
		5ADB24E2189985590016CA02 /* InfoPlist.strings */ = {
			isa = PBXVariantGroup;
			children = (
				5ADB24E3189985590016CA02 /* en */,
			);
			name = InfoPlist.strings;
			sourceTree = "<group>";
		};
/* End PBXVariantGroup section */

/* Begin XCBuildConfiguration section */
		5ADB24E7189985590016CA02 /* Debug */ = {
			isa = XCBuildConfiguration;
			buildSettings = {
				ALWAYS_SEARCH_USER_PATHS = NO;
				CLANG_CXX_LANGUAGE_STANDARD = "gnu++0x";
				CLANG_CXX_LIBRARY = "libc++";
				CLANG_ENABLE_MODULES = YES;
				CLANG_ENABLE_OBJC_ARC = YES;
				CLANG_WARN_BOOL_CONVERSION = YES;
				CLANG_WARN_CONSTANT_CONVERSION = YES;
				CLANG_WARN_DIRECT_OBJC_ISA_USAGE = YES_ERROR;
				CLANG_WARN_EMPTY_BODY = YES;
				CLANG_WARN_ENUM_CONVERSION = YES;
				CLANG_WARN_INT_CONVERSION = YES;
				CLANG_WARN_OBJC_ROOT_CLASS = YES_ERROR;
				CLANG_WARN__DUPLICATE_METHOD_MATCH = YES;
				"CODE_SIGN_IDENTITY[sdk=iphoneos*]" = "iPhone Developer";
				COPY_PHASE_STRIP = NO;
				GCC_C_LANGUAGE_STANDARD = gnu99;
				GCC_DYNAMIC_NO_PIC = NO;
				GCC_OPTIMIZATION_LEVEL = 0;
				GCC_PREPROCESSOR_DEFINITIONS = (
					"DEBUG=1",
					"$(inherited)",
				);
				GCC_SYMBOLS_PRIVATE_EXTERN = NO;
				GCC_WARN_64_TO_32_BIT_CONVERSION = YES;
				GCC_WARN_ABOUT_RETURN_TYPE = YES_ERROR;
				GCC_WARN_UNDECLARED_SELECTOR = YES;
				GCC_WARN_UNINITIALIZED_AUTOS = YES;
				GCC_WARN_UNUSED_FUNCTION = YES;
				GCC_WARN_UNUSED_VARIABLE = YES;
				IPHONEOS_DEPLOYMENT_TARGET = 7.0;
				ONLY_ACTIVE_ARCH = YES;
				SDKROOT = iphoneos;
			};
			name = Debug;
		};
		5ADB24E8189985590016CA02 /* Release */ = {
			isa = XCBuildConfiguration;
			buildSettings = {
				ALWAYS_SEARCH_USER_PATHS = NO;
				CLANG_CXX_LANGUAGE_STANDARD = "gnu++0x";
				CLANG_CXX_LIBRARY = "libc++";
				CLANG_ENABLE_MODULES = YES;
				CLANG_ENABLE_OBJC_ARC = YES;
				CLANG_WARN_BOOL_CONVERSION = YES;
				CLANG_WARN_CONSTANT_CONVERSION = YES;
				CLANG_WARN_DIRECT_OBJC_ISA_USAGE = YES_ERROR;
				CLANG_WARN_EMPTY_BODY = YES;
				CLANG_WARN_ENUM_CONVERSION = YES;
				CLANG_WARN_INT_CONVERSION = YES;
				CLANG_WARN_OBJC_ROOT_CLASS = YES_ERROR;
				CLANG_WARN__DUPLICATE_METHOD_MATCH = YES;
				"CODE_SIGN_IDENTITY[sdk=iphoneos*]" = "iPhone Developer";
				COPY_PHASE_STRIP = YES;
				ENABLE_NS_ASSERTIONS = NO;
				GCC_C_LANGUAGE_STANDARD = gnu99;
				GCC_WARN_64_TO_32_BIT_CONVERSION = YES;
				GCC_WARN_ABOUT_RETURN_TYPE = YES_ERROR;
				GCC_WARN_UNDECLARED_SELECTOR = YES;
				GCC_WARN_UNINITIALIZED_AUTOS = YES;
				GCC_WARN_UNUSED_FUNCTION = YES;
				GCC_WARN_UNUSED_VARIABLE = YES;
				IPHONEOS_DEPLOYMENT_TARGET = 7.0;
				SDKROOT = iphoneos;
				VALIDATE_PRODUCT = YES;
			};
			name = Release;
		};
		5ADB24EA189985590016CA02 /* Debug */ = {
			isa = XCBuildConfiguration;
			baseConfigurationReference = 514DAA1BD6B44149AD7F0216 /* Pods.xcconfig */;
			buildSettings = {
				ASSETCATALOG_COMPILER_APPICON_NAME = AppIcon;
				ASSETCATALOG_COMPILER_LAUNCHIMAGE_NAME = LaunchImage;
				CODE_SIGN_IDENTITY = "iPhone Developer";
				FRAMEWORK_SEARCH_PATHS = (
					"$(inherited)",
					"$(PROJECT_DIR)/Duffy/HockeySDK-iOS/HockeySDK.embeddedframework",
					"$(PROJECT_DIR)",
				);
				GCC_PRECOMPILE_PREFIX_HEADER = YES;
				GCC_PREFIX_HEADER = "Duffy/Duffy-Prefix.pch";
				HEADER_SEARCH_PATHS = (
					"$(inherited)",
					/Applications/Xcode.app/Contents/Developer/Toolchains/XcodeDefault.xctoolchain/usr/include,
					"\"$(BUILT_PRODUCTS_DIR)/../../Headers\"",
				);
				INFOPLIST_FILE = "Duffy/Duffy-Info.plist";
				LIBRARY_SEARCH_PATHS = (
					"$(inherited)",
					"$(PROJECT_DIR)/Duffy/Flurry",
				);
				OTHER_LDFLAGS = (
					"-ObjC",
					"-all_load",
				);
				PRODUCT_NAME = "$(TARGET_NAME)";
				PROVISIONING_PROFILE = "2766CFAF-C6D6-4D60-ABF0-87FF943766D2";
				WRAPPER_EXTENSION = app;
			};
			name = Debug;
		};
		5ADB24EB189985590016CA02 /* Release */ = {
			isa = XCBuildConfiguration;
			baseConfigurationReference = 514DAA1BD6B44149AD7F0216 /* Pods.xcconfig */;
			buildSettings = {
				ASSETCATALOG_COMPILER_APPICON_NAME = AppIcon;
				ASSETCATALOG_COMPILER_LAUNCHIMAGE_NAME = LaunchImage;
				CODE_SIGN_IDENTITY = "iPhone Distribution: Henry Bridge (Y83XBMV536)";
				FRAMEWORK_SEARCH_PATHS = (
					"$(inherited)",
					"$(PROJECT_DIR)/Duffy/HockeySDK-iOS/HockeySDK.embeddedframework",
					"$(PROJECT_DIR)",
				);
				GCC_PRECOMPILE_PREFIX_HEADER = YES;
				GCC_PREFIX_HEADER = "Duffy/Duffy-Prefix.pch";
				HEADER_SEARCH_PATHS = (
					"$(inherited)",
					/Applications/Xcode.app/Contents/Developer/Toolchains/XcodeDefault.xctoolchain/usr/include,
					"\"$(BUILT_PRODUCTS_DIR)/../../Headers\"",
				);
				INFOPLIST_FILE = "Duffy/Duffy-Info.plist";
				LIBRARY_SEARCH_PATHS = (
					"$(inherited)",
					"$(PROJECT_DIR)/Duffy/Flurry",
				);
				OTHER_LDFLAGS = (
					"-ObjC",
					"-all_load",
				);
				PRODUCT_NAME = "$(TARGET_NAME)";
				PROVISIONING_PROFILE = "11958FC0-64BD-4CE8-B28F-8CB0829EB748";
				WRAPPER_EXTENSION = app;
			};
			name = Release;
		};
		5ADB24ED189985590016CA02 /* Debug */ = {
			isa = XCBuildConfiguration;
			buildSettings = {
				BUNDLE_LOADER = "$(BUILT_PRODUCTS_DIR)/Duffy.app/Duffy";
				FRAMEWORK_SEARCH_PATHS = (
					"$(SDKROOT)/Developer/Library/Frameworks",
					"$(inherited)",
					"$(DEVELOPER_FRAMEWORKS_DIR)",
				);
				GCC_PRECOMPILE_PREFIX_HEADER = YES;
				GCC_PREFIX_HEADER = "Duffy/Duffy-Prefix.pch";
				GCC_PREPROCESSOR_DEFINITIONS = (
					"DEBUG=1",
					"$(inherited)",
				);
				INFOPLIST_FILE = "DuffyTests/DuffyTests-Info.plist";
				PRODUCT_NAME = "$(TARGET_NAME)";
				TEST_HOST = "$(BUNDLE_LOADER)";
				WRAPPER_EXTENSION = xctest;
			};
			name = Debug;
		};
		5ADB24EE189985590016CA02 /* Release */ = {
			isa = XCBuildConfiguration;
			buildSettings = {
				BUNDLE_LOADER = "$(BUILT_PRODUCTS_DIR)/Duffy.app/Duffy";
				FRAMEWORK_SEARCH_PATHS = (
					"$(SDKROOT)/Developer/Library/Frameworks",
					"$(inherited)",
					"$(DEVELOPER_FRAMEWORKS_DIR)",
				);
				GCC_PRECOMPILE_PREFIX_HEADER = YES;
				GCC_PREFIX_HEADER = "Duffy/Duffy-Prefix.pch";
				INFOPLIST_FILE = "DuffyTests/DuffyTests-Info.plist";
				PRODUCT_NAME = "$(TARGET_NAME)";
				TEST_HOST = "$(BUNDLE_LOADER)";
				WRAPPER_EXTENSION = xctest;
			};
			name = Release;
		};
/* End XCBuildConfiguration section */

/* Begin XCConfigurationList section */
		5ADB24B2189985590016CA02 /* Build configuration list for PBXProject "Duffy" */ = {
			isa = XCConfigurationList;
			buildConfigurations = (
				5ADB24E7189985590016CA02 /* Debug */,
				5ADB24E8189985590016CA02 /* Release */,
			);
			defaultConfigurationIsVisible = 0;
			defaultConfigurationName = Release;
		};
		5ADB24E9189985590016CA02 /* Build configuration list for PBXNativeTarget "Duffy" */ = {
			isa = XCConfigurationList;
			buildConfigurations = (
				5ADB24EA189985590016CA02 /* Debug */,
				5ADB24EB189985590016CA02 /* Release */,
			);
			defaultConfigurationIsVisible = 0;
			defaultConfigurationName = Release;
		};
		5ADB24EC189985590016CA02 /* Build configuration list for PBXNativeTarget "DuffyTests" */ = {
			isa = XCConfigurationList;
			buildConfigurations = (
				5ADB24ED189985590016CA02 /* Debug */,
				5ADB24EE189985590016CA02 /* Release */,
			);
			defaultConfigurationIsVisible = 0;
			defaultConfigurationName = Release;
		};
/* End XCConfigurationList section */

/* Begin XCVersionGroup section */
		5ADB24CE189985590016CA02 /* Duffy.xcdatamodeld */ = {
			isa = XCVersionGroup;
			children = (
				5AC677E21906E47E002F9D42 /* Duffy 2.xcdatamodel */,
				5AC677E9190700F6002F9D42 /* Duffy 3.xcdatamodel */,
				5ADB24CF189985590016CA02 /* Duffy.xcdatamodel */,
			);
			currentVersion = 5AC677E9190700F6002F9D42 /* Duffy 3.xcdatamodel */;
			path = Duffy.xcdatamodeld;
			sourceTree = "<group>";
			versionGroupType = wrapper.xcdatamodel;
		};
/* End XCVersionGroup section */
	};
	rootObject = 5ADB24AF189985590016CA02 /* Project object */;
}
