// !$*UTF8*$!
{
	archiveVersion = 1;
	classes = {
	};
	objectVersion = 46;
	objects = {

/* Begin PBXBuildFile section */
		502B025BD24C4FB89333BFED /* libPods.a in Frameworks */ = {isa = PBXBuildFile; fileRef = 68ED45F75CA648D08A506609 /* libPods.a */; };
		5A30E4DA18D3AC5F00E41DBC /* DFSearchViewController.m in Sources */ = {isa = PBXBuildFile; fileRef = 5A30E4D818D3AC5F00E41DBC /* DFSearchViewController.m */; };
		5A30E4DD18D3AF0800E41DBC /* Search@2x.png in Resources */ = {isa = PBXBuildFile; fileRef = 5A30E4DC18D3AF0800E41DBC /* Search@2x.png */; };
		5A45E9BD18D9F7B8002663EB /* DFPhotoCollection.m in Sources */ = {isa = PBXBuildFile; fileRef = 5A45E9BC18D9F7B8002663EB /* DFPhotoCollection.m */; };
		5A45E9C618DA44F6002663EB /* DFCameraRollSyncController.m in Sources */ = {isa = PBXBuildFile; fileRef = 5A45E9C518DA44F6002663EB /* DFCameraRollSyncController.m */; };
		5A45E9CC18DB990D002663EB /* DFUploadSessionStats.m in Sources */ = {isa = PBXBuildFile; fileRef = 5A45E9CB18DB990D002663EB /* DFUploadSessionStats.m */; };
		5A512725190072A50057A31F /* DFPhotoUploadAdapter.m in Sources */ = {isa = PBXBuildFile; fileRef = 5A512724190072A50057A31F /* DFPhotoUploadAdapter.m */; };
		5A51272B19007CE00057A31F /* DFUploadQueue.m in Sources */ = {isa = PBXBuildFile; fileRef = 5A51272A19007CE00057A31F /* DFUploadQueue.m */; };
		5A52BD7118FEFE400038CCCD /* DFSearchResultsTableViewResultsIncompleteWarningHeader.xib in Resources */ = {isa = PBXBuildFile; fileRef = 5A52BD7018FEFE400038CCCD /* DFSearchResultsTableViewResultsIncompleteWarningHeader.xib */; };
		5A52BD7318FF02ED0038CCCD /* WarningHeaderIcon@2x.png in Resources */ = {isa = PBXBuildFile; fileRef = 5A52BD7218FF02ED0038CCCD /* WarningHeaderIcon@2x.png */; };
		5A67605918E2039800E355B6 /* CoreLocation.framework in Frameworks */ = {isa = PBXBuildFile; fileRef = 5A67605818E2039800E355B6 /* CoreLocation.framework */; };
		5A67605C18E210B000E355B6 /* NSDictionary+DFJSON.m in Sources */ = {isa = PBXBuildFile; fileRef = 5A67605B18E210B000E355B6 /* NSDictionary+DFJSON.m */; };
		5A67606018E2444E00E355B6 /* DFPhotoViewController.m in Sources */ = {isa = PBXBuildFile; fileRef = 5A67605E18E2444E00E355B6 /* DFPhotoViewController.m */; };
		5A67606118E2444E00E355B6 /* DFPhotoViewController.xib in Resources */ = {isa = PBXBuildFile; fileRef = 5A67605F18E2444E00E355B6 /* DFPhotoViewController.xib */; };
		5A67606618E3389900E355B6 /* DFPhotoNavigationControllerViewController.m in Sources */ = {isa = PBXBuildFile; fileRef = 5A67606518E3389900E355B6 /* DFPhotoNavigationControllerViewController.m */; };
		5A67606918E3558500E355B6 /* DFMultiPhotoViewController.m in Sources */ = {isa = PBXBuildFile; fileRef = 5A67606818E3558500E355B6 /* DFMultiPhotoViewController.m */; };
		5A72E11818B55CB2000979D2 /* database.csv in Resources */ = {isa = PBXBuildFile; fileRef = 5A72E11718B55CB2000979D2 /* database.csv */; };
		5A72E11C18B7EB83000979D2 /* QuartzCore.framework in Frameworks */ = {isa = PBXBuildFile; fileRef = 5A72E11B18B7EB83000979D2 /* QuartzCore.framework */; };
		5A72E11E18B7EB89000979D2 /* Security.framework in Frameworks */ = {isa = PBXBuildFile; fileRef = 5A72E11D18B7EB89000979D2 /* Security.framework */; };
		5A81ED2818CFAED5003EF557 /* DFUploadController.m in Sources */ = {isa = PBXBuildFile; fileRef = 5A81ED2718CFAED5003EF557 /* DFUploadController.m */; };
		5A81ED3D18CFB574003EF557 /* CFNetwork.framework in Frameworks */ = {isa = PBXBuildFile; fileRef = 5A81ED3C18CFB574003EF557 /* CFNetwork.framework */; };
		5A81ED3F18CFB57F003EF557 /* MobileCoreServices.framework in Frameworks */ = {isa = PBXBuildFile; fileRef = 5A81ED3E18CFB57F003EF557 /* MobileCoreServices.framework */; };
		5A81ED4118CFB591003EF557 /* SystemConfiguration.framework in Frameworks */ = {isa = PBXBuildFile; fileRef = 5A81ED4018CFB591003EF557 /* SystemConfiguration.framework */; };
		5A8D0AED18EB36D600A1D9A7 /* NSNotificationCenter+DFThreadingAddons.m in Sources */ = {isa = PBXBuildFile; fileRef = 5A8D0AEC18EB36D600A1D9A7 /* NSNotificationCenter+DFThreadingAddons.m */; };
		5A8D0AF318EB6A9600A1D9A7 /* DFNotificationSharedConstants.m in Sources */ = {isa = PBXBuildFile; fileRef = 5A8D0AF218EB6A9600A1D9A7 /* DFNotificationSharedConstants.m */; };
		5A8D0B4718EDD87400A1D9A7 /* DFSearchViewController.xib in Resources */ = {isa = PBXBuildFile; fileRef = 5A8D0B4618EDD87400A1D9A7 /* DFSearchViewController.xib */; };
		5A8D0B4B18EF174F00A1D9A7 /* DFPhotoWebViewController.m in Sources */ = {isa = PBXBuildFile; fileRef = 5A8D0B4918EF174F00A1D9A7 /* DFPhotoWebViewController.m */; };
		5A8D0B4C18EF174F00A1D9A7 /* DFPhotoWebViewController.xib in Resources */ = {isa = PBXBuildFile; fileRef = 5A8D0B4A18EF174F00A1D9A7 /* DFPhotoWebViewController.xib */; };
		5A8D0B5618EF525800A1D9A7 /* DFTableHeaderView.m in Sources */ = {isa = PBXBuildFile; fileRef = 5A8D0B5518EF525800A1D9A7 /* DFTableHeaderView.m */; };
		5A8D0B5818EF526E00A1D9A7 /* DFTableHeaderView.xib in Resources */ = {isa = PBXBuildFile; fileRef = 5A8D0B5718EF526E00A1D9A7 /* DFTableHeaderView.xib */; };
		5AACB8F418F4574400F4EEB6 /* DFUserPeanutAdapter.m in Sources */ = {isa = PBXBuildFile; fileRef = 5AACB8F318F4574400F4EEB6 /* DFUserPeanutAdapter.m */; };
		5AACB8FA18F4599800F4EEB6 /* DFNetworkingConstants.m in Sources */ = {isa = PBXBuildFile; fileRef = 5AACB8F918F4599800F4EEB6 /* DFNetworkingConstants.m */; };
		5AACB90318F471E900F4EEB6 /* DFFirstTimeSetupViewController.m in Sources */ = {isa = PBXBuildFile; fileRef = 5AACB90118F471E900F4EEB6 /* DFFirstTimeSetupViewController.m */; };
		5AACB90418F471E900F4EEB6 /* DFFirstTimeSetupViewController.xib in Resources */ = {isa = PBXBuildFile; fileRef = 5AACB90218F471E900F4EEB6 /* DFFirstTimeSetupViewController.xib */; };
		5AACB90918F49AED00F4EEB6 /* libFlurry_4.4.0.a in Frameworks */ = {isa = PBXBuildFile; fileRef = 5AACB90818F49AED00F4EEB6 /* libFlurry_4.4.0.a */; };
		5AACB90D18F49D9700F4EEB6 /* DFAnalytics.m in Sources */ = {isa = PBXBuildFile; fileRef = 5AACB90C18F49D9700F4EEB6 /* DFAnalytics.m */; };
		5AACB91518F5D61300F4EEB6 /* DFUploadProgressView.m in Sources */ = {isa = PBXBuildFile; fileRef = 5AACB91418F5D61300F4EEB6 /* DFUploadProgressView.m */; };
		5AACB91718F5D63500F4EEB6 /* DFUploadProgressView.xib in Resources */ = {isa = PBXBuildFile; fileRef = 5AACB91618F5D63500F4EEB6 /* DFUploadProgressView.xib */; };
		5AACB92218F6092F00F4EEB6 /* HockeySDK.framework in Frameworks */ = {isa = PBXBuildFile; fileRef = 5AACB91E18F6092F00F4EEB6 /* HockeySDK.framework */; };
		5AACB92318F6092F00F4EEB6 /* HockeySDK.xcconfig in Resources */ = {isa = PBXBuildFile; fileRef = 5AACB92018F6092F00F4EEB6 /* HockeySDK.xcconfig */; };
		5AACB92418F6092F00F4EEB6 /* HockeySDKResources.bundle in Resources */ = {isa = PBXBuildFile; fileRef = 5AACB92118F6092F00F4EEB6 /* HockeySDKResources.bundle */; };
		5AB32E9F18EF58EC004FC27B /* TimeSectionHeader@2x.png in Resources */ = {isa = PBXBuildFile; fileRef = 5AB32E9E18EF58EC004FC27B /* TimeSectionHeader@2x.png */; };
		5AB32EA118EF5A37004FC27B /* LocationSectionHeader@2x.png in Resources */ = {isa = PBXBuildFile; fileRef = 5AB32EA018EF5A37004FC27B /* LocationSectionHeader@2x.png */; };
		5AB32EA318EF5BC3004FC27B /* SubjectSectionHeader@2x.png in Resources */ = {isa = PBXBuildFile; fileRef = 5AB32EA218EF5BC3004FC27B /* SubjectSectionHeader@2x.png */; };
		5AB32EA518EF5DA6004FC27B /* SearchSectionHeader@2x.png in Resources */ = {isa = PBXBuildFile; fileRef = 5AB32EA418EF5DA6004FC27B /* SearchSectionHeader@2x.png */; };
		5AB32EA818F0CD3B004FC27B /* DFKeyboardResizingViewController.m in Sources */ = {isa = PBXBuildFile; fileRef = 5AB32EA718F0CD3B004FC27B /* DFKeyboardResizingViewController.m */; };
		5AB32EAB18F1E1B7004FC27B /* DFAutocompleteController.m in Sources */ = {isa = PBXBuildFile; fileRef = 5AB32EAA18F1E1B7004FC27B /* DFAutocompleteController.m */; };
		5ADB24BB189985590016CA02 /* Foundation.framework in Frameworks */ = {isa = PBXBuildFile; fileRef = 5ADB24BA189985590016CA02 /* Foundation.framework */; };
		5ADB24BD189985590016CA02 /* CoreGraphics.framework in Frameworks */ = {isa = PBXBuildFile; fileRef = 5ADB24BC189985590016CA02 /* CoreGraphics.framework */; };
		5ADB24BF189985590016CA02 /* UIKit.framework in Frameworks */ = {isa = PBXBuildFile; fileRef = 5ADB24BE189985590016CA02 /* UIKit.framework */; };
		5ADB24C1189985590016CA02 /* CoreData.framework in Frameworks */ = {isa = PBXBuildFile; fileRef = 5ADB24C0189985590016CA02 /* CoreData.framework */; };
		5ADB24C7189985590016CA02 /* InfoPlist.strings in Resources */ = {isa = PBXBuildFile; fileRef = 5ADB24C5189985590016CA02 /* InfoPlist.strings */; };
		5ADB24C9189985590016CA02 /* main.m in Sources */ = {isa = PBXBuildFile; fileRef = 5ADB24C8189985590016CA02 /* main.m */; };
		5ADB24CD189985590016CA02 /* DFAppDelegate.m in Sources */ = {isa = PBXBuildFile; fileRef = 5ADB24CC189985590016CA02 /* DFAppDelegate.m */; };
		5ADB24D0189985590016CA02 /* Duffy.xcdatamodeld in Sources */ = {isa = PBXBuildFile; fileRef = 5ADB24CE189985590016CA02 /* Duffy.xcdatamodeld */; };
		5ADB24D2189985590016CA02 /* Images.xcassets in Resources */ = {isa = PBXBuildFile; fileRef = 5ADB24D1189985590016CA02 /* Images.xcassets */; };
		5ADB24D9189985590016CA02 /* XCTest.framework in Frameworks */ = {isa = PBXBuildFile; fileRef = 5ADB24D8189985590016CA02 /* XCTest.framework */; };
		5ADB24DA189985590016CA02 /* Foundation.framework in Frameworks */ = {isa = PBXBuildFile; fileRef = 5ADB24BA189985590016CA02 /* Foundation.framework */; };
		5ADB24DB189985590016CA02 /* UIKit.framework in Frameworks */ = {isa = PBXBuildFile; fileRef = 5ADB24BE189985590016CA02 /* UIKit.framework */; };
		5ADB24DC189985590016CA02 /* CoreData.framework in Frameworks */ = {isa = PBXBuildFile; fileRef = 5ADB24C0189985590016CA02 /* CoreData.framework */; };
		5ADB24E4189985590016CA02 /* InfoPlist.strings in Resources */ = {isa = PBXBuildFile; fileRef = 5ADB24E2189985590016CA02 /* InfoPlist.strings */; };
		5ADB24E6189985590016CA02 /* DuffyTests.m in Sources */ = {isa = PBXBuildFile; fileRef = 5ADB24E5189985590016CA02 /* DuffyTests.m */; };
		5ADB24F2189985A20016CA02 /* DFPhotosGridViewController.m in Sources */ = {isa = PBXBuildFile; fileRef = 5ADB24F0189985A20016CA02 /* DFPhotosGridViewController.m */; };
		5ADB24F3189985A20016CA02 /* DFPhotosGridViewController.xib in Resources */ = {isa = PBXBuildFile; fileRef = 5ADB24F1189985A20016CA02 /* DFPhotosGridViewController.xib */; };
		5ADB24F518998CBA0016CA02 /* AssetsLibrary.framework in Frameworks */ = {isa = PBXBuildFile; fileRef = 5ADB24F418998CBA0016CA02 /* AssetsLibrary.framework */; };
		5ADB24F818998D070016CA02 /* DFPhotoStore.m in Sources */ = {isa = PBXBuildFile; fileRef = 5ADB24F718998D070016CA02 /* DFPhotoStore.m */; };
		5ADB24FB189992180016CA02 /* DFPhotoViewCell.m in Sources */ = {isa = PBXBuildFile; fileRef = 5ADB24FA189992180016CA02 /* DFPhotoViewCell.m */; };
		5ADB24FD189992A00016CA02 /* DFPhotoViewCell.xib in Resources */ = {isa = PBXBuildFile; fileRef = 5ADB24FC189992A00016CA02 /* DFPhotoViewCell.xib */; };
		5ADB2509189ABBB50016CA02 /* DFPhoto.m in Sources */ = {isa = PBXBuildFile; fileRef = 5ADB2508189ABBB50016CA02 /* DFPhoto.m */; };
		5ADB250E189AE7980016CA02 /* Albums.png in Resources */ = {isa = PBXBuildFile; fileRef = 5ADB250A189AE7980016CA02 /* Albums.png */; };
		5ADB250F189AE7980016CA02 /* Albums@2x.png in Resources */ = {isa = PBXBuildFile; fileRef = 5ADB250B189AE7980016CA02 /* Albums@2x.png */; };
		5ADB2510189AE7980016CA02 /* Timeline.png in Resources */ = {isa = PBXBuildFile; fileRef = 5ADB250C189AE7980016CA02 /* Timeline.png */; };
		5ADB2511189AE7980016CA02 /* Timeline@2x.png in Resources */ = {isa = PBXBuildFile; fileRef = 5ADB250D189AE7980016CA02 /* Timeline@2x.png */; };
		5ADB2514189AED860016CA02 /* DFCameraRollViewController.m in Sources */ = {isa = PBXBuildFile; fileRef = 5ADB2513189AED860016CA02 /* DFCameraRollViewController.m */; };
		5AE3BF7118E4CCC600ACB5DC /* DFBoundingBoxView.m in Sources */ = {isa = PBXBuildFile; fileRef = 5AE3BF7018E4CCC600ACB5DC /* DFBoundingBoxView.m */; };
		5AE3BF7318E4D08F00ACB5DC /* CoreImage.framework in Frameworks */ = {isa = PBXBuildFile; fileRef = 5AE3BF7218E4D08F00ACB5DC /* CoreImage.framework */; };
		5AE3BF7518E4D1BF00ACB5DC /* ImageIO.framework in Frameworks */ = {isa = PBXBuildFile; fileRef = 5AE3BF7418E4D1BF00ACB5DC /* ImageIO.framework */; };
		5AE3BF7818E4D46100ACB5DC /* DFImageView.m in Sources */ = {isa = PBXBuildFile; fileRef = 5AE3BF7718E4D46100ACB5DC /* DFImageView.m */; };
		5AE3BF7B18E4D5C900ACB5DC /* DFCGRectHelpers.m in Sources */ = {isa = PBXBuildFile; fileRef = 5AE3BF7A18E4D5C900ACB5DC /* DFCGRectHelpers.m */; };
		5AE3BF7E18E4E91700ACB5DC /* UIImage+DFHelpers.m in Sources */ = {isa = PBXBuildFile; fileRef = 5AE3BF7D18E4E91700ACB5DC /* UIImage+DFHelpers.m */; };
		5AE3BF8118E6301B00ACB5DC /* DFPhoto+FaceDetection.m in Sources */ = {isa = PBXBuildFile; fileRef = 5AE3BF8018E6301B00ACB5DC /* DFPhoto+FaceDetection.m */; };
		5AE3BF8418E724A200ACB5DC /* DFPhotoImageCache.m in Sources */ = {isa = PBXBuildFile; fileRef = 5AE3BF8318E724A200ACB5DC /* DFPhotoImageCache.m */; };
		5AFBCA3518D0C87E00998793 /* DFUser.m in Sources */ = {isa = PBXBuildFile; fileRef = 5AFBCA3418D0C87E00998793 /* DFUser.m */; };
		5AFBCA3918D0E0FD00998793 /* DFSettingsViewController.m in Sources */ = {isa = PBXBuildFile; fileRef = 5AFBCA3718D0E0FD00998793 /* DFSettingsViewController.m */; };
		5AFBCA3A18D0E0FD00998793 /* DFSettingsViewController.xib in Resources */ = {isa = PBXBuildFile; fileRef = 5AFBCA3818D0E0FD00998793 /* DFSettingsViewController.xib */; };
		5AFBCA3C18D0E68400998793 /* SettingsTab@2x.png in Resources */ = {isa = PBXBuildFile; fileRef = 5AFBCA3B18D0E68400998793 /* SettingsTab@2x.png */; };
		5AFBCA4E18D236A900998793 /* UIImage+Alpha.m in Sources */ = {isa = PBXBuildFile; fileRef = 5AFBCA4918D236A900998793 /* UIImage+Alpha.m */; };
		5AFBCA4F18D236A900998793 /* UIImage+Resize.m in Sources */ = {isa = PBXBuildFile; fileRef = 5AFBCA4B18D236A900998793 /* UIImage+Resize.m */; };
		5AFBCA5018D236A900998793 /* UIImage+RoundedCorner.m in Sources */ = {isa = PBXBuildFile; fileRef = 5AFBCA4D18D236A900998793 /* UIImage+RoundedCorner.m */; };
/* End PBXBuildFile section */

/* Begin PBXContainerItemProxy section */
		5ADB24DD189985590016CA02 /* PBXContainerItemProxy */ = {
			isa = PBXContainerItemProxy;
			containerPortal = 5ADB24AF189985590016CA02 /* Project object */;
			proxyType = 1;
			remoteGlobalIDString = 5ADB24B6189985590016CA02;
			remoteInfo = Duffy;
		};
/* End PBXContainerItemProxy section */

/* Begin PBXFileReference section */
		514DAA1BD6B44149AD7F0216 /* Pods.xcconfig */ = {isa = PBXFileReference; includeInIndex = 1; lastKnownFileType = text.xcconfig; name = Pods.xcconfig; path = Duffy/Pods/Pods.xcconfig; sourceTree = "<group>"; };
		5A30E4D718D3AC5F00E41DBC /* DFSearchViewController.h */ = {isa = PBXFileReference; fileEncoding = 4; lastKnownFileType = sourcecode.c.h; path = DFSearchViewController.h; sourceTree = "<group>"; };
		5A30E4D818D3AC5F00E41DBC /* DFSearchViewController.m */ = {isa = PBXFileReference; fileEncoding = 4; lastKnownFileType = sourcecode.c.objc; path = DFSearchViewController.m; sourceTree = "<group>"; };
		5A30E4DC18D3AF0800E41DBC /* Search@2x.png */ = {isa = PBXFileReference; lastKnownFileType = image.png; path = "Search@2x.png"; sourceTree = "<group>"; };
		5A45E9BB18D9F7B8002663EB /* DFPhotoCollection.h */ = {isa = PBXFileReference; fileEncoding = 4; lastKnownFileType = sourcecode.c.h; path = DFPhotoCollection.h; sourceTree = "<group>"; };
		5A45E9BC18D9F7B8002663EB /* DFPhotoCollection.m */ = {isa = PBXFileReference; fileEncoding = 4; lastKnownFileType = sourcecode.c.objc; path = DFPhotoCollection.m; sourceTree = "<group>"; };
		5A45E9C418DA44F6002663EB /* DFCameraRollSyncController.h */ = {isa = PBXFileReference; fileEncoding = 4; lastKnownFileType = sourcecode.c.h; path = DFCameraRollSyncController.h; sourceTree = "<group>"; };
		5A45E9C518DA44F6002663EB /* DFCameraRollSyncController.m */ = {isa = PBXFileReference; fileEncoding = 4; lastKnownFileType = sourcecode.c.objc; path = DFCameraRollSyncController.m; sourceTree = "<group>"; };
		5A45E9CA18DB990D002663EB /* DFUploadSessionStats.h */ = {isa = PBXFileReference; fileEncoding = 4; lastKnownFileType = sourcecode.c.h; path = DFUploadSessionStats.h; sourceTree = "<group>"; };
		5A45E9CB18DB990D002663EB /* DFUploadSessionStats.m */ = {isa = PBXFileReference; fileEncoding = 4; lastKnownFileType = sourcecode.c.objc; path = DFUploadSessionStats.m; sourceTree = "<group>"; };
		5A512723190072A50057A31F /* DFPhotoUploadAdapter.h */ = {isa = PBXFileReference; fileEncoding = 4; lastKnownFileType = sourcecode.c.h; path = DFPhotoUploadAdapter.h; sourceTree = "<group>"; };
		5A512724190072A50057A31F /* DFPhotoUploadAdapter.m */ = {isa = PBXFileReference; fileEncoding = 4; lastKnownFileType = sourcecode.c.objc; path = DFPhotoUploadAdapter.m; sourceTree = "<group>"; };
		5A51272919007CE00057A31F /* DFUploadQueue.h */ = {isa = PBXFileReference; fileEncoding = 4; lastKnownFileType = sourcecode.c.h; path = DFUploadQueue.h; sourceTree = "<group>"; };
		5A51272A19007CE00057A31F /* DFUploadQueue.m */ = {isa = PBXFileReference; fileEncoding = 4; lastKnownFileType = sourcecode.c.objc; path = DFUploadQueue.m; sourceTree = "<group>"; };
		5A52BD7018FEFE400038CCCD /* DFSearchResultsTableViewResultsIncompleteWarningHeader.xib */ = {isa = PBXFileReference; fileEncoding = 4; lastKnownFileType = file.xib; path = DFSearchResultsTableViewResultsIncompleteWarningHeader.xib; sourceTree = "<group>"; };
		5A52BD7218FF02ED0038CCCD /* WarningHeaderIcon@2x.png */ = {isa = PBXFileReference; lastKnownFileType = image.png; name = "WarningHeaderIcon@2x.png"; path = "Resources/Icons/WarningHeaderIcon@2x.png"; sourceTree = "<group>"; };
		5A67605818E2039800E355B6 /* CoreLocation.framework */ = {isa = PBXFileReference; lastKnownFileType = wrapper.framework; name = CoreLocation.framework; path = System/Library/Frameworks/CoreLocation.framework; sourceTree = SDKROOT; };
		5A67605A18E210B000E355B6 /* NSDictionary+DFJSON.h */ = {isa = PBXFileReference; fileEncoding = 4; lastKnownFileType = sourcecode.c.h; path = "NSDictionary+DFJSON.h"; sourceTree = "<group>"; };
		5A67605B18E210B000E355B6 /* NSDictionary+DFJSON.m */ = {isa = PBXFileReference; fileEncoding = 4; lastKnownFileType = sourcecode.c.objc; path = "NSDictionary+DFJSON.m"; sourceTree = "<group>"; };
		5A67605D18E2444E00E355B6 /* DFPhotoViewController.h */ = {isa = PBXFileReference; fileEncoding = 4; lastKnownFileType = sourcecode.c.h; path = DFPhotoViewController.h; sourceTree = "<group>"; };
		5A67605E18E2444E00E355B6 /* DFPhotoViewController.m */ = {isa = PBXFileReference; fileEncoding = 4; lastKnownFileType = sourcecode.c.objc; path = DFPhotoViewController.m; sourceTree = "<group>"; };
		5A67605F18E2444E00E355B6 /* DFPhotoViewController.xib */ = {isa = PBXFileReference; fileEncoding = 4; lastKnownFileType = file.xib; path = DFPhotoViewController.xib; sourceTree = "<group>"; };
		5A67606418E3389900E355B6 /* DFPhotoNavigationControllerViewController.h */ = {isa = PBXFileReference; fileEncoding = 4; lastKnownFileType = sourcecode.c.h; path = DFPhotoNavigationControllerViewController.h; sourceTree = "<group>"; };
		5A67606518E3389900E355B6 /* DFPhotoNavigationControllerViewController.m */ = {isa = PBXFileReference; fileEncoding = 4; lastKnownFileType = sourcecode.c.objc; path = DFPhotoNavigationControllerViewController.m; sourceTree = "<group>"; };
		5A67606718E3558500E355B6 /* DFMultiPhotoViewController.h */ = {isa = PBXFileReference; fileEncoding = 4; lastKnownFileType = sourcecode.c.h; path = DFMultiPhotoViewController.h; sourceTree = "<group>"; };
		5A67606818E3558500E355B6 /* DFMultiPhotoViewController.m */ = {isa = PBXFileReference; fileEncoding = 4; lastKnownFileType = sourcecode.c.objc; path = DFMultiPhotoViewController.m; sourceTree = "<group>"; };
		5A72E11718B55CB2000979D2 /* database.csv */ = {isa = PBXFileReference; fileEncoding = 4; lastKnownFileType = text; path = database.csv; sourceTree = "<group>"; };
		5A72E11B18B7EB83000979D2 /* QuartzCore.framework */ = {isa = PBXFileReference; lastKnownFileType = wrapper.framework; name = QuartzCore.framework; path = System/Library/Frameworks/QuartzCore.framework; sourceTree = SDKROOT; };
		5A72E11D18B7EB89000979D2 /* Security.framework */ = {isa = PBXFileReference; lastKnownFileType = wrapper.framework; name = Security.framework; path = System/Library/Frameworks/Security.framework; sourceTree = SDKROOT; };
		5A81ED2618CFAED5003EF557 /* DFUploadController.h */ = {isa = PBXFileReference; fileEncoding = 4; lastKnownFileType = sourcecode.c.h; path = DFUploadController.h; sourceTree = "<group>"; };
		5A81ED2718CFAED5003EF557 /* DFUploadController.m */ = {isa = PBXFileReference; fileEncoding = 4; lastKnownFileType = sourcecode.c.objc; path = DFUploadController.m; sourceTree = "<group>"; };
		5A81ED3C18CFB574003EF557 /* CFNetwork.framework */ = {isa = PBXFileReference; lastKnownFileType = wrapper.framework; name = CFNetwork.framework; path = System/Library/Frameworks/CFNetwork.framework; sourceTree = SDKROOT; };
		5A81ED3E18CFB57F003EF557 /* MobileCoreServices.framework */ = {isa = PBXFileReference; lastKnownFileType = wrapper.framework; name = MobileCoreServices.framework; path = System/Library/Frameworks/MobileCoreServices.framework; sourceTree = SDKROOT; };
		5A81ED4018CFB591003EF557 /* SystemConfiguration.framework */ = {isa = PBXFileReference; lastKnownFileType = wrapper.framework; name = SystemConfiguration.framework; path = System/Library/Frameworks/SystemConfiguration.framework; sourceTree = SDKROOT; };
		5A8D0AEB18EB36D600A1D9A7 /* NSNotificationCenter+DFThreadingAddons.h */ = {isa = PBXFileReference; fileEncoding = 4; lastKnownFileType = sourcecode.c.h; path = "NSNotificationCenter+DFThreadingAddons.h"; sourceTree = "<group>"; };
		5A8D0AEC18EB36D600A1D9A7 /* NSNotificationCenter+DFThreadingAddons.m */ = {isa = PBXFileReference; fileEncoding = 4; lastKnownFileType = sourcecode.c.objc; path = "NSNotificationCenter+DFThreadingAddons.m"; sourceTree = "<group>"; };
		5A8D0AF118EB6A9600A1D9A7 /* DFNotificationSharedConstants.h */ = {isa = PBXFileReference; fileEncoding = 4; lastKnownFileType = sourcecode.c.h; path = DFNotificationSharedConstants.h; sourceTree = "<group>"; };
		5A8D0AF218EB6A9600A1D9A7 /* DFNotificationSharedConstants.m */ = {isa = PBXFileReference; fileEncoding = 4; lastKnownFileType = sourcecode.c.objc; path = DFNotificationSharedConstants.m; sourceTree = "<group>"; };
		5A8D0B4618EDD87400A1D9A7 /* DFSearchViewController.xib */ = {isa = PBXFileReference; fileEncoding = 4; lastKnownFileType = file.xib; path = DFSearchViewController.xib; sourceTree = "<group>"; };
		5A8D0B4818EF174F00A1D9A7 /* DFPhotoWebViewController.h */ = {isa = PBXFileReference; fileEncoding = 4; lastKnownFileType = sourcecode.c.h; path = DFPhotoWebViewController.h; sourceTree = "<group>"; };
		5A8D0B4918EF174F00A1D9A7 /* DFPhotoWebViewController.m */ = {isa = PBXFileReference; fileEncoding = 4; lastKnownFileType = sourcecode.c.objc; path = DFPhotoWebViewController.m; sourceTree = "<group>"; };
		5A8D0B4A18EF174F00A1D9A7 /* DFPhotoWebViewController.xib */ = {isa = PBXFileReference; fileEncoding = 4; lastKnownFileType = file.xib; path = DFPhotoWebViewController.xib; sourceTree = "<group>"; };
		5A8D0B5418EF525800A1D9A7 /* DFTableHeaderView.h */ = {isa = PBXFileReference; fileEncoding = 4; lastKnownFileType = sourcecode.c.h; path = DFTableHeaderView.h; sourceTree = "<group>"; };
		5A8D0B5518EF525800A1D9A7 /* DFTableHeaderView.m */ = {isa = PBXFileReference; fileEncoding = 4; lastKnownFileType = sourcecode.c.objc; path = DFTableHeaderView.m; sourceTree = "<group>"; };
		5A8D0B5718EF526E00A1D9A7 /* DFTableHeaderView.xib */ = {isa = PBXFileReference; fileEncoding = 4; lastKnownFileType = file.xib; path = DFTableHeaderView.xib; sourceTree = "<group>"; };
		5AACB8F218F4574400F4EEB6 /* DFUserPeanutAdapter.h */ = {isa = PBXFileReference; fileEncoding = 4; lastKnownFileType = sourcecode.c.h; path = DFUserPeanutAdapter.h; sourceTree = "<group>"; };
		5AACB8F318F4574400F4EEB6 /* DFUserPeanutAdapter.m */ = {isa = PBXFileReference; fileEncoding = 4; lastKnownFileType = sourcecode.c.objc; path = DFUserPeanutAdapter.m; sourceTree = "<group>"; };
		5AACB8F818F4599800F4EEB6 /* DFNetworkingConstants.h */ = {isa = PBXFileReference; fileEncoding = 4; lastKnownFileType = sourcecode.c.h; path = DFNetworkingConstants.h; sourceTree = "<group>"; };
		5AACB8F918F4599800F4EEB6 /* DFNetworkingConstants.m */ = {isa = PBXFileReference; fileEncoding = 4; lastKnownFileType = sourcecode.c.objc; path = DFNetworkingConstants.m; sourceTree = "<group>"; };
		5AACB90018F471E900F4EEB6 /* DFFirstTimeSetupViewController.h */ = {isa = PBXFileReference; fileEncoding = 4; lastKnownFileType = sourcecode.c.h; path = DFFirstTimeSetupViewController.h; sourceTree = "<group>"; };
		5AACB90118F471E900F4EEB6 /* DFFirstTimeSetupViewController.m */ = {isa = PBXFileReference; fileEncoding = 4; lastKnownFileType = sourcecode.c.objc; path = DFFirstTimeSetupViewController.m; sourceTree = "<group>"; };
		5AACB90218F471E900F4EEB6 /* DFFirstTimeSetupViewController.xib */ = {isa = PBXFileReference; fileEncoding = 4; lastKnownFileType = file.xib; path = DFFirstTimeSetupViewController.xib; sourceTree = "<group>"; };
		5AACB90718F49AED00F4EEB6 /* Flurry.h */ = {isa = PBXFileReference; fileEncoding = 4; lastKnownFileType = sourcecode.c.h; path = Flurry.h; sourceTree = "<group>"; };
		5AACB90818F49AED00F4EEB6 /* libFlurry_4.4.0.a */ = {isa = PBXFileReference; lastKnownFileType = archive.ar; path = libFlurry_4.4.0.a; sourceTree = "<group>"; };
		5AACB90B18F49D9700F4EEB6 /* DFAnalytics.h */ = {isa = PBXFileReference; fileEncoding = 4; lastKnownFileType = sourcecode.c.h; path = DFAnalytics.h; sourceTree = "<group>"; };
		5AACB90C18F49D9700F4EEB6 /* DFAnalytics.m */ = {isa = PBXFileReference; fileEncoding = 4; lastKnownFileType = sourcecode.c.objc; path = DFAnalytics.m; sourceTree = "<group>"; };
		5AACB91318F5D61300F4EEB6 /* DFUploadProgressView.h */ = {isa = PBXFileReference; fileEncoding = 4; lastKnownFileType = sourcecode.c.h; path = DFUploadProgressView.h; sourceTree = "<group>"; };
		5AACB91418F5D61300F4EEB6 /* DFUploadProgressView.m */ = {isa = PBXFileReference; fileEncoding = 4; lastKnownFileType = sourcecode.c.objc; path = DFUploadProgressView.m; sourceTree = "<group>"; };
		5AACB91618F5D63500F4EEB6 /* DFUploadProgressView.xib */ = {isa = PBXFileReference; fileEncoding = 4; lastKnownFileType = file.xib; path = DFUploadProgressView.xib; sourceTree = "<group>"; };
		5AACB91E18F6092F00F4EEB6 /* HockeySDK.framework */ = {isa = PBXFileReference; lastKnownFileType = wrapper.framework; path = HockeySDK.framework; sourceTree = "<group>"; };
		5AACB92018F6092F00F4EEB6 /* HockeySDK.xcconfig */ = {isa = PBXFileReference; fileEncoding = 4; lastKnownFileType = text.xcconfig; path = HockeySDK.xcconfig; sourceTree = "<group>"; };
		5AACB92118F6092F00F4EEB6 /* HockeySDKResources.bundle */ = {isa = PBXFileReference; lastKnownFileType = "wrapper.plug-in"; path = HockeySDKResources.bundle; sourceTree = "<group>"; };
		5AB32E9E18EF58EC004FC27B /* TimeSectionHeader@2x.png */ = {isa = PBXFileReference; lastKnownFileType = image.png; name = "TimeSectionHeader@2x.png"; path = "Resources/Icons/TimeSectionHeader@2x.png"; sourceTree = "<group>"; };
		5AB32EA018EF5A37004FC27B /* LocationSectionHeader@2x.png */ = {isa = PBXFileReference; lastKnownFileType = image.png; name = "LocationSectionHeader@2x.png"; path = "Resources/Icons/LocationSectionHeader@2x.png"; sourceTree = "<group>"; };
		5AB32EA218EF5BC3004FC27B /* SubjectSectionHeader@2x.png */ = {isa = PBXFileReference; lastKnownFileType = image.png; name = "SubjectSectionHeader@2x.png"; path = "Resources/Icons/SubjectSectionHeader@2x.png"; sourceTree = "<group>"; };
		5AB32EA418EF5DA6004FC27B /* SearchSectionHeader@2x.png */ = {isa = PBXFileReference; lastKnownFileType = image.png; name = "SearchSectionHeader@2x.png"; path = "Resources/Icons/SearchSectionHeader@2x.png"; sourceTree = "<group>"; };
		5AB32EA618F0CD3B004FC27B /* DFKeyboardResizingViewController.h */ = {isa = PBXFileReference; fileEncoding = 4; lastKnownFileType = sourcecode.c.h; path = DFKeyboardResizingViewController.h; sourceTree = "<group>"; };
		5AB32EA718F0CD3B004FC27B /* DFKeyboardResizingViewController.m */ = {isa = PBXFileReference; fileEncoding = 4; lastKnownFileType = sourcecode.c.objc; path = DFKeyboardResizingViewController.m; sourceTree = "<group>"; };
		5AB32EA918F1E1B7004FC27B /* DFAutocompleteController.h */ = {isa = PBXFileReference; fileEncoding = 4; lastKnownFileType = sourcecode.c.h; path = DFAutocompleteController.h; sourceTree = "<group>"; };
		5AB32EAA18F1E1B7004FC27B /* DFAutocompleteController.m */ = {isa = PBXFileReference; fileEncoding = 4; lastKnownFileType = sourcecode.c.objc; path = DFAutocompleteController.m; sourceTree = "<group>"; };
		5ADB24B7189985590016CA02 /* Duffy.app */ = {isa = PBXFileReference; explicitFileType = wrapper.application; includeInIndex = 0; path = Duffy.app; sourceTree = BUILT_PRODUCTS_DIR; };
		5ADB24BA189985590016CA02 /* Foundation.framework */ = {isa = PBXFileReference; lastKnownFileType = wrapper.framework; name = Foundation.framework; path = System/Library/Frameworks/Foundation.framework; sourceTree = SDKROOT; };
		5ADB24BC189985590016CA02 /* CoreGraphics.framework */ = {isa = PBXFileReference; lastKnownFileType = wrapper.framework; name = CoreGraphics.framework; path = System/Library/Frameworks/CoreGraphics.framework; sourceTree = SDKROOT; };
		5ADB24BE189985590016CA02 /* UIKit.framework */ = {isa = PBXFileReference; lastKnownFileType = wrapper.framework; name = UIKit.framework; path = System/Library/Frameworks/UIKit.framework; sourceTree = SDKROOT; };
		5ADB24C0189985590016CA02 /* CoreData.framework */ = {isa = PBXFileReference; lastKnownFileType = wrapper.framework; name = CoreData.framework; path = System/Library/Frameworks/CoreData.framework; sourceTree = SDKROOT; };
		5ADB24C4189985590016CA02 /* Duffy-Info.plist */ = {isa = PBXFileReference; lastKnownFileType = text.plist.xml; path = "Duffy-Info.plist"; sourceTree = "<group>"; };
		5ADB24C6189985590016CA02 /* en */ = {isa = PBXFileReference; lastKnownFileType = text.plist.strings; name = en; path = en.lproj/InfoPlist.strings; sourceTree = "<group>"; };
		5ADB24C8189985590016CA02 /* main.m */ = {isa = PBXFileReference; lastKnownFileType = sourcecode.c.objc; path = main.m; sourceTree = "<group>"; };
		5ADB24CA189985590016CA02 /* Duffy-Prefix.pch */ = {isa = PBXFileReference; lastKnownFileType = sourcecode.c.h; path = "Duffy-Prefix.pch"; sourceTree = "<group>"; };
		5ADB24CB189985590016CA02 /* DFAppDelegate.h */ = {isa = PBXFileReference; lastKnownFileType = sourcecode.c.h; path = DFAppDelegate.h; sourceTree = "<group>"; };
		5ADB24CC189985590016CA02 /* DFAppDelegate.m */ = {isa = PBXFileReference; lastKnownFileType = sourcecode.c.objc; path = DFAppDelegate.m; sourceTree = "<group>"; };
		5ADB24CF189985590016CA02 /* Duffy.xcdatamodel */ = {isa = PBXFileReference; lastKnownFileType = wrapper.xcdatamodel; path = Duffy.xcdatamodel; sourceTree = "<group>"; };
		5ADB24D1189985590016CA02 /* Images.xcassets */ = {isa = PBXFileReference; lastKnownFileType = folder.assetcatalog; path = Images.xcassets; sourceTree = "<group>"; };
		5ADB24D7189985590016CA02 /* DuffyTests.xctest */ = {isa = PBXFileReference; explicitFileType = wrapper.cfbundle; includeInIndex = 0; path = DuffyTests.xctest; sourceTree = BUILT_PRODUCTS_DIR; };
		5ADB24D8189985590016CA02 /* XCTest.framework */ = {isa = PBXFileReference; lastKnownFileType = wrapper.framework; name = XCTest.framework; path = Library/Frameworks/XCTest.framework; sourceTree = DEVELOPER_DIR; };
		5ADB24E1189985590016CA02 /* DuffyTests-Info.plist */ = {isa = PBXFileReference; lastKnownFileType = text.plist.xml; path = "DuffyTests-Info.plist"; sourceTree = "<group>"; };
		5ADB24E3189985590016CA02 /* en */ = {isa = PBXFileReference; lastKnownFileType = text.plist.strings; name = en; path = en.lproj/InfoPlist.strings; sourceTree = "<group>"; };
		5ADB24E5189985590016CA02 /* DuffyTests.m */ = {isa = PBXFileReference; lastKnownFileType = sourcecode.c.objc; path = DuffyTests.m; sourceTree = "<group>"; };
		5ADB24EF189985A20016CA02 /* DFPhotosGridViewController.h */ = {isa = PBXFileReference; fileEncoding = 4; lastKnownFileType = sourcecode.c.h; path = DFPhotosGridViewController.h; sourceTree = "<group>"; };
		5ADB24F0189985A20016CA02 /* DFPhotosGridViewController.m */ = {isa = PBXFileReference; fileEncoding = 4; lastKnownFileType = sourcecode.c.objc; path = DFPhotosGridViewController.m; sourceTree = "<group>"; };
		5ADB24F1189985A20016CA02 /* DFPhotosGridViewController.xib */ = {isa = PBXFileReference; fileEncoding = 4; lastKnownFileType = file.xib; path = DFPhotosGridViewController.xib; sourceTree = "<group>"; };
		5ADB24F418998CBA0016CA02 /* AssetsLibrary.framework */ = {isa = PBXFileReference; lastKnownFileType = wrapper.framework; name = AssetsLibrary.framework; path = System/Library/Frameworks/AssetsLibrary.framework; sourceTree = SDKROOT; };
		5ADB24F618998D070016CA02 /* DFPhotoStore.h */ = {isa = PBXFileReference; fileEncoding = 4; lastKnownFileType = sourcecode.c.h; path = DFPhotoStore.h; sourceTree = "<group>"; };
		5ADB24F718998D070016CA02 /* DFPhotoStore.m */ = {isa = PBXFileReference; fileEncoding = 4; lastKnownFileType = sourcecode.c.objc; path = DFPhotoStore.m; sourceTree = "<group>"; };
		5ADB24F9189992180016CA02 /* DFPhotoViewCell.h */ = {isa = PBXFileReference; fileEncoding = 4; lastKnownFileType = sourcecode.c.h; path = DFPhotoViewCell.h; sourceTree = "<group>"; };
		5ADB24FA189992180016CA02 /* DFPhotoViewCell.m */ = {isa = PBXFileReference; fileEncoding = 4; lastKnownFileType = sourcecode.c.objc; path = DFPhotoViewCell.m; sourceTree = "<group>"; };
		5ADB24FC189992A00016CA02 /* DFPhotoViewCell.xib */ = {isa = PBXFileReference; fileEncoding = 4; lastKnownFileType = file.xib; path = DFPhotoViewCell.xib; sourceTree = "<group>"; };
		5ADB2507189ABBB50016CA02 /* DFPhoto.h */ = {isa = PBXFileReference; fileEncoding = 4; lastKnownFileType = sourcecode.c.h; path = DFPhoto.h; sourceTree = "<group>"; };
		5ADB2508189ABBB50016CA02 /* DFPhoto.m */ = {isa = PBXFileReference; fileEncoding = 4; lastKnownFileType = sourcecode.c.objc; path = DFPhoto.m; sourceTree = "<group>"; };
		5ADB250A189AE7980016CA02 /* Albums.png */ = {isa = PBXFileReference; lastKnownFileType = image.png; name = Albums.png; path = Resources/Icons/Albums.png; sourceTree = "<group>"; };
		5ADB250B189AE7980016CA02 /* Albums@2x.png */ = {isa = PBXFileReference; lastKnownFileType = image.png; name = "Albums@2x.png"; path = "Resources/Icons/Albums@2x.png"; sourceTree = "<group>"; };
		5ADB250C189AE7980016CA02 /* Timeline.png */ = {isa = PBXFileReference; lastKnownFileType = image.png; name = Timeline.png; path = Resources/Icons/Timeline.png; sourceTree = "<group>"; };
		5ADB250D189AE7980016CA02 /* Timeline@2x.png */ = {isa = PBXFileReference; lastKnownFileType = image.png; name = "Timeline@2x.png"; path = "Resources/Icons/Timeline@2x.png"; sourceTree = "<group>"; };
		5ADB2512189AED860016CA02 /* DFCameraRollViewController.h */ = {isa = PBXFileReference; fileEncoding = 4; lastKnownFileType = sourcecode.c.h; path = DFCameraRollViewController.h; sourceTree = "<group>"; };
		5ADB2513189AED860016CA02 /* DFCameraRollViewController.m */ = {isa = PBXFileReference; fileEncoding = 4; lastKnownFileType = sourcecode.c.objc; path = DFCameraRollViewController.m; sourceTree = "<group>"; };
		5AE3BF6F18E4CCC600ACB5DC /* DFBoundingBoxView.h */ = {isa = PBXFileReference; fileEncoding = 4; lastKnownFileType = sourcecode.c.h; path = DFBoundingBoxView.h; sourceTree = "<group>"; };
		5AE3BF7018E4CCC600ACB5DC /* DFBoundingBoxView.m */ = {isa = PBXFileReference; fileEncoding = 4; lastKnownFileType = sourcecode.c.objc; path = DFBoundingBoxView.m; sourceTree = "<group>"; };
		5AE3BF7218E4D08F00ACB5DC /* CoreImage.framework */ = {isa = PBXFileReference; lastKnownFileType = wrapper.framework; name = CoreImage.framework; path = System/Library/Frameworks/CoreImage.framework; sourceTree = SDKROOT; };
		5AE3BF7418E4D1BF00ACB5DC /* ImageIO.framework */ = {isa = PBXFileReference; lastKnownFileType = wrapper.framework; name = ImageIO.framework; path = System/Library/Frameworks/ImageIO.framework; sourceTree = SDKROOT; };
		5AE3BF7618E4D46100ACB5DC /* DFImageView.h */ = {isa = PBXFileReference; fileEncoding = 4; lastKnownFileType = sourcecode.c.h; path = DFImageView.h; sourceTree = "<group>"; };
		5AE3BF7718E4D46100ACB5DC /* DFImageView.m */ = {isa = PBXFileReference; fileEncoding = 4; lastKnownFileType = sourcecode.c.objc; path = DFImageView.m; sourceTree = "<group>"; };
		5AE3BF7918E4D5C900ACB5DC /* DFCGRectHelpers.h */ = {isa = PBXFileReference; fileEncoding = 4; lastKnownFileType = sourcecode.c.h; path = DFCGRectHelpers.h; sourceTree = "<group>"; };
		5AE3BF7A18E4D5C900ACB5DC /* DFCGRectHelpers.m */ = {isa = PBXFileReference; fileEncoding = 4; lastKnownFileType = sourcecode.c.objc; path = DFCGRectHelpers.m; sourceTree = "<group>"; };
		5AE3BF7C18E4E91700ACB5DC /* UIImage+DFHelpers.h */ = {isa = PBXFileReference; fileEncoding = 4; lastKnownFileType = sourcecode.c.h; path = "UIImage+DFHelpers.h"; sourceTree = "<group>"; };
		5AE3BF7D18E4E91700ACB5DC /* UIImage+DFHelpers.m */ = {isa = PBXFileReference; fileEncoding = 4; lastKnownFileType = sourcecode.c.objc; path = "UIImage+DFHelpers.m"; sourceTree = "<group>"; };
		5AE3BF7F18E6301B00ACB5DC /* DFPhoto+FaceDetection.h */ = {isa = PBXFileReference; fileEncoding = 4; lastKnownFileType = sourcecode.c.h; path = "DFPhoto+FaceDetection.h"; sourceTree = "<group>"; };
		5AE3BF8018E6301B00ACB5DC /* DFPhoto+FaceDetection.m */ = {isa = PBXFileReference; fileEncoding = 4; lastKnownFileType = sourcecode.c.objc; path = "DFPhoto+FaceDetection.m"; sourceTree = "<group>"; };
		5AE3BF8218E724A200ACB5DC /* DFPhotoImageCache.h */ = {isa = PBXFileReference; fileEncoding = 4; lastKnownFileType = sourcecode.c.h; path = DFPhotoImageCache.h; sourceTree = "<group>"; };
		5AE3BF8318E724A200ACB5DC /* DFPhotoImageCache.m */ = {isa = PBXFileReference; fileEncoding = 4; lastKnownFileType = sourcecode.c.objc; path = DFPhotoImageCache.m; sourceTree = "<group>"; };
		5AFBCA3318D0C87E00998793 /* DFUser.h */ = {isa = PBXFileReference; fileEncoding = 4; lastKnownFileType = sourcecode.c.h; path = DFUser.h; sourceTree = "<group>"; };
		5AFBCA3418D0C87E00998793 /* DFUser.m */ = {isa = PBXFileReference; fileEncoding = 4; lastKnownFileType = sourcecode.c.objc; path = DFUser.m; sourceTree = "<group>"; };
		5AFBCA3618D0E0FD00998793 /* DFSettingsViewController.h */ = {isa = PBXFileReference; fileEncoding = 4; lastKnownFileType = sourcecode.c.h; path = DFSettingsViewController.h; sourceTree = "<group>"; };
		5AFBCA3718D0E0FD00998793 /* DFSettingsViewController.m */ = {isa = PBXFileReference; fileEncoding = 4; lastKnownFileType = sourcecode.c.objc; path = DFSettingsViewController.m; sourceTree = "<group>"; };
		5AFBCA3818D0E0FD00998793 /* DFSettingsViewController.xib */ = {isa = PBXFileReference; fileEncoding = 4; lastKnownFileType = file.xib; path = DFSettingsViewController.xib; sourceTree = "<group>"; };
		5AFBCA3B18D0E68400998793 /* SettingsTab@2x.png */ = {isa = PBXFileReference; lastKnownFileType = image.png; path = "SettingsTab@2x.png"; sourceTree = "<group>"; };
		5AFBCA4818D236A900998793 /* UIImage+Alpha.h */ = {isa = PBXFileReference; fileEncoding = 4; lastKnownFileType = sourcecode.c.h; name = "UIImage+Alpha.h"; path = "ThirdParty/UIImage-Categories/UIImage+Alpha.h"; sourceTree = "<group>"; };
		5AFBCA4918D236A900998793 /* UIImage+Alpha.m */ = {isa = PBXFileReference; fileEncoding = 4; lastKnownFileType = sourcecode.c.objc; name = "UIImage+Alpha.m"; path = "ThirdParty/UIImage-Categories/UIImage+Alpha.m"; sourceTree = "<group>"; };
		5AFBCA4A18D236A900998793 /* UIImage+Resize.h */ = {isa = PBXFileReference; fileEncoding = 4; lastKnownFileType = sourcecode.c.h; name = "UIImage+Resize.h"; path = "ThirdParty/UIImage-Categories/UIImage+Resize.h"; sourceTree = "<group>"; };
		5AFBCA4B18D236A900998793 /* UIImage+Resize.m */ = {isa = PBXFileReference; fileEncoding = 4; lastKnownFileType = sourcecode.c.objc; name = "UIImage+Resize.m"; path = "ThirdParty/UIImage-Categories/UIImage+Resize.m"; sourceTree = "<group>"; };
		5AFBCA4C18D236A900998793 /* UIImage+RoundedCorner.h */ = {isa = PBXFileReference; fileEncoding = 4; lastKnownFileType = sourcecode.c.h; name = "UIImage+RoundedCorner.h"; path = "ThirdParty/UIImage-Categories/UIImage+RoundedCorner.h"; sourceTree = "<group>"; };
		5AFBCA4D18D236A900998793 /* UIImage+RoundedCorner.m */ = {isa = PBXFileReference; fileEncoding = 4; lastKnownFileType = sourcecode.c.objc; name = "UIImage+RoundedCorner.m"; path = "ThirdParty/UIImage-Categories/UIImage+RoundedCorner.m"; sourceTree = "<group>"; };
		68ED45F75CA648D08A506609 /* libPods.a */ = {isa = PBXFileReference; explicitFileType = archive.ar; includeInIndex = 0; path = libPods.a; sourceTree = BUILT_PRODUCTS_DIR; };
/* End PBXFileReference section */

/* Begin PBXFrameworksBuildPhase section */
		5ADB24B4189985590016CA02 /* Frameworks */ = {
			isa = PBXFrameworksBuildPhase;
			buildActionMask = 2147483647;
			files = (
				5AE3BF7518E4D1BF00ACB5DC /* ImageIO.framework in Frameworks */,
				5AE3BF7318E4D08F00ACB5DC /* CoreImage.framework in Frameworks */,
				5A67605918E2039800E355B6 /* CoreLocation.framework in Frameworks */,
				5A81ED4118CFB591003EF557 /* SystemConfiguration.framework in Frameworks */,
				5AACB92218F6092F00F4EEB6 /* HockeySDK.framework in Frameworks */,
				5A81ED3F18CFB57F003EF557 /* MobileCoreServices.framework in Frameworks */,
				5AACB90918F49AED00F4EEB6 /* libFlurry_4.4.0.a in Frameworks */,
				5A81ED3D18CFB574003EF557 /* CFNetwork.framework in Frameworks */,
				5A72E11E18B7EB89000979D2 /* Security.framework in Frameworks */,
				5A72E11C18B7EB83000979D2 /* QuartzCore.framework in Frameworks */,
				5ADB24F518998CBA0016CA02 /* AssetsLibrary.framework in Frameworks */,
				5ADB24BD189985590016CA02 /* CoreGraphics.framework in Frameworks */,
				5ADB24C1189985590016CA02 /* CoreData.framework in Frameworks */,
				5ADB24BF189985590016CA02 /* UIKit.framework in Frameworks */,
				5ADB24BB189985590016CA02 /* Foundation.framework in Frameworks */,
				502B025BD24C4FB89333BFED /* libPods.a in Frameworks */,
			);
			runOnlyForDeploymentPostprocessing = 0;
		};
		5ADB24D4189985590016CA02 /* Frameworks */ = {
			isa = PBXFrameworksBuildPhase;
			buildActionMask = 2147483647;
			files = (
				5ADB24D9189985590016CA02 /* XCTest.framework in Frameworks */,
				5ADB24DC189985590016CA02 /* CoreData.framework in Frameworks */,
				5ADB24DB189985590016CA02 /* UIKit.framework in Frameworks */,
				5ADB24DA189985590016CA02 /* Foundation.framework in Frameworks */,
			);
			runOnlyForDeploymentPostprocessing = 0;
		};
/* End PBXFrameworksBuildPhase section */

/* Begin PBXGroup section */
		5A37478D18CE480000E27F00 /* Generic Views */ = {
			isa = PBXGroup;
			children = (
				5A8D0B5318EF51BD00A1D9A7 /* Table view */,
				5A8D0B5218EF515900A1D9A7 /* Photos grid and nav */,
				5A8D0B5118EF515100A1D9A7 /* Custom image view */,
				5AB32EA618F0CD3B004FC27B /* DFKeyboardResizingViewController.h */,
				5AB32EA718F0CD3B004FC27B /* DFKeyboardResizingViewController.m */,
				5AACB91318F5D61300F4EEB6 /* DFUploadProgressView.h */,
				5AACB91418F5D61300F4EEB6 /* DFUploadProgressView.m */,
				5AACB91618F5D63500F4EEB6 /* DFUploadProgressView.xib */,
			);
			name = "Generic Views";
			sourceTree = "<group>";
		};
		5A67606218E3381D00E355B6 /* Background processes */ = {
			isa = PBXGroup;
			children = (
				5A45E9C418DA44F6002663EB /* DFCameraRollSyncController.h */,
				5A45E9C518DA44F6002663EB /* DFCameraRollSyncController.m */,
				5AACB8F818F4599800F4EEB6 /* DFNetworkingConstants.h */,
				5AACB8F918F4599800F4EEB6 /* DFNetworkingConstants.m */,
				5A81ED2618CFAED5003EF557 /* DFUploadController.h */,
				5A81ED2718CFAED5003EF557 /* DFUploadController.m */,
				5A512723190072A50057A31F /* DFPhotoUploadAdapter.h */,
				5A512724190072A50057A31F /* DFPhotoUploadAdapter.m */,
				5A51272919007CE00057A31F /* DFUploadQueue.h */,
				5A51272A19007CE00057A31F /* DFUploadQueue.m */,
				5A45E9CA18DB990D002663EB /* DFUploadSessionStats.h */,
				5A45E9CB18DB990D002663EB /* DFUploadSessionStats.m */,
				5AACB8F218F4574400F4EEB6 /* DFUserPeanutAdapter.h */,
				5AACB8F318F4574400F4EEB6 /* DFUserPeanutAdapter.m */,
			);
			name = "Background processes";
			sourceTree = "<group>";
		};
		5A67606318E3384900E355B6 /* Tab view controllers */ = {
			isa = PBXGroup;
			children = (
				5AACB90018F471E900F4EEB6 /* DFFirstTimeSetupViewController.h */,
				5AACB90118F471E900F4EEB6 /* DFFirstTimeSetupViewController.m */,
				5AACB90218F471E900F4EEB6 /* DFFirstTimeSetupViewController.xib */,
				5AB32EAC18F30121004FC27B /* Camera Roll */,
				5AB32EAD18F3012D004FC27B /* Search View */,
				5AB32EAE18F30136004FC27B /* Settings View */,
			);
			name = "Tab view controllers";
			sourceTree = "<group>";
		};
		5A8D0B4D18EF2FBA00A1D9A7 /* Photo Web View */ = {
			isa = PBXGroup;
			children = (
				5A8D0B4818EF174F00A1D9A7 /* DFPhotoWebViewController.h */,
				5A8D0B4918EF174F00A1D9A7 /* DFPhotoWebViewController.m */,
				5A8D0B4A18EF174F00A1D9A7 /* DFPhotoWebViewController.xib */,
			);
			name = "Photo Web View";
			sourceTree = "<group>";
		};
		5A8D0B5118EF515100A1D9A7 /* Custom image view */ = {
			isa = PBXGroup;
			children = (
				5AE3BF6F18E4CCC600ACB5DC /* DFBoundingBoxView.h */,
				5AE3BF7018E4CCC600ACB5DC /* DFBoundingBoxView.m */,
				5AE3BF7618E4D46100ACB5DC /* DFImageView.h */,
				5AE3BF7718E4D46100ACB5DC /* DFImageView.m */,
			);
			name = "Custom image view";
			sourceTree = "<group>";
		};
		5A8D0B5218EF515900A1D9A7 /* Photos grid and nav */ = {
			isa = PBXGroup;
			children = (
				5ADB24F9189992180016CA02 /* DFPhotoViewCell.h */,
				5ADB24FA189992180016CA02 /* DFPhotoViewCell.m */,
				5ADB24FC189992A00016CA02 /* DFPhotoViewCell.xib */,
				5ADB24EF189985A20016CA02 /* DFPhotosGridViewController.h */,
				5ADB24F0189985A20016CA02 /* DFPhotosGridViewController.m */,
				5ADB24F1189985A20016CA02 /* DFPhotosGridViewController.xib */,
				5A67605D18E2444E00E355B6 /* DFPhotoViewController.h */,
				5A67605E18E2444E00E355B6 /* DFPhotoViewController.m */,
				5A67605F18E2444E00E355B6 /* DFPhotoViewController.xib */,
				5A67606718E3558500E355B6 /* DFMultiPhotoViewController.h */,
				5A67606818E3558500E355B6 /* DFMultiPhotoViewController.m */,
				5A67606418E3389900E355B6 /* DFPhotoNavigationControllerViewController.h */,
				5A67606518E3389900E355B6 /* DFPhotoNavigationControllerViewController.m */,
			);
			name = "Photos grid and nav";
			sourceTree = "<group>";
		};
		5A8D0B5318EF51BD00A1D9A7 /* Table view */ = {
			isa = PBXGroup;
			children = (
				5A8D0B5418EF525800A1D9A7 /* DFTableHeaderView.h */,
				5A8D0B5518EF525800A1D9A7 /* DFTableHeaderView.m */,
				5A8D0B5718EF526E00A1D9A7 /* DFTableHeaderView.xib */,
			);
			name = "Table view";
			sourceTree = "<group>";
		};
		5AACB90518F49AD500F4EEB6 /* ThirdParty */ = {
			isa = PBXGroup;
			children = (
				5AACB90618F49AED00F4EEB6 /* Flurry */,
			);
			name = ThirdParty;
			sourceTree = "<group>";
		};
		5AACB90618F49AED00F4EEB6 /* Flurry */ = {
			isa = PBXGroup;
			children = (
				5AACB90718F49AED00F4EEB6 /* Flurry.h */,
				5AACB90818F49AED00F4EEB6 /* libFlurry_4.4.0.a */,
			);
			path = Flurry;
			sourceTree = "<group>";
		};
		5AACB90A18F49D6000F4EEB6 /* Analytics */ = {
			isa = PBXGroup;
			children = (
				5AACB90B18F49D9700F4EEB6 /* DFAnalytics.h */,
				5AACB90C18F49D9700F4EEB6 /* DFAnalytics.m */,
			);
			name = Analytics;
			sourceTree = "<group>";
		};
		5AACB91D18F6092F00F4EEB6 /* HockeySDK.embeddedframework */ = {
			isa = PBXGroup;
			children = (
				5AACB91E18F6092F00F4EEB6 /* HockeySDK.framework */,
				5AACB91F18F6092F00F4EEB6 /* Resources */,
			);
			name = HockeySDK.embeddedframework;
			path = "Duffy/HockeySDK-iOS/HockeySDK.embeddedframework";
			sourceTree = "<group>";
		};
		5AACB91F18F6092F00F4EEB6 /* Resources */ = {
			isa = PBXGroup;
			children = (
				5AACB92018F6092F00F4EEB6 /* HockeySDK.xcconfig */,
				5AACB92118F6092F00F4EEB6 /* HockeySDKResources.bundle */,
			);
			path = Resources;
			sourceTree = "<group>";
		};
		5AB32EAC18F30121004FC27B /* Camera Roll */ = {
			isa = PBXGroup;
			children = (
				5ADB2512189AED860016CA02 /* DFCameraRollViewController.h */,
				5ADB2513189AED860016CA02 /* DFCameraRollViewController.m */,
			);
			name = "Camera Roll";
			sourceTree = "<group>";
		};
		5AB32EAD18F3012D004FC27B /* Search View */ = {
			isa = PBXGroup;
			children = (
				5A30E4D718D3AC5F00E41DBC /* DFSearchViewController.h */,
				5A30E4D818D3AC5F00E41DBC /* DFSearchViewController.m */,
				5A52BD7018FEFE400038CCCD /* DFSearchResultsTableViewResultsIncompleteWarningHeader.xib */,
				5A8D0B4618EDD87400A1D9A7 /* DFSearchViewController.xib */,
				5AB32EA918F1E1B7004FC27B /* DFAutocompleteController.h */,
				5AB32EAA18F1E1B7004FC27B /* DFAutocompleteController.m */,
				5A8D0B4D18EF2FBA00A1D9A7 /* Photo Web View */,
			);
			name = "Search View";
			sourceTree = "<group>";
		};
		5AB32EAE18F30136004FC27B /* Settings View */ = {
			isa = PBXGroup;
			children = (
				5AFBCA3618D0E0FD00998793 /* DFSettingsViewController.h */,
				5AFBCA3718D0E0FD00998793 /* DFSettingsViewController.m */,
				5AFBCA3818D0E0FD00998793 /* DFSettingsViewController.xib */,
			);
			name = "Settings View";
			sourceTree = "<group>";
		};
		5ADB24AE189985590016CA02 = {
			isa = PBXGroup;
			children = (
				5ADB24C2189985590016CA02 /* Duffy */,
				5ADB24DF189985590016CA02 /* DuffyTests */,
				5ADB24B9189985590016CA02 /* Frameworks */,
				5ADB24B8189985590016CA02 /* Products */,
				514DAA1BD6B44149AD7F0216 /* Pods.xcconfig */,
			);
			sourceTree = "<group>";
		};
		5ADB24B8189985590016CA02 /* Products */ = {
			isa = PBXGroup;
			children = (
				5ADB24B7189985590016CA02 /* Duffy.app */,
				5ADB24D7189985590016CA02 /* DuffyTests.xctest */,
			);
			name = Products;
			sourceTree = "<group>";
		};
		5ADB24B9189985590016CA02 /* Frameworks */ = {
			isa = PBXGroup;
			children = (
				5AACB91D18F6092F00F4EEB6 /* HockeySDK.embeddedframework */,
				5AE3BF7418E4D1BF00ACB5DC /* ImageIO.framework */,
				5AE3BF7218E4D08F00ACB5DC /* CoreImage.framework */,
				5A67605818E2039800E355B6 /* CoreLocation.framework */,
				5A81ED4018CFB591003EF557 /* SystemConfiguration.framework */,
				5A81ED3E18CFB57F003EF557 /* MobileCoreServices.framework */,
				5A81ED3C18CFB574003EF557 /* CFNetwork.framework */,
				5A72E11D18B7EB89000979D2 /* Security.framework */,
				5A72E11B18B7EB83000979D2 /* QuartzCore.framework */,
				5ADB24F418998CBA0016CA02 /* AssetsLibrary.framework */,
				5ADB24BA189985590016CA02 /* Foundation.framework */,
				5ADB24BC189985590016CA02 /* CoreGraphics.framework */,
				5ADB24BE189985590016CA02 /* UIKit.framework */,
				5ADB24C0189985590016CA02 /* CoreData.framework */,
				5ADB24D8189985590016CA02 /* XCTest.framework */,
				68ED45F75CA648D08A506609 /* libPods.a */,
			);
			name = Frameworks;
			sourceTree = "<group>";
		};
		5ADB24C2189985590016CA02 /* Duffy */ = {
			isa = PBXGroup;
			children = (
				5ADB24CB189985590016CA02 /* DFAppDelegate.h */,
				5ADB24CC189985590016CA02 /* DFAppDelegate.m */,
				5A67606318E3384900E355B6 /* Tab view controllers */,
				5A67606218E3381D00E355B6 /* Background processes */,
				5A37478D18CE480000E27F00 /* Generic Views */,
				5AACB90A18F49D6000F4EEB6 /* Analytics */,
				5ADB24FE189AB3730016CA02 /* Model */,
				5AACB90518F49AD500F4EEB6 /* ThirdParty */,
				5AFBCA5118D236AE00998793 /* Utils */,
				5ADB24D1189985590016CA02 /* Images.xcassets */,
				5ADB24C3189985590016CA02 /* Supporting Files */,
			);
			path = Duffy;
			sourceTree = "<group>";
		};
		5ADB24C3189985590016CA02 /* Supporting Files */ = {
			isa = PBXGroup;
			children = (
				5A52BD7218FF02ED0038CCCD /* WarningHeaderIcon@2x.png */,
				5AB32EA418EF5DA6004FC27B /* SearchSectionHeader@2x.png */,
				5AB32EA218EF5BC3004FC27B /* SubjectSectionHeader@2x.png */,
				5AB32EA018EF5A37004FC27B /* LocationSectionHeader@2x.png */,
				5AB32E9E18EF58EC004FC27B /* TimeSectionHeader@2x.png */,
				5A30E4DC18D3AF0800E41DBC /* Search@2x.png */,
				5AFBCA3B18D0E68400998793 /* SettingsTab@2x.png */,
				5A72E11718B55CB2000979D2 /* database.csv */,
				5ADB250A189AE7980016CA02 /* Albums.png */,
				5ADB250B189AE7980016CA02 /* Albums@2x.png */,
				5ADB250C189AE7980016CA02 /* Timeline.png */,
				5ADB250D189AE7980016CA02 /* Timeline@2x.png */,
				5ADB24C4189985590016CA02 /* Duffy-Info.plist */,
				5ADB24C5189985590016CA02 /* InfoPlist.strings */,
				5ADB24C8189985590016CA02 /* main.m */,
				5ADB24CA189985590016CA02 /* Duffy-Prefix.pch */,
			);
			name = "Supporting Files";
			sourceTree = "<group>";
		};
		5ADB24DF189985590016CA02 /* DuffyTests */ = {
			isa = PBXGroup;
			children = (
				5ADB24E5189985590016CA02 /* DuffyTests.m */,
				5ADB24E0189985590016CA02 /* Supporting Files */,
			);
			path = DuffyTests;
			sourceTree = "<group>";
		};
		5ADB24E0189985590016CA02 /* Supporting Files */ = {
			isa = PBXGroup;
			children = (
				5ADB24E1189985590016CA02 /* DuffyTests-Info.plist */,
				5ADB24E2189985590016CA02 /* InfoPlist.strings */,
			);
			name = "Supporting Files";
			sourceTree = "<group>";
		};
		5ADB24FE189AB3730016CA02 /* Model */ = {
			isa = PBXGroup;
			children = (
				5ADB24CE189985590016CA02 /* Duffy.xcdatamodeld */,
				5AFBCA3318D0C87E00998793 /* DFUser.h */,
				5AFBCA3418D0C87E00998793 /* DFUser.m */,
				5ADB24F618998D070016CA02 /* DFPhotoStore.h */,
				5ADB24F718998D070016CA02 /* DFPhotoStore.m */,
				5A45E9BB18D9F7B8002663EB /* DFPhotoCollection.h */,
				5A45E9BC18D9F7B8002663EB /* DFPhotoCollection.m */,
				5ADB2507189ABBB50016CA02 /* DFPhoto.h */,
				5ADB2508189ABBB50016CA02 /* DFPhoto.m */,
				5AE3BF7F18E6301B00ACB5DC /* DFPhoto+FaceDetection.h */,
				5AE3BF8018E6301B00ACB5DC /* DFPhoto+FaceDetection.m */,
				5AE3BF8218E724A200ACB5DC /* DFPhotoImageCache.h */,
				5AE3BF8318E724A200ACB5DC /* DFPhotoImageCache.m */,
				5A8D0AF118EB6A9600A1D9A7 /* DFNotificationSharedConstants.h */,
				5A8D0AF218EB6A9600A1D9A7 /* DFNotificationSharedConstants.m */,
			);
			name = Model;
			sourceTree = "<group>";
		};
		5AFBCA5118D236AE00998793 /* Utils */ = {
			isa = PBXGroup;
			children = (
				5AFBCA5218D236B600998793 /* UIImageCategories */,
				5A67605A18E210B000E355B6 /* NSDictionary+DFJSON.h */,
				5A67605B18E210B000E355B6 /* NSDictionary+DFJSON.m */,
				5AE3BF7918E4D5C900ACB5DC /* DFCGRectHelpers.h */,
				5AE3BF7A18E4D5C900ACB5DC /* DFCGRectHelpers.m */,
				5A8D0AEB18EB36D600A1D9A7 /* NSNotificationCenter+DFThreadingAddons.h */,
				5A8D0AEC18EB36D600A1D9A7 /* NSNotificationCenter+DFThreadingAddons.m */,
			);
			name = Utils;
			sourceTree = "<group>";
		};
		5AFBCA5218D236B600998793 /* UIImageCategories */ = {
			isa = PBXGroup;
			children = (
				5AFBCA4818D236A900998793 /* UIImage+Alpha.h */,
				5AFBCA4918D236A900998793 /* UIImage+Alpha.m */,
				5AFBCA4A18D236A900998793 /* UIImage+Resize.h */,
				5AFBCA4B18D236A900998793 /* UIImage+Resize.m */,
				5AFBCA4C18D236A900998793 /* UIImage+RoundedCorner.h */,
				5AFBCA4D18D236A900998793 /* UIImage+RoundedCorner.m */,
				5AE3BF7C18E4E91700ACB5DC /* UIImage+DFHelpers.h */,
				5AE3BF7D18E4E91700ACB5DC /* UIImage+DFHelpers.m */,
			);
			name = UIImageCategories;
			sourceTree = "<group>";
		};
/* End PBXGroup section */

/* Begin PBXNativeTarget section */
		5ADB24B6189985590016CA02 /* Duffy */ = {
			isa = PBXNativeTarget;
			buildConfigurationList = 5ADB24E9189985590016CA02 /* Build configuration list for PBXNativeTarget "Duffy" */;
			buildPhases = (
				F04301ADF53D493095B8120B /* Check Pods Manifest.lock */,
				5ADB24B3189985590016CA02 /* Sources */,
				5ADB24B4189985590016CA02 /* Frameworks */,
				5ADB24B5189985590016CA02 /* Resources */,
				F2C81C8A001847B68C26EECC /* Copy Pods Resources */,
				5A00DD6518F3A5E80095709B /* ShellScript */,
				5AACB91C18F608B200F4EEB6 /* ShellScript */,
			);
			buildRules = (
			);
			dependencies = (
			);
			name = Duffy;
			productName = Duffy;
			productReference = 5ADB24B7189985590016CA02 /* Duffy.app */;
			productType = "com.apple.product-type.application";
		};
		5ADB24D6189985590016CA02 /* DuffyTests */ = {
			isa = PBXNativeTarget;
			buildConfigurationList = 5ADB24EC189985590016CA02 /* Build configuration list for PBXNativeTarget "DuffyTests" */;
			buildPhases = (
				5ADB24D3189985590016CA02 /* Sources */,
				5ADB24D4189985590016CA02 /* Frameworks */,
				5ADB24D5189985590016CA02 /* Resources */,
			);
			buildRules = (
			);
			dependencies = (
				5ADB24DE189985590016CA02 /* PBXTargetDependency */,
			);
			name = DuffyTests;
			productName = DuffyTests;
			productReference = 5ADB24D7189985590016CA02 /* DuffyTests.xctest */;
			productType = "com.apple.product-type.bundle.unit-test";
		};
/* End PBXNativeTarget section */

/* Begin PBXProject section */
		5ADB24AF189985590016CA02 /* Project object */ = {
			isa = PBXProject;
			attributes = {
				CLASSPREFIX = DF;
				LastUpgradeCheck = 0510;
				ORGANIZATIONNAME = "Duffy Productions";
				TargetAttributes = {
					5ADB24B6189985590016CA02 = {
						SystemCapabilities = {
							com.apple.BackgroundModes = {
								enabled = 1;
							};
						};
					};
					5ADB24D6189985590016CA02 = {
						TestTargetID = 5ADB24B6189985590016CA02;
					};
				};
			};
			buildConfigurationList = 5ADB24B2189985590016CA02 /* Build configuration list for PBXProject "Duffy" */;
			compatibilityVersion = "Xcode 3.2";
			developmentRegion = English;
			hasScannedForEncodings = 0;
			knownRegions = (
				en,
			);
			mainGroup = 5ADB24AE189985590016CA02;
			productRefGroup = 5ADB24B8189985590016CA02 /* Products */;
			projectDirPath = "";
			projectRoot = "";
			targets = (
				5ADB24B6189985590016CA02 /* Duffy */,
				5ADB24D6189985590016CA02 /* DuffyTests */,
			);
		};
/* End PBXProject section */

/* Begin PBXResourcesBuildPhase section */
		5ADB24B5189985590016CA02 /* Resources */ = {
			isa = PBXResourcesBuildPhase;
			buildActionMask = 2147483647;
			files = (
				5ADB24C7189985590016CA02 /* InfoPlist.strings in Resources */,
				5AB32E9F18EF58EC004FC27B /* TimeSectionHeader@2x.png in Resources */,
				5A67606118E2444E00E355B6 /* DFPhotoViewController.xib in Resources */,
				5ADB250E189AE7980016CA02 /* Albums.png in Resources */,
				5ADB2511189AE7980016CA02 /* Timeline@2x.png in Resources */,
				5AFBCA3A18D0E0FD00998793 /* DFSettingsViewController.xib in Resources */,
				5ADB250F189AE7980016CA02 /* Albums@2x.png in Resources */,
				5AFBCA3C18D0E68400998793 /* SettingsTab@2x.png in Resources */,
				5AB32EA118EF5A37004FC27B /* LocationSectionHeader@2x.png in Resources */,
				5A52BD7318FF02ED0038CCCD /* WarningHeaderIcon@2x.png in Resources */,
				5ADB24D2189985590016CA02 /* Images.xcassets in Resources */,
				5A8D0B4718EDD87400A1D9A7 /* DFSearchViewController.xib in Resources */,
				5A30E4DD18D3AF0800E41DBC /* Search@2x.png in Resources */,
				5AACB91718F5D63500F4EEB6 /* DFUploadProgressView.xib in Resources */,
				5A52BD7118FEFE400038CCCD /* DFSearchResultsTableViewResultsIncompleteWarningHeader.xib in Resources */,
				5AACB92318F6092F00F4EEB6 /* HockeySDK.xcconfig in Resources */,
				5ADB24F3189985A20016CA02 /* DFPhotosGridViewController.xib in Resources */,
				5A72E11818B55CB2000979D2 /* database.csv in Resources */,
				5A8D0B5818EF526E00A1D9A7 /* DFTableHeaderView.xib in Resources */,
				5AACB92418F6092F00F4EEB6 /* HockeySDKResources.bundle in Resources */,
				5AB32EA518EF5DA6004FC27B /* SearchSectionHeader@2x.png in Resources */,
				5AACB90418F471E900F4EEB6 /* DFFirstTimeSetupViewController.xib in Resources */,
				5ADB2510189AE7980016CA02 /* Timeline.png in Resources */,
				5A8D0B4C18EF174F00A1D9A7 /* DFPhotoWebViewController.xib in Resources */,
				5AB32EA318EF5BC3004FC27B /* SubjectSectionHeader@2x.png in Resources */,
				5ADB24FD189992A00016CA02 /* DFPhotoViewCell.xib in Resources */,
			);
			runOnlyForDeploymentPostprocessing = 0;
		};
		5ADB24D5189985590016CA02 /* Resources */ = {
			isa = PBXResourcesBuildPhase;
			buildActionMask = 2147483647;
			files = (
				5ADB24E4189985590016CA02 /* InfoPlist.strings in Resources */,
			);
			runOnlyForDeploymentPostprocessing = 0;
		};
/* End PBXResourcesBuildPhase section */

/* Begin PBXShellScriptBuildPhase section */
		5A00DD6518F3A5E80095709B /* ShellScript */ = {
			isa = PBXShellScriptBuildPhase;
			buildActionMask = 2147483647;
			files = (
			);
			inputPaths = (
			);
			outputPaths = (
			);
			runOnlyForDeploymentPostprocessing = 0;
			shellPath = /bin/sh;
			shellScript = "#!/bin/bash\nbuildNumber=$(/usr/libexec/PlistBuddy -c \"Print CFBundleVersion\" \"$INFOPLIST_FILE\")\nbuildNumber=$(($buildNumber + 1))\n/usr/libexec/PlistBuddy -c \"Set :CFBundleVersion $buildNumber\" \"$INFOPLIST_FILE\"";
		};
		5AACB91C18F608B200F4EEB6 /* ShellScript */ = {
			isa = PBXShellScriptBuildPhase;
			buildActionMask = 2147483647;
			files = (
			);
			inputPaths = (
			);
			outputPaths = (
			);
			runOnlyForDeploymentPostprocessing = 0;
			shellPath = /bin/sh;
			shellScript = "FILE=\"${SRCROOT}/HockeySDK-iOS/BuildAgent\"\nif [ -f \"$FILE\" ]; then\n\"$FILE\"\nfi";
		};
		F04301ADF53D493095B8120B /* Check Pods Manifest.lock */ = {
			isa = PBXShellScriptBuildPhase;
			buildActionMask = 2147483647;
			files = (
			);
			inputPaths = (
			);
			name = "Check Pods Manifest.lock";
			outputPaths = (
			);
			runOnlyForDeploymentPostprocessing = 0;
			shellPath = /bin/sh;
			shellScript = "diff \"${PODS_ROOT}/../Podfile.lock\" \"${PODS_ROOT}/Manifest.lock\" > /dev/null\nif [[ $? != 0 ]] ; then\n    cat << EOM\nerror: The sandbox is not in sync with the Podfile.lock. Run 'pod install' or update your CocoaPods installation.\nEOM\n    exit 1\nfi\n";
			showEnvVarsInLog = 0;
		};
		F2C81C8A001847B68C26EECC /* Copy Pods Resources */ = {
			isa = PBXShellScriptBuildPhase;
			buildActionMask = 2147483647;
			files = (
			);
			inputPaths = (
			);
			name = "Copy Pods Resources";
			outputPaths = (
			);
			runOnlyForDeploymentPostprocessing = 0;
			shellPath = /bin/sh;
			shellScript = "\"${SRCROOT}/Duffy/Pods/Pods-resources.sh\"\n";
			showEnvVarsInLog = 0;
		};
/* End PBXShellScriptBuildPhase section */

/* Begin PBXSourcesBuildPhase section */
		5ADB24B3189985590016CA02 /* Sources */ = {
			isa = PBXSourcesBuildPhase;
			buildActionMask = 2147483647;
			files = (
				5A81ED2818CFAED5003EF557 /* DFUploadController.m in Sources */,
				5A67606618E3389900E355B6 /* DFPhotoNavigationControllerViewController.m in Sources */,
				5A45E9C618DA44F6002663EB /* DFCameraRollSyncController.m in Sources */,
				5AE3BF7B18E4D5C900ACB5DC /* DFCGRectHelpers.m in Sources */,
				5A8D0B5618EF525800A1D9A7 /* DFTableHeaderView.m in Sources */,
				5AFBCA5018D236A900998793 /* UIImage+RoundedCorner.m in Sources */,
				5A8D0B4B18EF174F00A1D9A7 /* DFPhotoWebViewController.m in Sources */,
				5AE3BF8418E724A200ACB5DC /* DFPhotoImageCache.m in Sources */,
				5AE3BF7E18E4E91700ACB5DC /* UIImage+DFHelpers.m in Sources */,
				5A30E4DA18D3AC5F00E41DBC /* DFSearchViewController.m in Sources */,
				5ADB24D0189985590016CA02 /* Duffy.xcdatamodeld in Sources */,
				5AACB8F418F4574400F4EEB6 /* DFUserPeanutAdapter.m in Sources */,
				5A67606018E2444E00E355B6 /* DFPhotoViewController.m in Sources */,
				5ADB24FB189992180016CA02 /* DFPhotoViewCell.m in Sources */,
				5AACB90D18F49D9700F4EEB6 /* DFAnalytics.m in Sources */,
				5A51272B19007CE00057A31F /* DFUploadQueue.m in Sources */,
				5AE3BF7818E4D46100ACB5DC /* DFImageView.m in Sources */,
				5AFBCA3918D0E0FD00998793 /* DFSettingsViewController.m in Sources */,
				5ADB2509189ABBB50016CA02 /* DFPhoto.m in Sources */,
				5AE3BF7118E4CCC600ACB5DC /* DFBoundingBoxView.m in Sources */,
				5ADB24F2189985A20016CA02 /* DFPhotosGridViewController.m in Sources */,
				5AB32EA818F0CD3B004FC27B /* DFKeyboardResizingViewController.m in Sources */,
				5A8D0AED18EB36D600A1D9A7 /* NSNotificationCenter+DFThreadingAddons.m in Sources */,
				5ADB24F818998D070016CA02 /* DFPhotoStore.m in Sources */,
				5AE3BF8118E6301B00ACB5DC /* DFPhoto+FaceDetection.m in Sources */,
				5AFBCA3518D0C87E00998793 /* DFUser.m in Sources */,
				5A67606918E3558500E355B6 /* DFMultiPhotoViewController.m in Sources */,
				5ADB24CD189985590016CA02 /* DFAppDelegate.m in Sources */,
				5AB32EAB18F1E1B7004FC27B /* DFAutocompleteController.m in Sources */,
				5ADB2514189AED860016CA02 /* DFCameraRollViewController.m in Sources */,
				5AACB8FA18F4599800F4EEB6 /* DFNetworkingConstants.m in Sources */,
				5A45E9CC18DB990D002663EB /* DFUploadSessionStats.m in Sources */,
				5A45E9BD18D9F7B8002663EB /* DFPhotoCollection.m in Sources */,
				5ADB24C9189985590016CA02 /* main.m in Sources */,
				5AFBCA4E18D236A900998793 /* UIImage+Alpha.m in Sources */,
				5AACB90318F471E900F4EEB6 /* DFFirstTimeSetupViewController.m in Sources */,
				5A512725190072A50057A31F /* DFPhotoUploadAdapter.m in Sources */,
				5A67605C18E210B000E355B6 /* NSDictionary+DFJSON.m in Sources */,
				5A8D0AF318EB6A9600A1D9A7 /* DFNotificationSharedConstants.m in Sources */,
				5AACB91518F5D61300F4EEB6 /* DFUploadProgressView.m in Sources */,
				5AFBCA4F18D236A900998793 /* UIImage+Resize.m in Sources */,
			);
			runOnlyForDeploymentPostprocessing = 0;
		};
		5ADB24D3189985590016CA02 /* Sources */ = {
			isa = PBXSourcesBuildPhase;
			buildActionMask = 2147483647;
			files = (
				5ADB24E6189985590016CA02 /* DuffyTests.m in Sources */,
			);
			runOnlyForDeploymentPostprocessing = 0;
		};
/* End PBXSourcesBuildPhase section */

/* Begin PBXTargetDependency section */
		5ADB24DE189985590016CA02 /* PBXTargetDependency */ = {
			isa = PBXTargetDependency;
			target = 5ADB24B6189985590016CA02 /* Duffy */;
			targetProxy = 5ADB24DD189985590016CA02 /* PBXContainerItemProxy */;
		};
/* End PBXTargetDependency section */

/* Begin PBXVariantGroup section */
		5ADB24C5189985590016CA02 /* InfoPlist.strings */ = {
			isa = PBXVariantGroup;
			children = (
				5ADB24C6189985590016CA02 /* en */,
			);
			name = InfoPlist.strings;
			sourceTree = "<group>";
		};
		5ADB24E2189985590016CA02 /* InfoPlist.strings */ = {
			isa = PBXVariantGroup;
			children = (
				5ADB24E3189985590016CA02 /* en */,
			);
			name = InfoPlist.strings;
			sourceTree = "<group>";
		};
/* End PBXVariantGroup section */

/* Begin XCBuildConfiguration section */
		5ADB24E7189985590016CA02 /* Debug */ = {
			isa = XCBuildConfiguration;
			buildSettings = {
				ALWAYS_SEARCH_USER_PATHS = NO;
				CLANG_CXX_LANGUAGE_STANDARD = "gnu++0x";
				CLANG_CXX_LIBRARY = "libc++";
				CLANG_ENABLE_MODULES = YES;
				CLANG_ENABLE_OBJC_ARC = YES;
				CLANG_WARN_BOOL_CONVERSION = YES;
				CLANG_WARN_CONSTANT_CONVERSION = YES;
				CLANG_WARN_DIRECT_OBJC_ISA_USAGE = YES_ERROR;
				CLANG_WARN_EMPTY_BODY = YES;
				CLANG_WARN_ENUM_CONVERSION = YES;
				CLANG_WARN_INT_CONVERSION = YES;
				CLANG_WARN_OBJC_ROOT_CLASS = YES_ERROR;
				CLANG_WARN__DUPLICATE_METHOD_MATCH = YES;
				"CODE_SIGN_IDENTITY[sdk=iphoneos*]" = "iPhone Developer";
				COPY_PHASE_STRIP = NO;
				GCC_C_LANGUAGE_STANDARD = gnu99;
				GCC_DYNAMIC_NO_PIC = NO;
				GCC_OPTIMIZATION_LEVEL = 0;
				GCC_PREPROCESSOR_DEFINITIONS = (
					"DEBUG=1",
					"$(inherited)",
				);
				GCC_SYMBOLS_PRIVATE_EXTERN = NO;
				GCC_WARN_64_TO_32_BIT_CONVERSION = YES;
				GCC_WARN_ABOUT_RETURN_TYPE = YES_ERROR;
				GCC_WARN_UNDECLARED_SELECTOR = YES;
				GCC_WARN_UNINITIALIZED_AUTOS = YES;
				GCC_WARN_UNUSED_FUNCTION = YES;
				GCC_WARN_UNUSED_VARIABLE = YES;
				IPHONEOS_DEPLOYMENT_TARGET = 7.0;
				ONLY_ACTIVE_ARCH = YES;
				SDKROOT = iphoneos;
			};
			name = Debug;
		};
		5ADB24E8189985590016CA02 /* Release */ = {
			isa = XCBuildConfiguration;
			buildSettings = {
				ALWAYS_SEARCH_USER_PATHS = NO;
				CLANG_CXX_LANGUAGE_STANDARD = "gnu++0x";
				CLANG_CXX_LIBRARY = "libc++";
				CLANG_ENABLE_MODULES = YES;
				CLANG_ENABLE_OBJC_ARC = YES;
				CLANG_WARN_BOOL_CONVERSION = YES;
				CLANG_WARN_CONSTANT_CONVERSION = YES;
				CLANG_WARN_DIRECT_OBJC_ISA_USAGE = YES_ERROR;
				CLANG_WARN_EMPTY_BODY = YES;
				CLANG_WARN_ENUM_CONVERSION = YES;
				CLANG_WARN_INT_CONVERSION = YES;
				CLANG_WARN_OBJC_ROOT_CLASS = YES_ERROR;
				CLANG_WARN__DUPLICATE_METHOD_MATCH = YES;
				"CODE_SIGN_IDENTITY[sdk=iphoneos*]" = "iPhone Developer";
				COPY_PHASE_STRIP = YES;
				ENABLE_NS_ASSERTIONS = NO;
				GCC_C_LANGUAGE_STANDARD = gnu99;
				GCC_WARN_64_TO_32_BIT_CONVERSION = YES;
				GCC_WARN_ABOUT_RETURN_TYPE = YES_ERROR;
				GCC_WARN_UNDECLARED_SELECTOR = YES;
				GCC_WARN_UNINITIALIZED_AUTOS = YES;
				GCC_WARN_UNUSED_FUNCTION = YES;
				GCC_WARN_UNUSED_VARIABLE = YES;
				IPHONEOS_DEPLOYMENT_TARGET = 7.0;
				SDKROOT = iphoneos;
				VALIDATE_PRODUCT = YES;
			};
			name = Release;
		};
		5ADB24EA189985590016CA02 /* Debug */ = {
			isa = XCBuildConfiguration;
			baseConfigurationReference = 514DAA1BD6B44149AD7F0216 /* Pods.xcconfig */;
			buildSettings = {
				ASSETCATALOG_COMPILER_APPICON_NAME = AppIcon;
				ASSETCATALOG_COMPILER_LAUNCHIMAGE_NAME = LaunchImage;
				CODE_SIGN_IDENTITY = "iPhone Developer";
				FRAMEWORK_SEARCH_PATHS = (
					"$(inherited)",
					/Users/hbridge/Documents/Repos/Duffy,
					"$(PROJECT_DIR)/Duffy/HockeySDK-iOS/HockeySDK.embeddedframework",
				);
				GCC_PRECOMPILE_PREFIX_HEADER = YES;
				GCC_PREFIX_HEADER = "Duffy/Duffy-Prefix.pch";
				HEADER_SEARCH_PATHS = (
					"$(inherited)",
					/Applications/Xcode.app/Contents/Developer/Toolchains/XcodeDefault.xctoolchain/usr/include,
					"\"$(BUILT_PRODUCTS_DIR)/../../Headers\"",
				);
				INFOPLIST_FILE = "Duffy/Duffy-Info.plist";
				LIBRARY_SEARCH_PATHS = (
					"$(inherited)",
					"$(PROJECT_DIR)/Duffy/Flurry",
				);
				OTHER_LDFLAGS = (
					"-ObjC",
					"-all_load",
				);
				PRODUCT_NAME = "$(TARGET_NAME)";
				PROVISIONING_PROFILE = "2766CFAF-C6D6-4D60-ABF0-87FF943766D2";
				WRAPPER_EXTENSION = app;
			};
			name = Debug;
		};
		5ADB24EB189985590016CA02 /* Release */ = {
			isa = XCBuildConfiguration;
			baseConfigurationReference = 514DAA1BD6B44149AD7F0216 /* Pods.xcconfig */;
			buildSettings = {
				ASSETCATALOG_COMPILER_APPICON_NAME = AppIcon;
				ASSETCATALOG_COMPILER_LAUNCHIMAGE_NAME = LaunchImage;
				CODE_SIGN_IDENTITY = "iPhone Distribution: Henry Bridge (Y83XBMV536)";
				FRAMEWORK_SEARCH_PATHS = (
					"$(inherited)",
					/Users/hbridge/Documents/Repos/Duffy,
					"$(PROJECT_DIR)/Duffy/HockeySDK-iOS/HockeySDK.embeddedframework",
				);
				GCC_PRECOMPILE_PREFIX_HEADER = YES;
				GCC_PREFIX_HEADER = "Duffy/Duffy-Prefix.pch";
				HEADER_SEARCH_PATHS = (
					"$(inherited)",
					/Applications/Xcode.app/Contents/Developer/Toolchains/XcodeDefault.xctoolchain/usr/include,
					"\"$(BUILT_PRODUCTS_DIR)/../../Headers\"",
				);
				INFOPLIST_FILE = "Duffy/Duffy-Info.plist";
				LIBRARY_SEARCH_PATHS = (
					"$(inherited)",
					"$(PROJECT_DIR)/Duffy/Flurry",
				);
				OTHER_LDFLAGS = (
					"-ObjC",
					"-all_load",
				);
				PRODUCT_NAME = "$(TARGET_NAME)";
				PROVISIONING_PROFILE = "A5EA71D1-512E-4CC4-945A-5217535ABC51";
				WRAPPER_EXTENSION = app;
			};
			name = Release;
		};
		5ADB24ED189985590016CA02 /* Debug */ = {
			isa = XCBuildConfiguration;
			buildSettings = {
				BUNDLE_LOADER = "$(BUILT_PRODUCTS_DIR)/Duffy.app/Duffy";
				FRAMEWORK_SEARCH_PATHS = (
					"$(SDKROOT)/Developer/Library/Frameworks",
					"$(inherited)",
					"$(DEVELOPER_FRAMEWORKS_DIR)",
				);
				GCC_PRECOMPILE_PREFIX_HEADER = YES;
				GCC_PREFIX_HEADER = "Duffy/Duffy-Prefix.pch";
				GCC_PREPROCESSOR_DEFINITIONS = (
					"DEBUG=1",
					"$(inherited)",
				);
				INFOPLIST_FILE = "DuffyTests/DuffyTests-Info.plist";
				PRODUCT_NAME = "$(TARGET_NAME)";
				TEST_HOST = "$(BUNDLE_LOADER)";
				WRAPPER_EXTENSION = xctest;
			};
			name = Debug;
		};
		5ADB24EE189985590016CA02 /* Release */ = {
			isa = XCBuildConfiguration;
			buildSettings = {
				BUNDLE_LOADER = "$(BUILT_PRODUCTS_DIR)/Duffy.app/Duffy";
				FRAMEWORK_SEARCH_PATHS = (
					"$(SDKROOT)/Developer/Library/Frameworks",
					"$(inherited)",
					"$(DEVELOPER_FRAMEWORKS_DIR)",
				);
				GCC_PRECOMPILE_PREFIX_HEADER = YES;
				GCC_PREFIX_HEADER = "Duffy/Duffy-Prefix.pch";
				INFOPLIST_FILE = "DuffyTests/DuffyTests-Info.plist";
				PRODUCT_NAME = "$(TARGET_NAME)";
				TEST_HOST = "$(BUNDLE_LOADER)";
				WRAPPER_EXTENSION = xctest;
			};
			name = Release;
		};
/* End XCBuildConfiguration section */

/* Begin XCConfigurationList section */
		5ADB24B2189985590016CA02 /* Build configuration list for PBXProject "Duffy" */ = {
			isa = XCConfigurationList;
			buildConfigurations = (
				5ADB24E7189985590016CA02 /* Debug */,
				5ADB24E8189985590016CA02 /* Release */,
			);
			defaultConfigurationIsVisible = 0;
			defaultConfigurationName = Release;
		};
		5ADB24E9189985590016CA02 /* Build configuration list for PBXNativeTarget "Duffy" */ = {
			isa = XCConfigurationList;
			buildConfigurations = (
				5ADB24EA189985590016CA02 /* Debug */,
				5ADB24EB189985590016CA02 /* Release */,
			);
			defaultConfigurationIsVisible = 0;
			defaultConfigurationName = Release;
		};
		5ADB24EC189985590016CA02 /* Build configuration list for PBXNativeTarget "DuffyTests" */ = {
			isa = XCConfigurationList;
			buildConfigurations = (
				5ADB24ED189985590016CA02 /* Debug */,
				5ADB24EE189985590016CA02 /* Release */,
			);
			defaultConfigurationIsVisible = 0;
			defaultConfigurationName = Release;
		};
/* End XCConfigurationList section */

/* Begin XCVersionGroup section */
		5ADB24CE189985590016CA02 /* Duffy.xcdatamodeld */ = {
			isa = XCVersionGroup;
			children = (
				5ADB24CF189985590016CA02 /* Duffy.xcdatamodel */,
			);
			currentVersion = 5ADB24CF189985590016CA02 /* Duffy.xcdatamodel */;
			path = Duffy.xcdatamodeld;
			sourceTree = "<group>";
			versionGroupType = wrapper.xcdatamodel;
		};
/* End XCVersionGroup section */
	};
	rootObject = 5ADB24AF189985590016CA02 /* Project object */;
}
