PODS:
  - ActionSheetPicker2 (0.1)
  - AFNetworking (1.3.4)
  - BWLongTextViewController (1.0)
  - BWSelectViewController (0.4.3)
  - CocoaLumberjack (1.8.1):
    - CocoaLumberjack/Extensions (= 1.8.1)
  - CocoaLumberjack/Core (1.8.1)
  - CocoaLumberjack/Extensions (1.8.1):
    - CocoaLumberjack/Core
  - CRToast (0.0.7)
  - EasyMapping (0.12.0):
    - EasyMapping/Core (= 0.12.0)
  - EasyMapping/Core (0.12.0)
  - FMDB/common (2.5)
  - FMDB/FTS (2.5):
    - FMDB/standard
  - FMDB/standard (2.5):
    - FMDB/common
  - FormKit.m (0.4.0):
    - ActionSheetPicker2 (~> 0.1)
    - BWLongTextViewController (~> 1.0)
    - BWSelectViewController
  - GBFlatButton (2.1.0)
  - HockeySDK (3.6.2)
  - JDStatusBarNotification (1.4.9)
  - LKbadgeView (1.1.0)
  - Localytics-iOS-Client (2.23.0)
  - MCSwipeTableViewCell (2.1.2)
  - MMPopLabel (0.1.2)
  - RestKit (0.20.3):
    - RestKit/Core (= 0.20.3)
  - RestKit/Core (0.20.3):
    - RestKit/CoreData
    - RestKit/Network
    - RestKit/ObjectMapping
  - RestKit/CoreData (0.20.3)
  - RestKit/Network (0.20.3):
    - AFNetworking (~> 1.3.0)
    - RestKit/ObjectMapping
    - RestKit/Support
    - SOCKit
  - RestKit/ObjectMapping (0.20.3)
  - RestKit/Support (0.20.3):
    - TransitionKit (= 1.1.1)
  - RHAddressBook (1.1.1)
  - SAMGradientView (0.2.1)
  - Slash (0.1.2):
    - Slash/arc (= 0.1.2)
    - Slash/no-arc (= 0.1.2)
  - Slash/arc (0.1.2)
  - Slash/no-arc (0.1.2)
  - SOCKit (1.1)
  - SVProgressHUD (1.1.2)
  - TransitionKit (1.1.1)
  - UIColor+BFPaperColors (1.3.1)
  - WYPopoverController (0.2.2)

DEPENDENCIES:
  - CocoaLumberjack (~> 1.8.1)
  - CRToast (~> 0.0.7)
  - EasyMapping (~> 0.12.0)
  - FMDB/FTS (~> 2.4)
  - FormKit.m (~> 0.4.0)
  - GBFlatButton (~> 2.1.0)
  - HockeySDK (from `https://github.com/bitstadium/HockeySDK-iOS.git`)
  - JDStatusBarNotification (~> 1.4.7)
  - LKbadgeView (~> 1.1.0)
  - Localytics-iOS-Client (~> 2.23.0)
  - MCSwipeTableViewCell (~> 2.1.2)
  - MMPopLabel (from `https://github.com/hbridge/MMPopLabel.git`)
  - RestKit (~> 0.20.0)
  - RHAddressBook (~> 1.1.1)
  - SAMGradientView (~> 0.2.1)
  - Slash (~> 0.1.2)
  - SVProgressHUD (from `https://github.com/samvermette/SVProgressHUD.git`)
  - UIColor+BFPaperColors (~> 1.3.1)
  - WYPopoverController (~> 0.2.2)

EXTERNAL SOURCES:
  HockeySDK:
    :git: https://github.com/bitstadium/HockeySDK-iOS.git
  MMPopLabel:
    :git: https://github.com/hbridge/MMPopLabel.git
  SVProgressHUD:
    :git: https://github.com/samvermette/SVProgressHUD.git

CHECKOUT OPTIONS:
  HockeySDK:
    :commit: 6e87975b413b0fc3d8980f21ee5846647285d665
    :git: https://github.com/bitstadium/HockeySDK-iOS.git
  MMPopLabel:
    :commit: 48ab3805ef743c576c9c22e5cfac62e998f668b9
    :git: https://github.com/hbridge/MMPopLabel.git
  SVProgressHUD:
    :commit: 5badd27a33c193090f5d68e9b49c6a48a1ffc5be
    :git: https://github.com/samvermette/SVProgressHUD.git

SPEC CHECKSUMS:
  ActionSheetPicker2: 29191d3581b49cc10d3200de3f028548ac1aa9dd
  AFNetworking: 80c4e0652b08eb34e25b9c0ff3c82556fe5967b4
  BWLongTextViewController: dbc59050dcff4fd7672ef29c21c6359991e5e88a
  BWSelectViewController: d1871257a78d980a52aa543804eed8a85c2f75d0
  CocoaLumberjack: 9d198d6e19909b3b113a38c5f06f7bb8eedd0427
  CRToast: f9f2c4b29776d68ba24c4d621cba59a83fea921b
  EasyMapping: fe5464880fa8af81604620f98a65d81973324363
  FMDB: 0efa188cf0dd1ce82c27a478cd5f5fa245308677
  FormKit.m: 68e35d2e70558109fa9ce5935e0f16a65c8b2b51
  GBFlatButton: 30bf30c2594129ffeac1e6dce531022a4759c904
  HockeySDK: eba67c3eb995299b8d7aa382fcabff2749681750
  JDStatusBarNotification: 9d833032d343e9a7abe0ec219c415dc115ba67a8
  LKbadgeView: 8e14044ee22c6d570c07e69e1ce73a3f91061730
  Localytics-iOS-Client: 3f878379d40c67945ea5972c1e1bf9762b5e5b9f
  MCSwipeTableViewCell: 8e78ff197ab06ba7bfd5c938a00149de8a33afa9
  MMPopLabel: 954f89f32e56435993cc1781c0174f2ddf9468b4
  RestKit: 7f9490e709ee745e166c4d2aa7a8d132831275b0
  RHAddressBook: 0cad9d33b9494d1e28323b62e5c7afc109cc4294
  SAMGradientView: 37ef027b0da8b5fd85bfdfef49801b5262160998
  Slash: d98d6ff27ece4297d8d65fb49fc1ce4307a75f46
  SOCKit: d8d0dd3688ae1026c12367570da8fa8e1a6980fb
  SVProgressHUD: 991f4548232d3b529a8423476823250dedf8babd
  TransitionKit: b573f93c422f6aedf7d40e93e7c2f202d1295063
  UIColor+BFPaperColors: c7e4c6e4d82e889d507b3c2d09e6caf816529f18
  WYPopoverController: c233d69fdfd5c7e316b481df1060624d7a9e629d

COCOAPODS: 0.35.0
